// !$*UTF8*$!
{
	archiveVersion = 1;
	classes = {
	};
	objectVersion = 46;
	objects = {

/* Begin PBXBuildFile section */
		CC9E76801D58B82C00B7C738 /* DeckValidator.swift in Sources */ = {isa = PBXBuildFile; fileRef = CC9E767F1D58B82C00B7C738 /* DeckValidator.swift */; };
		CC9E76811D58B82C00B7C738 /* DeckValidator.swift in Sources */ = {isa = PBXBuildFile; fileRef = CC9E767F1D58B82C00B7C738 /* DeckValidator.swift */; };
		CC9E76821D58B82C00B7C738 /* DeckValidator.swift in Sources */ = {isa = PBXBuildFile; fileRef = CC9E767F1D58B82C00B7C738 /* DeckValidator.swift */; };
		CC9E76831D58B82C00B7C738 /* DeckValidator.swift in Sources */ = {isa = PBXBuildFile; fileRef = CC9E767F1D58B82C00B7C738 /* DeckValidator.swift */; };
		CC9E76841D58B82C00B7C738 /* DeckValidator.swift in Sources */ = {isa = PBXBuildFile; fileRef = CC9E767F1D58B82C00B7C738 /* DeckValidator.swift */; };
		CC9E76851D58B82C00B7C738 /* DeckValidator.swift in Sources */ = {isa = PBXBuildFile; fileRef = CC9E767F1D58B82C00B7C738 /* DeckValidator.swift */; };
		CC9E76871D58B83400B7C738 /* HandValidator.swift in Sources */ = {isa = PBXBuildFile; fileRef = CC9E76861D58B83400B7C738 /* HandValidator.swift */; };
		CC9E76881D58B83400B7C738 /* HandValidator.swift in Sources */ = {isa = PBXBuildFile; fileRef = CC9E76861D58B83400B7C738 /* HandValidator.swift */; };
		CC9E76891D58B83400B7C738 /* HandValidator.swift in Sources */ = {isa = PBXBuildFile; fileRef = CC9E76861D58B83400B7C738 /* HandValidator.swift */; };
		CC9E768A1D58B83400B7C738 /* HandValidator.swift in Sources */ = {isa = PBXBuildFile; fileRef = CC9E76861D58B83400B7C738 /* HandValidator.swift */; };
		CC9E768B1D58B83400B7C738 /* HandValidator.swift in Sources */ = {isa = PBXBuildFile; fileRef = CC9E76861D58B83400B7C738 /* HandValidator.swift */; };
		CC9E768C1D58B83400B7C738 /* HandValidator.swift in Sources */ = {isa = PBXBuildFile; fileRef = CC9E76861D58B83400B7C738 /* HandValidator.swift */; };
		CC9E768E1D58B83C00B7C738 /* CardValidator.swift in Sources */ = {isa = PBXBuildFile; fileRef = CC9E768D1D58B83C00B7C738 /* CardValidator.swift */; };
		CC9E768F1D58B83C00B7C738 /* CardValidator.swift in Sources */ = {isa = PBXBuildFile; fileRef = CC9E768D1D58B83C00B7C738 /* CardValidator.swift */; };
		CC9E76901D58B83C00B7C738 /* CardValidator.swift in Sources */ = {isa = PBXBuildFile; fileRef = CC9E768D1D58B83C00B7C738 /* CardValidator.swift */; };
		CC9E76911D58B83C00B7C738 /* CardValidator.swift in Sources */ = {isa = PBXBuildFile; fileRef = CC9E768D1D58B83C00B7C738 /* CardValidator.swift */; };
		CC9E76921D58B83C00B7C738 /* CardValidator.swift in Sources */ = {isa = PBXBuildFile; fileRef = CC9E768D1D58B83C00B7C738 /* CardValidator.swift */; };
		CC9E76931D58B83C00B7C738 /* CardValidator.swift in Sources */ = {isa = PBXBuildFile; fileRef = CC9E768D1D58B83C00B7C738 /* CardValidator.swift */; };
		CC9E76951D58C32E00B7C738 /* ValidationError.swift in Sources */ = {isa = PBXBuildFile; fileRef = CC9E76941D58C32E00B7C738 /* ValidationError.swift */; };
		CC9E76961D58C32E00B7C738 /* ValidationError.swift in Sources */ = {isa = PBXBuildFile; fileRef = CC9E76941D58C32E00B7C738 /* ValidationError.swift */; };
		CC9E76971D58C32E00B7C738 /* ValidationError.swift in Sources */ = {isa = PBXBuildFile; fileRef = CC9E76941D58C32E00B7C738 /* ValidationError.swift */; };
		CC9E76981D58C32E00B7C738 /* ValidationError.swift in Sources */ = {isa = PBXBuildFile; fileRef = CC9E76941D58C32E00B7C738 /* ValidationError.swift */; };
		CC9E76991D58C32E00B7C738 /* ValidationError.swift in Sources */ = {isa = PBXBuildFile; fileRef = CC9E76941D58C32E00B7C738 /* ValidationError.swift */; };
		CC9E769A1D58C32E00B7C738 /* ValidationError.swift in Sources */ = {isa = PBXBuildFile; fileRef = CC9E76941D58C32E00B7C738 /* ValidationError.swift */; };
		CC9E769C1D58C38800B7C738 /* Validator.swift in Sources */ = {isa = PBXBuildFile; fileRef = CC9E769B1D58C38800B7C738 /* Validator.swift */; };
		CC9E769D1D58C38800B7C738 /* Validator.swift in Sources */ = {isa = PBXBuildFile; fileRef = CC9E769B1D58C38800B7C738 /* Validator.swift */; };
		CC9E769E1D58C38800B7C738 /* Validator.swift in Sources */ = {isa = PBXBuildFile; fileRef = CC9E769B1D58C38800B7C738 /* Validator.swift */; };
		CC9E769F1D58C38800B7C738 /* Validator.swift in Sources */ = {isa = PBXBuildFile; fileRef = CC9E769B1D58C38800B7C738 /* Validator.swift */; };
		CC9E76A01D58C38800B7C738 /* Validator.swift in Sources */ = {isa = PBXBuildFile; fileRef = CC9E769B1D58C38800B7C738 /* Validator.swift */; };
		CC9E76A11D58C38800B7C738 /* Validator.swift in Sources */ = {isa = PBXBuildFile; fileRef = CC9E769B1D58C38800B7C738 /* Validator.swift */; };
		CC9E76A31D58E2E700B7C738 /* ValidationEngine.swift in Sources */ = {isa = PBXBuildFile; fileRef = CC9E76A21D58E2E700B7C738 /* ValidationEngine.swift */; };
		CC9E76A41D58E2E700B7C738 /* ValidationEngine.swift in Sources */ = {isa = PBXBuildFile; fileRef = CC9E76A21D58E2E700B7C738 /* ValidationEngine.swift */; };
		CC9E76A51D58E2E700B7C738 /* ValidationEngine.swift in Sources */ = {isa = PBXBuildFile; fileRef = CC9E76A21D58E2E700B7C738 /* ValidationEngine.swift */; };
		CC9E76A61D58E2E700B7C738 /* ValidationEngine.swift in Sources */ = {isa = PBXBuildFile; fileRef = CC9E76A21D58E2E700B7C738 /* ValidationEngine.swift */; };
		CC9E76A71D58E2E700B7C738 /* ValidationEngine.swift in Sources */ = {isa = PBXBuildFile; fileRef = CC9E76A21D58E2E700B7C738 /* ValidationEngine.swift */; };
		CC9E76A81D58E2E700B7C738 /* ValidationEngine.swift in Sources */ = {isa = PBXBuildFile; fileRef = CC9E76A21D58E2E700B7C738 /* ValidationEngine.swift */; };
		CC9E76BF1D59F3EA00B7C738 /* CardKit.framework in Frameworks */ = {isa = PBXBuildFile; fileRef = CC9E76BE1D59F3EA00B7C738 /* CardKit.framework */; };
		CC9E76C11D59F3F500B7C738 /* CardKit.framework in Frameworks */ = {isa = PBXBuildFile; fileRef = CC9E76C01D59F3F500B7C738 /* CardKit.framework */; };
		CC9E76C31D59F3FB00B7C738 /* CardKit.framework in Frameworks */ = {isa = PBXBuildFile; fileRef = CC9E76C21D59F3FB00B7C738 /* CardKit.framework */; };
		CCE7D46D1D50D191008FC492 /* CardKitRuntime.h in Headers */ = {isa = PBXBuildFile; fileRef = CCE7D46C1D50D191008FC492 /* CardKitRuntime.h */; settings = {ATTRIBUTES = (Public, ); }; };
		CCE7D4741D50D191008FC492 /* CardKitRuntime.framework in Frameworks */ = {isa = PBXBuildFile; fileRef = CCE7D4691D50D191008FC492 /* CardKitRuntime.framework */; };
		CCE7D4791D50D191008FC492 /* CardKitRuntimeTests.swift in Sources */ = {isa = PBXBuildFile; fileRef = CCE7D4781D50D191008FC492 /* CardKitRuntimeTests.swift */; };
		CCE7D4921D50D1AB008FC492 /* CardKitRuntime.framework in Frameworks */ = {isa = PBXBuildFile; fileRef = CCE7D4881D50D1AA008FC492 /* CardKitRuntime.framework */; };
		CCE7D4AE1D50D1BB008FC492 /* CardKitRuntime.framework in Frameworks */ = {isa = PBXBuildFile; fileRef = CCE7D4A41D50D1BB008FC492 /* CardKitRuntime.framework */; };
		CCE7D4BB1D50D1D0008FC492 /* CardKitRuntimeTests.swift in Sources */ = {isa = PBXBuildFile; fileRef = CCE7D4781D50D191008FC492 /* CardKitRuntimeTests.swift */; };
		CCE7D4BC1D50D1D0008FC492 /* CardKitRuntimeTests.swift in Sources */ = {isa = PBXBuildFile; fileRef = CCE7D4781D50D191008FC492 /* CardKitRuntimeTests.swift */; };
		CCE7D4BD1D50D1D5008FC492 /* CardKitRuntime.h in Headers */ = {isa = PBXBuildFile; fileRef = CCE7D46C1D50D191008FC492 /* CardKitRuntime.h */; };
		CCE7D4BE1D50D1D5008FC492 /* CardKitRuntime.h in Headers */ = {isa = PBXBuildFile; fileRef = CCE7D46C1D50D191008FC492 /* CardKitRuntime.h */; };
		CCE7D4DF1D50D309008FC492 /* CKNoAction.swift in Sources */ = {isa = PBXBuildFile; fileRef = CCE7D4C21D50D309008FC492 /* CKNoAction.swift */; };
		CCE7D4E01D50D309008FC492 /* CKNoAction.swift in Sources */ = {isa = PBXBuildFile; fileRef = CCE7D4C21D50D309008FC492 /* CKNoAction.swift */; };
		CCE7D4E11D50D309008FC492 /* CKNoAction.swift in Sources */ = {isa = PBXBuildFile; fileRef = CCE7D4C21D50D309008FC492 /* CKNoAction.swift */; };
		CCE7D4E21D50D309008FC492 /* CKNoAction.swift in Sources */ = {isa = PBXBuildFile; fileRef = CCE7D4C21D50D309008FC492 /* CKNoAction.swift */; };
		CCE7D4E31D50D309008FC492 /* CKNoAction.swift in Sources */ = {isa = PBXBuildFile; fileRef = CCE7D4C21D50D309008FC492 /* CKNoAction.swift */; };
		CCE7D4E41D50D309008FC492 /* CKNoAction.swift in Sources */ = {isa = PBXBuildFile; fileRef = CCE7D4C21D50D309008FC492 /* CKNoAction.swift */; };
		CCE7D4E51D50D309008FC492 /* CKTimer.swift in Sources */ = {isa = PBXBuildFile; fileRef = CCE7D4C31D50D309008FC492 /* CKTimer.swift */; };
		CCE7D4E61D50D309008FC492 /* CKTimer.swift in Sources */ = {isa = PBXBuildFile; fileRef = CCE7D4C31D50D309008FC492 /* CKTimer.swift */; };
		CCE7D4E71D50D309008FC492 /* CKTimer.swift in Sources */ = {isa = PBXBuildFile; fileRef = CCE7D4C31D50D309008FC492 /* CKTimer.swift */; };
		CCE7D4E81D50D309008FC492 /* CKTimer.swift in Sources */ = {isa = PBXBuildFile; fileRef = CCE7D4C31D50D309008FC492 /* CKTimer.swift */; };
		CCE7D4E91D50D309008FC492 /* CKTimer.swift in Sources */ = {isa = PBXBuildFile; fileRef = CCE7D4C31D50D309008FC492 /* CKTimer.swift */; };
		CCE7D4EA1D50D309008FC492 /* CKTimer.swift in Sources */ = {isa = PBXBuildFile; fileRef = CCE7D4C31D50D309008FC492 /* CKTimer.swift */; };
		CCE7D4EB1D50D309008FC492 /* CKWaitUntilTime.swift in Sources */ = {isa = PBXBuildFile; fileRef = CCE7D4C41D50D309008FC492 /* CKWaitUntilTime.swift */; };
		CCE7D4EC1D50D309008FC492 /* CKWaitUntilTime.swift in Sources */ = {isa = PBXBuildFile; fileRef = CCE7D4C41D50D309008FC492 /* CKWaitUntilTime.swift */; };
		CCE7D4ED1D50D309008FC492 /* CKWaitUntilTime.swift in Sources */ = {isa = PBXBuildFile; fileRef = CCE7D4C41D50D309008FC492 /* CKWaitUntilTime.swift */; };
		CCE7D4EE1D50D309008FC492 /* CKWaitUntilTime.swift in Sources */ = {isa = PBXBuildFile; fileRef = CCE7D4C41D50D309008FC492 /* CKWaitUntilTime.swift */; };
		CCE7D4EF1D50D309008FC492 /* CKWaitUntilTime.swift in Sources */ = {isa = PBXBuildFile; fileRef = CCE7D4C41D50D309008FC492 /* CKWaitUntilTime.swift */; };
		CCE7D4F01D50D309008FC492 /* CKWaitUntilTime.swift in Sources */ = {isa = PBXBuildFile; fileRef = CCE7D4C41D50D309008FC492 /* CKWaitUntilTime.swift */; };
		CCE7D4F11D50D309008FC492 /* CKAngle.swift in Sources */ = {isa = PBXBuildFile; fileRef = CCE7D4C91D50D309008FC492 /* CKAngle.swift */; };
		CCE7D4F21D50D309008FC492 /* CKAngle.swift in Sources */ = {isa = PBXBuildFile; fileRef = CCE7D4C91D50D309008FC492 /* CKAngle.swift */; };
		CCE7D4F31D50D309008FC492 /* CKAngle.swift in Sources */ = {isa = PBXBuildFile; fileRef = CCE7D4C91D50D309008FC492 /* CKAngle.swift */; };
		CCE7D4F41D50D309008FC492 /* CKAngle.swift in Sources */ = {isa = PBXBuildFile; fileRef = CCE7D4C91D50D309008FC492 /* CKAngle.swift */; };
		CCE7D4F51D50D309008FC492 /* CKAngle.swift in Sources */ = {isa = PBXBuildFile; fileRef = CCE7D4C91D50D309008FC492 /* CKAngle.swift */; };
		CCE7D4F61D50D309008FC492 /* CKAngle.swift in Sources */ = {isa = PBXBuildFile; fileRef = CCE7D4C91D50D309008FC492 /* CKAngle.swift */; };
		CCE7D4F71D50D309008FC492 /* CKBoundingBox.swift in Sources */ = {isa = PBXBuildFile; fileRef = CCE7D4CA1D50D309008FC492 /* CKBoundingBox.swift */; };
		CCE7D4F81D50D309008FC492 /* CKBoundingBox.swift in Sources */ = {isa = PBXBuildFile; fileRef = CCE7D4CA1D50D309008FC492 /* CKBoundingBox.swift */; };
		CCE7D4F91D50D309008FC492 /* CKBoundingBox.swift in Sources */ = {isa = PBXBuildFile; fileRef = CCE7D4CA1D50D309008FC492 /* CKBoundingBox.swift */; };
		CCE7D4FA1D50D309008FC492 /* CKBoundingBox.swift in Sources */ = {isa = PBXBuildFile; fileRef = CCE7D4CA1D50D309008FC492 /* CKBoundingBox.swift */; };
		CCE7D4FB1D50D309008FC492 /* CKBoundingBox.swift in Sources */ = {isa = PBXBuildFile; fileRef = CCE7D4CA1D50D309008FC492 /* CKBoundingBox.swift */; };
		CCE7D4FC1D50D309008FC492 /* CKBoundingBox.swift in Sources */ = {isa = PBXBuildFile; fileRef = CCE7D4CA1D50D309008FC492 /* CKBoundingBox.swift */; };
		CCE7D4FD1D50D309008FC492 /* CKBoundingBox3D.swift in Sources */ = {isa = PBXBuildFile; fileRef = CCE7D4CB1D50D309008FC492 /* CKBoundingBox3D.swift */; };
		CCE7D4FE1D50D309008FC492 /* CKBoundingBox3D.swift in Sources */ = {isa = PBXBuildFile; fileRef = CCE7D4CB1D50D309008FC492 /* CKBoundingBox3D.swift */; };
		CCE7D4FF1D50D309008FC492 /* CKBoundingBox3D.swift in Sources */ = {isa = PBXBuildFile; fileRef = CCE7D4CB1D50D309008FC492 /* CKBoundingBox3D.swift */; };
		CCE7D5001D50D309008FC492 /* CKBoundingBox3D.swift in Sources */ = {isa = PBXBuildFile; fileRef = CCE7D4CB1D50D309008FC492 /* CKBoundingBox3D.swift */; };
		CCE7D5011D50D309008FC492 /* CKBoundingBox3D.swift in Sources */ = {isa = PBXBuildFile; fileRef = CCE7D4CB1D50D309008FC492 /* CKBoundingBox3D.swift */; };
		CCE7D5021D50D309008FC492 /* CKBoundingBox3D.swift in Sources */ = {isa = PBXBuildFile; fileRef = CCE7D4CB1D50D309008FC492 /* CKBoundingBox3D.swift */; };
		CCE7D5031D50D309008FC492 /* CKCardinalDirection.swift in Sources */ = {isa = PBXBuildFile; fileRef = CCE7D4CC1D50D309008FC492 /* CKCardinalDirection.swift */; };
		CCE7D5041D50D309008FC492 /* CKCardinalDirection.swift in Sources */ = {isa = PBXBuildFile; fileRef = CCE7D4CC1D50D309008FC492 /* CKCardinalDirection.swift */; };
		CCE7D5051D50D309008FC492 /* CKCardinalDirection.swift in Sources */ = {isa = PBXBuildFile; fileRef = CCE7D4CC1D50D309008FC492 /* CKCardinalDirection.swift */; };
		CCE7D5061D50D309008FC492 /* CKCardinalDirection.swift in Sources */ = {isa = PBXBuildFile; fileRef = CCE7D4CC1D50D309008FC492 /* CKCardinalDirection.swift */; };
		CCE7D5071D50D309008FC492 /* CKCardinalDirection.swift in Sources */ = {isa = PBXBuildFile; fileRef = CCE7D4CC1D50D309008FC492 /* CKCardinalDirection.swift */; };
		CCE7D5081D50D309008FC492 /* CKCardinalDirection.swift in Sources */ = {isa = PBXBuildFile; fileRef = CCE7D4CC1D50D309008FC492 /* CKCardinalDirection.swift */; };
		CCE7D5091D50D309008FC492 /* CKDistance.swift in Sources */ = {isa = PBXBuildFile; fileRef = CCE7D4CD1D50D309008FC492 /* CKDistance.swift */; };
		CCE7D50A1D50D309008FC492 /* CKDistance.swift in Sources */ = {isa = PBXBuildFile; fileRef = CCE7D4CD1D50D309008FC492 /* CKDistance.swift */; };
		CCE7D50B1D50D309008FC492 /* CKDistance.swift in Sources */ = {isa = PBXBuildFile; fileRef = CCE7D4CD1D50D309008FC492 /* CKDistance.swift */; };
		CCE7D50C1D50D309008FC492 /* CKDistance.swift in Sources */ = {isa = PBXBuildFile; fileRef = CCE7D4CD1D50D309008FC492 /* CKDistance.swift */; };
		CCE7D50D1D50D309008FC492 /* CKDistance.swift in Sources */ = {isa = PBXBuildFile; fileRef = CCE7D4CD1D50D309008FC492 /* CKDistance.swift */; };
		CCE7D50E1D50D309008FC492 /* CKDistance.swift in Sources */ = {isa = PBXBuildFile; fileRef = CCE7D4CD1D50D309008FC492 /* CKDistance.swift */; };
		CCE7D50F1D50D309008FC492 /* CKLocation.swift in Sources */ = {isa = PBXBuildFile; fileRef = CCE7D4CE1D50D309008FC492 /* CKLocation.swift */; };
		CCE7D5101D50D309008FC492 /* CKLocation.swift in Sources */ = {isa = PBXBuildFile; fileRef = CCE7D4CE1D50D309008FC492 /* CKLocation.swift */; };
		CCE7D5111D50D309008FC492 /* CKLocation.swift in Sources */ = {isa = PBXBuildFile; fileRef = CCE7D4CE1D50D309008FC492 /* CKLocation.swift */; };
		CCE7D5121D50D309008FC492 /* CKLocation.swift in Sources */ = {isa = PBXBuildFile; fileRef = CCE7D4CE1D50D309008FC492 /* CKLocation.swift */; };
		CCE7D5131D50D309008FC492 /* CKLocation.swift in Sources */ = {isa = PBXBuildFile; fileRef = CCE7D4CE1D50D309008FC492 /* CKLocation.swift */; };
		CCE7D5141D50D309008FC492 /* CKLocation.swift in Sources */ = {isa = PBXBuildFile; fileRef = CCE7D4CE1D50D309008FC492 /* CKLocation.swift */; };
		CCE7D5151D50D309008FC492 /* CKPath.swift in Sources */ = {isa = PBXBuildFile; fileRef = CCE7D4CF1D50D309008FC492 /* CKPath.swift */; };
		CCE7D5161D50D309008FC492 /* CKPath.swift in Sources */ = {isa = PBXBuildFile; fileRef = CCE7D4CF1D50D309008FC492 /* CKPath.swift */; };
		CCE7D5171D50D309008FC492 /* CKPath.swift in Sources */ = {isa = PBXBuildFile; fileRef = CCE7D4CF1D50D309008FC492 /* CKPath.swift */; };
		CCE7D5181D50D309008FC492 /* CKPath.swift in Sources */ = {isa = PBXBuildFile; fileRef = CCE7D4CF1D50D309008FC492 /* CKPath.swift */; };
		CCE7D5191D50D309008FC492 /* CKPath.swift in Sources */ = {isa = PBXBuildFile; fileRef = CCE7D4CF1D50D309008FC492 /* CKPath.swift */; };
		CCE7D51A1D50D309008FC492 /* CKPath.swift in Sources */ = {isa = PBXBuildFile; fileRef = CCE7D4CF1D50D309008FC492 /* CKPath.swift */; };
		CCE7D51B1D50D309008FC492 /* CKPath3D.swift in Sources */ = {isa = PBXBuildFile; fileRef = CCE7D4D01D50D309008FC492 /* CKPath3D.swift */; };
		CCE7D51C1D50D309008FC492 /* CKPath3D.swift in Sources */ = {isa = PBXBuildFile; fileRef = CCE7D4D01D50D309008FC492 /* CKPath3D.swift */; };
		CCE7D51D1D50D309008FC492 /* CKPath3D.swift in Sources */ = {isa = PBXBuildFile; fileRef = CCE7D4D01D50D309008FC492 /* CKPath3D.swift */; };
		CCE7D51E1D50D309008FC492 /* CKPath3D.swift in Sources */ = {isa = PBXBuildFile; fileRef = CCE7D4D01D50D309008FC492 /* CKPath3D.swift */; };
		CCE7D51F1D50D309008FC492 /* CKPath3D.swift in Sources */ = {isa = PBXBuildFile; fileRef = CCE7D4D01D50D309008FC492 /* CKPath3D.swift */; };
		CCE7D5201D50D309008FC492 /* CKPath3D.swift in Sources */ = {isa = PBXBuildFile; fileRef = CCE7D4D01D50D309008FC492 /* CKPath3D.swift */; };
		CCE7D5211D50D309008FC492 /* CKAudio.swift in Sources */ = {isa = PBXBuildFile; fileRef = CCE7D4D21D50D309008FC492 /* CKAudio.swift */; };
		CCE7D5221D50D309008FC492 /* CKAudio.swift in Sources */ = {isa = PBXBuildFile; fileRef = CCE7D4D21D50D309008FC492 /* CKAudio.swift */; };
		CCE7D5231D50D309008FC492 /* CKAudio.swift in Sources */ = {isa = PBXBuildFile; fileRef = CCE7D4D21D50D309008FC492 /* CKAudio.swift */; };
		CCE7D5241D50D309008FC492 /* CKAudio.swift in Sources */ = {isa = PBXBuildFile; fileRef = CCE7D4D21D50D309008FC492 /* CKAudio.swift */; };
		CCE7D5251D50D309008FC492 /* CKAudio.swift in Sources */ = {isa = PBXBuildFile; fileRef = CCE7D4D21D50D309008FC492 /* CKAudio.swift */; };
		CCE7D5261D50D309008FC492 /* CKAudio.swift in Sources */ = {isa = PBXBuildFile; fileRef = CCE7D4D21D50D309008FC492 /* CKAudio.swift */; };
		CCE7D5271D50D309008FC492 /* CKImage.swift in Sources */ = {isa = PBXBuildFile; fileRef = CCE7D4D31D50D309008FC492 /* CKImage.swift */; };
		CCE7D5281D50D309008FC492 /* CKImage.swift in Sources */ = {isa = PBXBuildFile; fileRef = CCE7D4D31D50D309008FC492 /* CKImage.swift */; };
		CCE7D5291D50D309008FC492 /* CKImage.swift in Sources */ = {isa = PBXBuildFile; fileRef = CCE7D4D31D50D309008FC492 /* CKImage.swift */; };
		CCE7D52A1D50D309008FC492 /* CKImage.swift in Sources */ = {isa = PBXBuildFile; fileRef = CCE7D4D31D50D309008FC492 /* CKImage.swift */; };
		CCE7D52B1D50D309008FC492 /* CKImage.swift in Sources */ = {isa = PBXBuildFile; fileRef = CCE7D4D31D50D309008FC492 /* CKImage.swift */; };
		CCE7D52C1D50D309008FC492 /* CKImage.swift in Sources */ = {isa = PBXBuildFile; fileRef = CCE7D4D31D50D309008FC492 /* CKImage.swift */; };
		CCE7D52D1D50D309008FC492 /* CKInteger.swift in Sources */ = {isa = PBXBuildFile; fileRef = CCE7D4D51D50D309008FC492 /* CKInteger.swift */; };
		CCE7D52E1D50D309008FC492 /* CKInteger.swift in Sources */ = {isa = PBXBuildFile; fileRef = CCE7D4D51D50D309008FC492 /* CKInteger.swift */; };
		CCE7D52F1D50D309008FC492 /* CKInteger.swift in Sources */ = {isa = PBXBuildFile; fileRef = CCE7D4D51D50D309008FC492 /* CKInteger.swift */; };
		CCE7D5301D50D309008FC492 /* CKInteger.swift in Sources */ = {isa = PBXBuildFile; fileRef = CCE7D4D51D50D309008FC492 /* CKInteger.swift */; };
		CCE7D5311D50D309008FC492 /* CKInteger.swift in Sources */ = {isa = PBXBuildFile; fileRef = CCE7D4D51D50D309008FC492 /* CKInteger.swift */; };
		CCE7D5321D50D309008FC492 /* CKInteger.swift in Sources */ = {isa = PBXBuildFile; fileRef = CCE7D4D51D50D309008FC492 /* CKInteger.swift */; };
		CCE7D5331D50D309008FC492 /* CKReal.swift in Sources */ = {isa = PBXBuildFile; fileRef = CCE7D4D61D50D309008FC492 /* CKReal.swift */; };
		CCE7D5341D50D309008FC492 /* CKReal.swift in Sources */ = {isa = PBXBuildFile; fileRef = CCE7D4D61D50D309008FC492 /* CKReal.swift */; };
		CCE7D5351D50D309008FC492 /* CKReal.swift in Sources */ = {isa = PBXBuildFile; fileRef = CCE7D4D61D50D309008FC492 /* CKReal.swift */; };
		CCE7D5361D50D309008FC492 /* CKReal.swift in Sources */ = {isa = PBXBuildFile; fileRef = CCE7D4D61D50D309008FC492 /* CKReal.swift */; };
		CCE7D5371D50D309008FC492 /* CKReal.swift in Sources */ = {isa = PBXBuildFile; fileRef = CCE7D4D61D50D309008FC492 /* CKReal.swift */; };
		CCE7D5381D50D309008FC492 /* CKReal.swift in Sources */ = {isa = PBXBuildFile; fileRef = CCE7D4D61D50D309008FC492 /* CKReal.swift */; };
		CCE7D5391D50D309008FC492 /* CKRelativeToLocation.swift in Sources */ = {isa = PBXBuildFile; fileRef = CCE7D4D81D50D309008FC492 /* CKRelativeToLocation.swift */; };
		CCE7D53A1D50D309008FC492 /* CKRelativeToLocation.swift in Sources */ = {isa = PBXBuildFile; fileRef = CCE7D4D81D50D309008FC492 /* CKRelativeToLocation.swift */; };
		CCE7D53B1D50D309008FC492 /* CKRelativeToLocation.swift in Sources */ = {isa = PBXBuildFile; fileRef = CCE7D4D81D50D309008FC492 /* CKRelativeToLocation.swift */; };
		CCE7D53C1D50D309008FC492 /* CKRelativeToLocation.swift in Sources */ = {isa = PBXBuildFile; fileRef = CCE7D4D81D50D309008FC492 /* CKRelativeToLocation.swift */; };
		CCE7D53D1D50D309008FC492 /* CKRelativeToLocation.swift in Sources */ = {isa = PBXBuildFile; fileRef = CCE7D4D81D50D309008FC492 /* CKRelativeToLocation.swift */; };
		CCE7D53E1D50D309008FC492 /* CKRelativeToLocation.swift in Sources */ = {isa = PBXBuildFile; fileRef = CCE7D4D81D50D309008FC492 /* CKRelativeToLocation.swift */; };
		CCE7D53F1D50D309008FC492 /* CKRelativeToObject.swift in Sources */ = {isa = PBXBuildFile; fileRef = CCE7D4D91D50D309008FC492 /* CKRelativeToObject.swift */; };
		CCE7D5401D50D309008FC492 /* CKRelativeToObject.swift in Sources */ = {isa = PBXBuildFile; fileRef = CCE7D4D91D50D309008FC492 /* CKRelativeToObject.swift */; };
		CCE7D5411D50D309008FC492 /* CKRelativeToObject.swift in Sources */ = {isa = PBXBuildFile; fileRef = CCE7D4D91D50D309008FC492 /* CKRelativeToObject.swift */; };
		CCE7D5421D50D309008FC492 /* CKRelativeToObject.swift in Sources */ = {isa = PBXBuildFile; fileRef = CCE7D4D91D50D309008FC492 /* CKRelativeToObject.swift */; };
		CCE7D5431D50D309008FC492 /* CKRelativeToObject.swift in Sources */ = {isa = PBXBuildFile; fileRef = CCE7D4D91D50D309008FC492 /* CKRelativeToObject.swift */; };
		CCE7D5441D50D309008FC492 /* CKRelativeToObject.swift in Sources */ = {isa = PBXBuildFile; fileRef = CCE7D4D91D50D309008FC492 /* CKRelativeToObject.swift */; };
		CCE7D5451D50D309008FC492 /* CKClockTime.swift in Sources */ = {isa = PBXBuildFile; fileRef = CCE7D4DB1D50D309008FC492 /* CKClockTime.swift */; };
		CCE7D5461D50D309008FC492 /* CKClockTime.swift in Sources */ = {isa = PBXBuildFile; fileRef = CCE7D4DB1D50D309008FC492 /* CKClockTime.swift */; };
		CCE7D5471D50D309008FC492 /* CKClockTime.swift in Sources */ = {isa = PBXBuildFile; fileRef = CCE7D4DB1D50D309008FC492 /* CKClockTime.swift */; };
		CCE7D5481D50D309008FC492 /* CKClockTime.swift in Sources */ = {isa = PBXBuildFile; fileRef = CCE7D4DB1D50D309008FC492 /* CKClockTime.swift */; };
		CCE7D5491D50D309008FC492 /* CKClockTime.swift in Sources */ = {isa = PBXBuildFile; fileRef = CCE7D4DB1D50D309008FC492 /* CKClockTime.swift */; };
		CCE7D54A1D50D309008FC492 /* CKClockTime.swift in Sources */ = {isa = PBXBuildFile; fileRef = CCE7D4DB1D50D309008FC492 /* CKClockTime.swift */; };
		CCE7D54B1D50D309008FC492 /* CKDuration.swift in Sources */ = {isa = PBXBuildFile; fileRef = CCE7D4DC1D50D309008FC492 /* CKDuration.swift */; };
		CCE7D54C1D50D309008FC492 /* CKDuration.swift in Sources */ = {isa = PBXBuildFile; fileRef = CCE7D4DC1D50D309008FC492 /* CKDuration.swift */; };
		CCE7D54D1D50D309008FC492 /* CKDuration.swift in Sources */ = {isa = PBXBuildFile; fileRef = CCE7D4DC1D50D309008FC492 /* CKDuration.swift */; };
		CCE7D54E1D50D309008FC492 /* CKDuration.swift in Sources */ = {isa = PBXBuildFile; fileRef = CCE7D4DC1D50D309008FC492 /* CKDuration.swift */; };
		CCE7D54F1D50D309008FC492 /* CKDuration.swift in Sources */ = {isa = PBXBuildFile; fileRef = CCE7D4DC1D50D309008FC492 /* CKDuration.swift */; };
		CCE7D5501D50D309008FC492 /* CKDuration.swift in Sources */ = {isa = PBXBuildFile; fileRef = CCE7D4DC1D50D309008FC492 /* CKDuration.swift */; };
		CCE7D5511D50D309008FC492 /* CKPeriodicity.swift in Sources */ = {isa = PBXBuildFile; fileRef = CCE7D4DD1D50D309008FC492 /* CKPeriodicity.swift */; };
		CCE7D5521D50D309008FC492 /* CKPeriodicity.swift in Sources */ = {isa = PBXBuildFile; fileRef = CCE7D4DD1D50D309008FC492 /* CKPeriodicity.swift */; };
		CCE7D5531D50D309008FC492 /* CKPeriodicity.swift in Sources */ = {isa = PBXBuildFile; fileRef = CCE7D4DD1D50D309008FC492 /* CKPeriodicity.swift */; };
		CCE7D5541D50D309008FC492 /* CKPeriodicity.swift in Sources */ = {isa = PBXBuildFile; fileRef = CCE7D4DD1D50D309008FC492 /* CKPeriodicity.swift */; };
		CCE7D5551D50D309008FC492 /* CKPeriodicity.swift in Sources */ = {isa = PBXBuildFile; fileRef = CCE7D4DD1D50D309008FC492 /* CKPeriodicity.swift */; };
		CCE7D5561D50D309008FC492 /* CKPeriodicity.swift in Sources */ = {isa = PBXBuildFile; fileRef = CCE7D4DD1D50D309008FC492 /* CKPeriodicity.swift */; };
/* End PBXBuildFile section */

/* Begin PBXContainerItemProxy section */
		CCE7D4751D50D191008FC492 /* PBXContainerItemProxy */ = {
			isa = PBXContainerItemProxy;
			containerPortal = CCE7D4601D50D191008FC492 /* Project object */;
			proxyType = 1;
			remoteGlobalIDString = CCE7D4681D50D191008FC492;
			remoteInfo = CardKitRuntime;
		};
		CCE7D4931D50D1AB008FC492 /* PBXContainerItemProxy */ = {
			isa = PBXContainerItemProxy;
			containerPortal = CCE7D4601D50D191008FC492 /* Project object */;
			proxyType = 1;
			remoteGlobalIDString = CCE7D4871D50D1AA008FC492;
			remoteInfo = CardKitRuntime;
		};
		CCE7D4AF1D50D1BB008FC492 /* PBXContainerItemProxy */ = {
			isa = PBXContainerItemProxy;
			containerPortal = CCE7D4601D50D191008FC492 /* Project object */;
			proxyType = 1;
			remoteGlobalIDString = CCE7D4A31D50D1BB008FC492;
			remoteInfo = CardKitRuntime;
		};
/* End PBXContainerItemProxy section */

/* Begin PBXFileReference section */
		CC9E767F1D58B82C00B7C738 /* DeckValidator.swift */ = {isa = PBXFileReference; fileEncoding = 4; lastKnownFileType = sourcecode.swift; path = DeckValidator.swift; sourceTree = "<group>"; };
		CC9E76861D58B83400B7C738 /* HandValidator.swift */ = {isa = PBXFileReference; fileEncoding = 4; lastKnownFileType = sourcecode.swift; path = HandValidator.swift; sourceTree = "<group>"; };
		CC9E768D1D58B83C00B7C738 /* CardValidator.swift */ = {isa = PBXFileReference; fileEncoding = 4; lastKnownFileType = sourcecode.swift; path = CardValidator.swift; sourceTree = "<group>"; };
		CC9E76941D58C32E00B7C738 /* ValidationError.swift */ = {isa = PBXFileReference; fileEncoding = 4; lastKnownFileType = sourcecode.swift; path = ValidationError.swift; sourceTree = "<group>"; };
		CC9E769B1D58C38800B7C738 /* Validator.swift */ = {isa = PBXFileReference; fileEncoding = 4; lastKnownFileType = sourcecode.swift; path = Validator.swift; sourceTree = "<group>"; };
		CC9E76A21D58E2E700B7C738 /* ValidationEngine.swift */ = {isa = PBXFileReference; fileEncoding = 4; lastKnownFileType = sourcecode.swift; path = ValidationEngine.swift; sourceTree = "<group>"; };
		CC9E76BE1D59F3EA00B7C738 /* CardKit.framework */ = {isa = PBXFileReference; lastKnownFileType = wrapper.framework; name = CardKit.framework; path = "../CardKit/build/Debug-iphoneos/CardKit.framework"; sourceTree = "<group>"; };
		CC9E76C01D59F3F500B7C738 /* CardKit.framework */ = {isa = PBXFileReference; lastKnownFileType = wrapper.framework; name = CardKit.framework; path = ../CardKit/build/Debug/CardKit.framework; sourceTree = "<group>"; };
		CC9E76C21D59F3FB00B7C738 /* CardKit.framework */ = {isa = PBXFileReference; lastKnownFileType = wrapper.framework; name = CardKit.framework; path = "../CardKit/build/Debug-appletvos/CardKit.framework"; sourceTree = "<group>"; };
		CCE7D4691D50D191008FC492 /* CardKitRuntime.framework */ = {isa = PBXFileReference; explicitFileType = wrapper.framework; includeInIndex = 0; path = CardKitRuntime.framework; sourceTree = BUILT_PRODUCTS_DIR; };
		CCE7D46C1D50D191008FC492 /* CardKitRuntime.h */ = {isa = PBXFileReference; lastKnownFileType = sourcecode.c.h; path = CardKitRuntime.h; sourceTree = "<group>"; };
		CCE7D46E1D50D191008FC492 /* Info.plist */ = {isa = PBXFileReference; lastKnownFileType = text.plist.xml; path = Info.plist; sourceTree = "<group>"; };
		CCE7D4731D50D191008FC492 /* CardKitRuntimeTests iOS.xctest */ = {isa = PBXFileReference; explicitFileType = wrapper.cfbundle; includeInIndex = 0; path = "CardKitRuntimeTests iOS.xctest"; sourceTree = BUILT_PRODUCTS_DIR; };
		CCE7D4781D50D191008FC492 /* CardKitRuntimeTests.swift */ = {isa = PBXFileReference; lastKnownFileType = sourcecode.swift; path = CardKitRuntimeTests.swift; sourceTree = "<group>"; };
		CCE7D47A1D50D191008FC492 /* Info.plist */ = {isa = PBXFileReference; lastKnownFileType = text.plist.xml; path = Info.plist; sourceTree = "<group>"; };
		CCE7D4881D50D1AA008FC492 /* CardKitRuntime.framework */ = {isa = PBXFileReference; explicitFileType = wrapper.framework; includeInIndex = 0; path = CardKitRuntime.framework; sourceTree = BUILT_PRODUCTS_DIR; };
		CCE7D4911D50D1AA008FC492 /* CardKitRuntimeTests macOS.xctest */ = {isa = PBXFileReference; explicitFileType = wrapper.cfbundle; includeInIndex = 0; path = "CardKitRuntimeTests macOS.xctest"; sourceTree = BUILT_PRODUCTS_DIR; };
		CCE7D4A41D50D1BB008FC492 /* CardKitRuntime.framework */ = {isa = PBXFileReference; explicitFileType = wrapper.framework; includeInIndex = 0; path = CardKitRuntime.framework; sourceTree = BUILT_PRODUCTS_DIR; };
		CCE7D4AD1D50D1BB008FC492 /* CardKitRuntimeTests tvOS.xctest */ = {isa = PBXFileReference; explicitFileType = wrapper.cfbundle; includeInIndex = 0; path = "CardKitRuntimeTests tvOS.xctest"; sourceTree = BUILT_PRODUCTS_DIR; };
		CCE7D4C21D50D309008FC492 /* CKNoAction.swift */ = {isa = PBXFileReference; fileEncoding = 4; lastKnownFileType = sourcecode.swift; path = CKNoAction.swift; sourceTree = "<group>"; };
		CCE7D4C31D50D309008FC492 /* CKTimer.swift */ = {isa = PBXFileReference; fileEncoding = 4; lastKnownFileType = sourcecode.swift; path = CKTimer.swift; sourceTree = "<group>"; };
		CCE7D4C41D50D309008FC492 /* CKWaitUntilTime.swift */ = {isa = PBXFileReference; fileEncoding = 4; lastKnownFileType = sourcecode.swift; path = CKWaitUntilTime.swift; sourceTree = "<group>"; };
		CCE7D4C91D50D309008FC492 /* CKAngle.swift */ = {isa = PBXFileReference; fileEncoding = 4; lastKnownFileType = sourcecode.swift; path = CKAngle.swift; sourceTree = "<group>"; };
		CCE7D4CA1D50D309008FC492 /* CKBoundingBox.swift */ = {isa = PBXFileReference; fileEncoding = 4; lastKnownFileType = sourcecode.swift; path = CKBoundingBox.swift; sourceTree = "<group>"; };
		CCE7D4CB1D50D309008FC492 /* CKBoundingBox3D.swift */ = {isa = PBXFileReference; fileEncoding = 4; lastKnownFileType = sourcecode.swift; path = CKBoundingBox3D.swift; sourceTree = "<group>"; };
		CCE7D4CC1D50D309008FC492 /* CKCardinalDirection.swift */ = {isa = PBXFileReference; fileEncoding = 4; lastKnownFileType = sourcecode.swift; path = CKCardinalDirection.swift; sourceTree = "<group>"; };
		CCE7D4CD1D50D309008FC492 /* CKDistance.swift */ = {isa = PBXFileReference; fileEncoding = 4; lastKnownFileType = sourcecode.swift; path = CKDistance.swift; sourceTree = "<group>"; };
		CCE7D4CE1D50D309008FC492 /* CKLocation.swift */ = {isa = PBXFileReference; fileEncoding = 4; lastKnownFileType = sourcecode.swift; path = CKLocation.swift; sourceTree = "<group>"; };
		CCE7D4CF1D50D309008FC492 /* CKPath.swift */ = {isa = PBXFileReference; fileEncoding = 4; lastKnownFileType = sourcecode.swift; path = CKPath.swift; sourceTree = "<group>"; };
		CCE7D4D01D50D309008FC492 /* CKPath3D.swift */ = {isa = PBXFileReference; fileEncoding = 4; lastKnownFileType = sourcecode.swift; path = CKPath3D.swift; sourceTree = "<group>"; };
		CCE7D4D21D50D309008FC492 /* CKAudio.swift */ = {isa = PBXFileReference; fileEncoding = 4; lastKnownFileType = sourcecode.swift; path = CKAudio.swift; sourceTree = "<group>"; };
		CCE7D4D31D50D309008FC492 /* CKImage.swift */ = {isa = PBXFileReference; fileEncoding = 4; lastKnownFileType = sourcecode.swift; path = CKImage.swift; sourceTree = "<group>"; };
		CCE7D4D51D50D309008FC492 /* CKInteger.swift */ = {isa = PBXFileReference; fileEncoding = 4; lastKnownFileType = sourcecode.swift; path = CKInteger.swift; sourceTree = "<group>"; };
		CCE7D4D61D50D309008FC492 /* CKReal.swift */ = {isa = PBXFileReference; fileEncoding = 4; lastKnownFileType = sourcecode.swift; path = CKReal.swift; sourceTree = "<group>"; };
		CCE7D4D81D50D309008FC492 /* CKRelativeToLocation.swift */ = {isa = PBXFileReference; fileEncoding = 4; lastKnownFileType = sourcecode.swift; path = CKRelativeToLocation.swift; sourceTree = "<group>"; };
		CCE7D4D91D50D309008FC492 /* CKRelativeToObject.swift */ = {isa = PBXFileReference; fileEncoding = 4; lastKnownFileType = sourcecode.swift; path = CKRelativeToObject.swift; sourceTree = "<group>"; };
		CCE7D4DB1D50D309008FC492 /* CKClockTime.swift */ = {isa = PBXFileReference; fileEncoding = 4; lastKnownFileType = sourcecode.swift; path = CKClockTime.swift; sourceTree = "<group>"; };
		CCE7D4DC1D50D309008FC492 /* CKDuration.swift */ = {isa = PBXFileReference; fileEncoding = 4; lastKnownFileType = sourcecode.swift; path = CKDuration.swift; sourceTree = "<group>"; };
		CCE7D4DD1D50D309008FC492 /* CKPeriodicity.swift */ = {isa = PBXFileReference; fileEncoding = 4; lastKnownFileType = sourcecode.swift; path = CKPeriodicity.swift; sourceTree = "<group>"; };
/* End PBXFileReference section */

/* Begin PBXFrameworksBuildPhase section */
		CCE7D4651D50D191008FC492 /* Frameworks */ = {
			isa = PBXFrameworksBuildPhase;
			buildActionMask = 2147483647;
			files = (
				CC9E76BF1D59F3EA00B7C738 /* CardKit.framework in Frameworks */,
			);
			runOnlyForDeploymentPostprocessing = 0;
		};
		CCE7D4701D50D191008FC492 /* Frameworks */ = {
			isa = PBXFrameworksBuildPhase;
			buildActionMask = 2147483647;
			files = (
				CCE7D4741D50D191008FC492 /* CardKitRuntime.framework in Frameworks */,
			);
			runOnlyForDeploymentPostprocessing = 0;
		};
		CCE7D4841D50D1AA008FC492 /* Frameworks */ = {
			isa = PBXFrameworksBuildPhase;
			buildActionMask = 2147483647;
			files = (
				CC9E76C11D59F3F500B7C738 /* CardKit.framework in Frameworks */,
			);
			runOnlyForDeploymentPostprocessing = 0;
		};
		CCE7D48E1D50D1AA008FC492 /* Frameworks */ = {
			isa = PBXFrameworksBuildPhase;
			buildActionMask = 2147483647;
			files = (
				CCE7D4921D50D1AB008FC492 /* CardKitRuntime.framework in Frameworks */,
			);
			runOnlyForDeploymentPostprocessing = 0;
		};
		CCE7D4A01D50D1BB008FC492 /* Frameworks */ = {
			isa = PBXFrameworksBuildPhase;
			buildActionMask = 2147483647;
			files = (
				CC9E76C31D59F3FB00B7C738 /* CardKit.framework in Frameworks */,
			);
			runOnlyForDeploymentPostprocessing = 0;
		};
		CCE7D4AA1D50D1BB008FC492 /* Frameworks */ = {
			isa = PBXFrameworksBuildPhase;
			buildActionMask = 2147483647;
			files = (
				CCE7D4AE1D50D1BB008FC492 /* CardKitRuntime.framework in Frameworks */,
			);
			runOnlyForDeploymentPostprocessing = 0;
		};
/* End PBXFrameworksBuildPhase section */

/* Begin PBXGroup section */
		CC9E767A1D58B4B200B7C738 /* Frameworks */ = {
			isa = PBXGroup;
			children = (
				CC9E76C21D59F3FB00B7C738 /* CardKit.framework */,
				CC9E76C01D59F3F500B7C738 /* CardKit.framework */,
				CC9E76BE1D59F3EA00B7C738 /* CardKit.framework */,
			);
			name = Frameworks;
			sourceTree = "<group>";
		};
		CC9E767E1D58B51400B7C738 /* Validation */ = {
			isa = PBXGroup;
			children = (
				CC9E769B1D58C38800B7C738 /* Validator.swift */,
				CC9E76941D58C32E00B7C738 /* ValidationError.swift */,
				CC9E767F1D58B82C00B7C738 /* DeckValidator.swift */,
				CC9E76861D58B83400B7C738 /* HandValidator.swift */,
				CC9E768D1D58B83C00B7C738 /* CardValidator.swift */,
				CC9E76A21D58E2E700B7C738 /* ValidationEngine.swift */,
			);
			path = Validation;
			sourceTree = "<group>";
		};
		CCE7D45F1D50D191008FC492 = {
			isa = PBXGroup;
			children = (
				CCE7D46B1D50D191008FC492 /* CardKitRuntime */,
				CCE7D4771D50D191008FC492 /* CardKitRuntimeTests */,
				CC9E767A1D58B4B200B7C738 /* Frameworks */,
				CCE7D46A1D50D191008FC492 /* Products */,
			);
			sourceTree = "<group>";
		};
		CCE7D46A1D50D191008FC492 /* Products */ = {
			isa = PBXGroup;
			children = (
				CCE7D4691D50D191008FC492 /* CardKitRuntime.framework */,
				CCE7D4731D50D191008FC492 /* CardKitRuntimeTests iOS.xctest */,
				CCE7D4881D50D1AA008FC492 /* CardKitRuntime.framework */,
				CCE7D4911D50D1AA008FC492 /* CardKitRuntimeTests macOS.xctest */,
				CCE7D4A41D50D1BB008FC492 /* CardKitRuntime.framework */,
				CCE7D4AD1D50D1BB008FC492 /* CardKitRuntimeTests tvOS.xctest */,
			);
			name = Products;
			sourceTree = "<group>";
		};
		CCE7D46B1D50D191008FC492 /* CardKitRuntime */ = {
			isa = PBXGroup;
			children = (
				CCE7D46C1D50D191008FC492 /* CardKitRuntime.h */,
				CCE7D46E1D50D191008FC492 /* Info.plist */,
				CCE7D4BF1D50D264008FC492 /* Cards */,
				CC9E767E1D58B51400B7C738 /* Validation */,
				CCE7D4C01D50D2EC008FC492 /* Execution */,
			);
			path = CardKitRuntime;
			sourceTree = "<group>";
		};
		CCE7D4771D50D191008FC492 /* CardKitRuntimeTests */ = {
			isa = PBXGroup;
			children = (
				CCE7D4781D50D191008FC492 /* CardKitRuntimeTests.swift */,
				CCE7D47A1D50D191008FC492 /* Info.plist */,
			);
			path = CardKitRuntimeTests;
			sourceTree = "<group>";
		};
		CCE7D4BF1D50D264008FC492 /* Cards */ = {
			isa = PBXGroup;
			children = (
				CCE7D4C11D50D309008FC492 /* Action */,
				CCE7D4C51D50D309008FC492 /* Deck */,
				CCE7D4C61D50D309008FC492 /* Hand */,
				CCE7D4C71D50D309008FC492 /* Input */,
				CCE7D4DE1D50D309008FC492 /* Token */,
			);
			path = Cards;
			sourceTree = "<group>";
		};
		CCE7D4C01D50D2EC008FC492 /* Execution */ = {
			isa = PBXGroup;
			children = (
			);
			path = Execution;
			sourceTree = "<group>";
		};
		CCE7D4C11D50D309008FC492 /* Action */ = {
			isa = PBXGroup;
			children = (
				CCE7D4C21D50D309008FC492 /* CKNoAction.swift */,
				CCE7D4C31D50D309008FC492 /* CKTimer.swift */,
				CCE7D4C41D50D309008FC492 /* CKWaitUntilTime.swift */,
			);
			path = Action;
			sourceTree = "<group>";
		};
		CCE7D4C51D50D309008FC492 /* Deck */ = {
			isa = PBXGroup;
			children = (
			);
			path = Deck;
			sourceTree = "<group>";
		};
		CCE7D4C61D50D309008FC492 /* Hand */ = {
			isa = PBXGroup;
			children = (
			);
			path = Hand;
			sourceTree = "<group>";
		};
		CCE7D4C71D50D309008FC492 /* Input */ = {
			isa = PBXGroup;
			children = (
				CCE7D4C81D50D309008FC492 /* Location */,
				CCE7D4D11D50D309008FC492 /* Media */,
				CCE7D4D41D50D309008FC492 /* Numeric */,
				CCE7D4D71D50D309008FC492 /* Relative */,
				CCE7D4DA1D50D309008FC492 /* Time */,
			);
			path = Input;
			sourceTree = "<group>";
		};
		CCE7D4C81D50D309008FC492 /* Location */ = {
			isa = PBXGroup;
			children = (
				CCE7D4C91D50D309008FC492 /* CKAngle.swift */,
				CCE7D4CA1D50D309008FC492 /* CKBoundingBox.swift */,
				CCE7D4CB1D50D309008FC492 /* CKBoundingBox3D.swift */,
				CCE7D4CC1D50D309008FC492 /* CKCardinalDirection.swift */,
				CCE7D4CD1D50D309008FC492 /* CKDistance.swift */,
				CCE7D4CE1D50D309008FC492 /* CKLocation.swift */,
				CCE7D4CF1D50D309008FC492 /* CKPath.swift */,
				CCE7D4D01D50D309008FC492 /* CKPath3D.swift */,
			);
			path = Location;
			sourceTree = "<group>";
		};
		CCE7D4D11D50D309008FC492 /* Media */ = {
			isa = PBXGroup;
			children = (
				CCE7D4D21D50D309008FC492 /* CKAudio.swift */,
				CCE7D4D31D50D309008FC492 /* CKImage.swift */,
			);
			path = Media;
			sourceTree = "<group>";
		};
		CCE7D4D41D50D309008FC492 /* Numeric */ = {
			isa = PBXGroup;
			children = (
				CCE7D4D51D50D309008FC492 /* CKInteger.swift */,
				CCE7D4D61D50D309008FC492 /* CKReal.swift */,
			);
			path = Numeric;
			sourceTree = "<group>";
		};
		CCE7D4D71D50D309008FC492 /* Relative */ = {
			isa = PBXGroup;
			children = (
				CCE7D4D81D50D309008FC492 /* CKRelativeToLocation.swift */,
				CCE7D4D91D50D309008FC492 /* CKRelativeToObject.swift */,
			);
			path = Relative;
			sourceTree = "<group>";
		};
		CCE7D4DA1D50D309008FC492 /* Time */ = {
			isa = PBXGroup;
			children = (
				CCE7D4DB1D50D309008FC492 /* CKClockTime.swift */,
				CCE7D4DC1D50D309008FC492 /* CKDuration.swift */,
				CCE7D4DD1D50D309008FC492 /* CKPeriodicity.swift */,
			);
			path = Time;
			sourceTree = "<group>";
		};
		CCE7D4DE1D50D309008FC492 /* Token */ = {
			isa = PBXGroup;
			children = (
			);
			path = Token;
			sourceTree = "<group>";
		};
/* End PBXGroup section */

/* Begin PBXHeadersBuildPhase section */
		CCE7D4661D50D191008FC492 /* Headers */ = {
			isa = PBXHeadersBuildPhase;
			buildActionMask = 2147483647;
			files = (
				CCE7D46D1D50D191008FC492 /* CardKitRuntime.h in Headers */,
			);
			runOnlyForDeploymentPostprocessing = 0;
		};
		CCE7D4851D50D1AA008FC492 /* Headers */ = {
			isa = PBXHeadersBuildPhase;
			buildActionMask = 2147483647;
			files = (
				CCE7D4BD1D50D1D5008FC492 /* CardKitRuntime.h in Headers */,
			);
			runOnlyForDeploymentPostprocessing = 0;
		};
		CCE7D4A11D50D1BB008FC492 /* Headers */ = {
			isa = PBXHeadersBuildPhase;
			buildActionMask = 2147483647;
			files = (
				CCE7D4BE1D50D1D5008FC492 /* CardKitRuntime.h in Headers */,
			);
			runOnlyForDeploymentPostprocessing = 0;
		};
/* End PBXHeadersBuildPhase section */

/* Begin PBXNativeTarget section */
		CCE7D4681D50D191008FC492 /* CardKitRuntime iOS */ = {
			isa = PBXNativeTarget;
			buildConfigurationList = CCE7D47D1D50D191008FC492 /* Build configuration list for PBXNativeTarget "CardKitRuntime iOS" */;
			buildPhases = (
				CCE7D4641D50D191008FC492 /* Sources */,
				CCE7D4651D50D191008FC492 /* Frameworks */,
				CCE7D4661D50D191008FC492 /* Headers */,
				CCE7D4671D50D191008FC492 /* Resources */,
				CC83BC661D510A2A0045F3A7 /* ShellScript */,
			);
			buildRules = (
			);
			dependencies = (
			);
			name = "CardKitRuntime iOS";
			productName = CardKitRuntime;
			productReference = CCE7D4691D50D191008FC492 /* CardKitRuntime.framework */;
			productType = "com.apple.product-type.framework";
		};
		CCE7D4721D50D191008FC492 /* CardKitRuntimeTests iOS */ = {
			isa = PBXNativeTarget;
			buildConfigurationList = CCE7D4801D50D191008FC492 /* Build configuration list for PBXNativeTarget "CardKitRuntimeTests iOS" */;
			buildPhases = (
				CCE7D46F1D50D191008FC492 /* Sources */,
				CCE7D4701D50D191008FC492 /* Frameworks */,
				CCE7D4711D50D191008FC492 /* Resources */,
			);
			buildRules = (
			);
			dependencies = (
				CCE7D4761D50D191008FC492 /* PBXTargetDependency */,
			);
			name = "CardKitRuntimeTests iOS";
			productName = CardKitRuntimeTests;
			productReference = CCE7D4731D50D191008FC492 /* CardKitRuntimeTests iOS.xctest */;
			productType = "com.apple.product-type.bundle.unit-test";
		};
		CCE7D4871D50D1AA008FC492 /* CardKitRuntime macOS */ = {
			isa = PBXNativeTarget;
			buildConfigurationList = CCE7D4991D50D1AB008FC492 /* Build configuration list for PBXNativeTarget "CardKitRuntime macOS" */;
			buildPhases = (
				CCE7D4831D50D1AA008FC492 /* Sources */,
				CCE7D4841D50D1AA008FC492 /* Frameworks */,
				CCE7D4851D50D1AA008FC492 /* Headers */,
				CCE7D4861D50D1AA008FC492 /* Resources */,
				CC83BC671D510A320045F3A7 /* ShellScript */,
			);
			buildRules = (
			);
			dependencies = (
			);
			name = "CardKitRuntime macOS";
			productName = CardKitRuntime;
			productReference = CCE7D4881D50D1AA008FC492 /* CardKitRuntime.framework */;
			productType = "com.apple.product-type.framework";
		};
		CCE7D4901D50D1AA008FC492 /* CardKitRuntimeTests macOS */ = {
			isa = PBXNativeTarget;
			buildConfigurationList = CCE7D49C1D50D1AB008FC492 /* Build configuration list for PBXNativeTarget "CardKitRuntimeTests macOS" */;
			buildPhases = (
				CCE7D48D1D50D1AA008FC492 /* Sources */,
				CCE7D48E1D50D1AA008FC492 /* Frameworks */,
				CCE7D48F1D50D1AA008FC492 /* Resources */,
			);
			buildRules = (
			);
			dependencies = (
				CCE7D4941D50D1AB008FC492 /* PBXTargetDependency */,
			);
			name = "CardKitRuntimeTests macOS";
			productName = CardKitRuntimeTests;
			productReference = CCE7D4911D50D1AA008FC492 /* CardKitRuntimeTests macOS.xctest */;
			productType = "com.apple.product-type.bundle.unit-test";
		};
		CCE7D4A31D50D1BB008FC492 /* CardKitRuntime tvOS */ = {
			isa = PBXNativeTarget;
			buildConfigurationList = CCE7D4B51D50D1BB008FC492 /* Build configuration list for PBXNativeTarget "CardKitRuntime tvOS" */;
			buildPhases = (
				CCE7D49F1D50D1BB008FC492 /* Sources */,
				CCE7D4A01D50D1BB008FC492 /* Frameworks */,
				CCE7D4A11D50D1BB008FC492 /* Headers */,
				CCE7D4A21D50D1BB008FC492 /* Resources */,
				CC83BC681D510A380045F3A7 /* ShellScript */,
			);
			buildRules = (
			);
			dependencies = (
			);
			name = "CardKitRuntime tvOS";
			productName = CardKitRuntime;
			productReference = CCE7D4A41D50D1BB008FC492 /* CardKitRuntime.framework */;
			productType = "com.apple.product-type.framework";
		};
		CCE7D4AC1D50D1BB008FC492 /* CardKitRuntimeTests tvOS */ = {
			isa = PBXNativeTarget;
			buildConfigurationList = CCE7D4B81D50D1BB008FC492 /* Build configuration list for PBXNativeTarget "CardKitRuntimeTests tvOS" */;
			buildPhases = (
				CCE7D4A91D50D1BB008FC492 /* Sources */,
				CCE7D4AA1D50D1BB008FC492 /* Frameworks */,
				CCE7D4AB1D50D1BB008FC492 /* Resources */,
			);
			buildRules = (
			);
			dependencies = (
				CCE7D4B01D50D1BB008FC492 /* PBXTargetDependency */,
			);
			name = "CardKitRuntimeTests tvOS";
			productName = CardKitRuntimeTests;
			productReference = CCE7D4AD1D50D1BB008FC492 /* CardKitRuntimeTests tvOS.xctest */;
			productType = "com.apple.product-type.bundle.unit-test";
		};
/* End PBXNativeTarget section */

/* Begin PBXProject section */
		CCE7D4601D50D191008FC492 /* Project object */ = {
			isa = PBXProject;
			attributes = {
				LastSwiftUpdateCheck = 0730;
				LastUpgradeCheck = 0730;
				ORGANIZATIONNAME = IBM;
				TargetAttributes = {
					CCE7D4681D50D191008FC492 = {
						CreatedOnToolsVersion = 7.3.1;
					};
					CCE7D4721D50D191008FC492 = {
						CreatedOnToolsVersion = 7.3.1;
					};
					CCE7D4871D50D1AA008FC492 = {
						CreatedOnToolsVersion = 7.3.1;
					};
					CCE7D4901D50D1AA008FC492 = {
						CreatedOnToolsVersion = 7.3.1;
					};
					CCE7D4A31D50D1BB008FC492 = {
						CreatedOnToolsVersion = 7.3.1;
					};
					CCE7D4AC1D50D1BB008FC492 = {
						CreatedOnToolsVersion = 7.3.1;
					};
				};
			};
			buildConfigurationList = CCE7D4631D50D191008FC492 /* Build configuration list for PBXProject "CardKitRuntime" */;
			compatibilityVersion = "Xcode 3.2";
			developmentRegion = English;
			hasScannedForEncodings = 0;
			knownRegions = (
				en,
			);
			mainGroup = CCE7D45F1D50D191008FC492;
			productRefGroup = CCE7D46A1D50D191008FC492 /* Products */;
			projectDirPath = "";
			projectRoot = "";
			targets = (
				CCE7D4681D50D191008FC492 /* CardKitRuntime iOS */,
				CCE7D4721D50D191008FC492 /* CardKitRuntimeTests iOS */,
				CCE7D4871D50D1AA008FC492 /* CardKitRuntime macOS */,
				CCE7D4901D50D1AA008FC492 /* CardKitRuntimeTests macOS */,
				CCE7D4A31D50D1BB008FC492 /* CardKitRuntime tvOS */,
				CCE7D4AC1D50D1BB008FC492 /* CardKitRuntimeTests tvOS */,
			);
		};
/* End PBXProject section */

/* Begin PBXResourcesBuildPhase section */
		CCE7D4671D50D191008FC492 /* Resources */ = {
			isa = PBXResourcesBuildPhase;
			buildActionMask = 2147483647;
			files = (
			);
			runOnlyForDeploymentPostprocessing = 0;
		};
		CCE7D4711D50D191008FC492 /* Resources */ = {
			isa = PBXResourcesBuildPhase;
			buildActionMask = 2147483647;
			files = (
			);
			runOnlyForDeploymentPostprocessing = 0;
		};
		CCE7D4861D50D1AA008FC492 /* Resources */ = {
			isa = PBXResourcesBuildPhase;
			buildActionMask = 2147483647;
			files = (
			);
			runOnlyForDeploymentPostprocessing = 0;
		};
		CCE7D48F1D50D1AA008FC492 /* Resources */ = {
			isa = PBXResourcesBuildPhase;
			buildActionMask = 2147483647;
			files = (
			);
			runOnlyForDeploymentPostprocessing = 0;
		};
		CCE7D4A21D50D1BB008FC492 /* Resources */ = {
			isa = PBXResourcesBuildPhase;
			buildActionMask = 2147483647;
			files = (
			);
			runOnlyForDeploymentPostprocessing = 0;
		};
		CCE7D4AB1D50D1BB008FC492 /* Resources */ = {
			isa = PBXResourcesBuildPhase;
			buildActionMask = 2147483647;
			files = (
			);
			runOnlyForDeploymentPostprocessing = 0;
		};
/* End PBXResourcesBuildPhase section */

/* Begin PBXShellScriptBuildPhase section */
		CC83BC661D510A2A0045F3A7 /* ShellScript */ = {
			isa = PBXShellScriptBuildPhase;
			buildActionMask = 2147483647;
			files = (
			);
			inputPaths = (
			);
			outputPaths = (
			);
			runOnlyForDeploymentPostprocessing = 0;
			shellPath = /bin/sh;
			shellScript = "if which swiftlint >/dev/null; then\n    swiftlint\nelse\n    echo \"warning: SwiftLint not installed, download from https://github.com/realm/SwiftLint\"\nfi";
		};
		CC83BC671D510A320045F3A7 /* ShellScript */ = {
			isa = PBXShellScriptBuildPhase;
			buildActionMask = 2147483647;
			files = (
			);
			inputPaths = (
			);
			outputPaths = (
			);
			runOnlyForDeploymentPostprocessing = 0;
			shellPath = /bin/sh;
			shellScript = "if which swiftlint >/dev/null; then\n    swiftlint\nelse\n    echo \"warning: SwiftLint not installed, download from https://github.com/realm/SwiftLint\"\nfi";
		};
		CC83BC681D510A380045F3A7 /* ShellScript */ = {
			isa = PBXShellScriptBuildPhase;
			buildActionMask = 2147483647;
			files = (
			);
			inputPaths = (
			);
			outputPaths = (
			);
			runOnlyForDeploymentPostprocessing = 0;
			shellPath = /bin/sh;
			shellScript = "if which swiftlint >/dev/null; then\n    swiftlint\nelse\n    echo \"warning: SwiftLint not installed, download from https://github.com/realm/SwiftLint\"\nfi";
		};
/* End PBXShellScriptBuildPhase section */

/* Begin PBXSourcesBuildPhase section */
		CCE7D4641D50D191008FC492 /* Sources */ = {
			isa = PBXSourcesBuildPhase;
			buildActionMask = 2147483647;
			files = (
				CCE7D4F71D50D309008FC492 /* CKBoundingBox.swift in Sources */,
				CCE7D51B1D50D309008FC492 /* CKPath3D.swift in Sources */,
				CCE7D4EB1D50D309008FC492 /* CKWaitUntilTime.swift in Sources */,
				CCE7D5151D50D309008FC492 /* CKPath.swift in Sources */,
				CCE7D52D1D50D309008FC492 /* CKInteger.swift in Sources */,
				CC9E76951D58C32E00B7C738 /* ValidationError.swift in Sources */,
				CCE7D5451D50D309008FC492 /* CKClockTime.swift in Sources */,
				CCE7D4F11D50D309008FC492 /* CKAngle.swift in Sources */,
				CCE7D5271D50D309008FC492 /* CKImage.swift in Sources */,
				CCE7D4DF1D50D309008FC492 /* CKNoAction.swift in Sources */,
				CCE7D53F1D50D309008FC492 /* CKRelativeToObject.swift in Sources */,
				CC9E76801D58B82C00B7C738 /* DeckValidator.swift in Sources */,
				CCE7D5331D50D309008FC492 /* CKReal.swift in Sources */,
				CCE7D54B1D50D309008FC492 /* CKDuration.swift in Sources */,
				CC9E768E1D58B83C00B7C738 /* CardValidator.swift in Sources */,
				CCE7D50F1D50D309008FC492 /* CKLocation.swift in Sources */,
				CCE7D5091D50D309008FC492 /* CKDistance.swift in Sources */,
				CCE7D5391D50D309008FC492 /* CKRelativeToLocation.swift in Sources */,
				CCE7D5211D50D309008FC492 /* CKAudio.swift in Sources */,
				CCE7D4FD1D50D309008FC492 /* CKBoundingBox3D.swift in Sources */,
				CC9E76A31D58E2E700B7C738 /* ValidationEngine.swift in Sources */,
				CCE7D5511D50D309008FC492 /* CKPeriodicity.swift in Sources */,
				CCE7D4E51D50D309008FC492 /* CKTimer.swift in Sources */,
				CC9E769C1D58C38800B7C738 /* Validator.swift in Sources */,
				CCE7D5031D50D309008FC492 /* CKCardinalDirection.swift in Sources */,
				CC9E76871D58B83400B7C738 /* HandValidator.swift in Sources */,
			);
			runOnlyForDeploymentPostprocessing = 0;
		};
		CCE7D46F1D50D191008FC492 /* Sources */ = {
			isa = PBXSourcesBuildPhase;
			buildActionMask = 2147483647;
			files = (
				CCE7D5101D50D309008FC492 /* CKLocation.swift in Sources */,
				CC9E76811D58B82C00B7C738 /* DeckValidator.swift in Sources */,
				CCE7D5281D50D309008FC492 /* CKImage.swift in Sources */,
				CC9E76A41D58E2E700B7C738 /* ValidationEngine.swift in Sources */,
				CCE7D52E1D50D309008FC492 /* CKInteger.swift in Sources */,
				CC9E769D1D58C38800B7C738 /* Validator.swift in Sources */,
				CCE7D5401D50D309008FC492 /* CKRelativeToObject.swift in Sources */,
				CCE7D4E61D50D309008FC492 /* CKTimer.swift in Sources */,
				CCE7D5041D50D309008FC492 /* CKCardinalDirection.swift in Sources */,
				CCE7D4F21D50D309008FC492 /* CKAngle.swift in Sources */,
				CCE7D5521D50D309008FC492 /* CKPeriodicity.swift in Sources */,
				CCE7D54C1D50D309008FC492 /* CKDuration.swift in Sources */,
				CCE7D53A1D50D309008FC492 /* CKRelativeToLocation.swift in Sources */,
				CC9E76961D58C32E00B7C738 /* ValidationError.swift in Sources */,
				CCE7D4E01D50D309008FC492 /* CKNoAction.swift in Sources */,
				CCE7D50A1D50D309008FC492 /* CKDistance.swift in Sources */,
				CCE7D4EC1D50D309008FC492 /* CKWaitUntilTime.swift in Sources */,
				CC9E768F1D58B83C00B7C738 /* CardValidator.swift in Sources */,
				CC9E76881D58B83400B7C738 /* HandValidator.swift in Sources */,
				CCE7D5341D50D309008FC492 /* CKReal.swift in Sources */,
				CCE7D4FE1D50D309008FC492 /* CKBoundingBox3D.swift in Sources */,
				CCE7D5221D50D309008FC492 /* CKAudio.swift in Sources */,
				CCE7D5461D50D309008FC492 /* CKClockTime.swift in Sources */,
				CCE7D5161D50D309008FC492 /* CKPath.swift in Sources */,
				CCE7D4791D50D191008FC492 /* CardKitRuntimeTests.swift in Sources */,
				CCE7D4F81D50D309008FC492 /* CKBoundingBox.swift in Sources */,
				CCE7D51C1D50D309008FC492 /* CKPath3D.swift in Sources */,
			);
			runOnlyForDeploymentPostprocessing = 0;
		};
		CCE7D4831D50D1AA008FC492 /* Sources */ = {
			isa = PBXSourcesBuildPhase;
			buildActionMask = 2147483647;
			files = (
				CCE7D4F91D50D309008FC492 /* CKBoundingBox.swift in Sources */,
				CCE7D51D1D50D309008FC492 /* CKPath3D.swift in Sources */,
				CCE7D4ED1D50D309008FC492 /* CKWaitUntilTime.swift in Sources */,
				CCE7D5171D50D309008FC492 /* CKPath.swift in Sources */,
				CCE7D52F1D50D309008FC492 /* CKInteger.swift in Sources */,
				CC9E76971D58C32E00B7C738 /* ValidationError.swift in Sources */,
				CCE7D5471D50D309008FC492 /* CKClockTime.swift in Sources */,
				CCE7D4F31D50D309008FC492 /* CKAngle.swift in Sources */,
				CCE7D5291D50D309008FC492 /* CKImage.swift in Sources */,
				CCE7D4E11D50D309008FC492 /* CKNoAction.swift in Sources */,
				CCE7D5411D50D309008FC492 /* CKRelativeToObject.swift in Sources */,
				CC9E76821D58B82C00B7C738 /* DeckValidator.swift in Sources */,
				CCE7D5351D50D309008FC492 /* CKReal.swift in Sources */,
				CCE7D54D1D50D309008FC492 /* CKDuration.swift in Sources */,
				CC9E76901D58B83C00B7C738 /* CardValidator.swift in Sources */,
				CCE7D5111D50D309008FC492 /* CKLocation.swift in Sources */,
				CCE7D50B1D50D309008FC492 /* CKDistance.swift in Sources */,
				CCE7D53B1D50D309008FC492 /* CKRelativeToLocation.swift in Sources */,
				CCE7D5231D50D309008FC492 /* CKAudio.swift in Sources */,
				CCE7D4FF1D50D309008FC492 /* CKBoundingBox3D.swift in Sources */,
				CC9E76A51D58E2E700B7C738 /* ValidationEngine.swift in Sources */,
				CCE7D5531D50D309008FC492 /* CKPeriodicity.swift in Sources */,
				CCE7D4E71D50D309008FC492 /* CKTimer.swift in Sources */,
				CC9E769E1D58C38800B7C738 /* Validator.swift in Sources */,
				CCE7D5051D50D309008FC492 /* CKCardinalDirection.swift in Sources */,
				CC9E76891D58B83400B7C738 /* HandValidator.swift in Sources */,
			);
			runOnlyForDeploymentPostprocessing = 0;
		};
		CCE7D48D1D50D1AA008FC492 /* Sources */ = {
			isa = PBXSourcesBuildPhase;
			buildActionMask = 2147483647;
			files = (
				CCE7D5121D50D309008FC492 /* CKLocation.swift in Sources */,
				CC9E76831D58B82C00B7C738 /* DeckValidator.swift in Sources */,
				CCE7D52A1D50D309008FC492 /* CKImage.swift in Sources */,
				CC9E76A61D58E2E700B7C738 /* ValidationEngine.swift in Sources */,
				CCE7D5301D50D309008FC492 /* CKInteger.swift in Sources */,
				CC9E769F1D58C38800B7C738 /* Validator.swift in Sources */,
				CCE7D5421D50D309008FC492 /* CKRelativeToObject.swift in Sources */,
				CCE7D4E81D50D309008FC492 /* CKTimer.swift in Sources */,
				CCE7D5061D50D309008FC492 /* CKCardinalDirection.swift in Sources */,
				CCE7D4F41D50D309008FC492 /* CKAngle.swift in Sources */,
				CCE7D5541D50D309008FC492 /* CKPeriodicity.swift in Sources */,
				CCE7D54E1D50D309008FC492 /* CKDuration.swift in Sources */,
				CCE7D53C1D50D309008FC492 /* CKRelativeToLocation.swift in Sources */,
				CC9E76981D58C32E00B7C738 /* ValidationError.swift in Sources */,
				CCE7D4E21D50D309008FC492 /* CKNoAction.swift in Sources */,
				CCE7D50C1D50D309008FC492 /* CKDistance.swift in Sources */,
				CCE7D4EE1D50D309008FC492 /* CKWaitUntilTime.swift in Sources */,
				CC9E76911D58B83C00B7C738 /* CardValidator.swift in Sources */,
				CC9E768A1D58B83400B7C738 /* HandValidator.swift in Sources */,
				CCE7D5361D50D309008FC492 /* CKReal.swift in Sources */,
				CCE7D5001D50D309008FC492 /* CKBoundingBox3D.swift in Sources */,
				CCE7D5241D50D309008FC492 /* CKAudio.swift in Sources */,
				CCE7D5481D50D309008FC492 /* CKClockTime.swift in Sources */,
				CCE7D5181D50D309008FC492 /* CKPath.swift in Sources */,
				CCE7D4BB1D50D1D0008FC492 /* CardKitRuntimeTests.swift in Sources */,
				CCE7D4FA1D50D309008FC492 /* CKBoundingBox.swift in Sources */,
				CCE7D51E1D50D309008FC492 /* CKPath3D.swift in Sources */,
			);
			runOnlyForDeploymentPostprocessing = 0;
		};
		CCE7D49F1D50D1BB008FC492 /* Sources */ = {
			isa = PBXSourcesBuildPhase;
			buildActionMask = 2147483647;
			files = (
				CCE7D4FB1D50D309008FC492 /* CKBoundingBox.swift in Sources */,
				CCE7D51F1D50D309008FC492 /* CKPath3D.swift in Sources */,
				CCE7D4EF1D50D309008FC492 /* CKWaitUntilTime.swift in Sources */,
				CCE7D5191D50D309008FC492 /* CKPath.swift in Sources */,
				CCE7D5311D50D309008FC492 /* CKInteger.swift in Sources */,
				CC9E76991D58C32E00B7C738 /* ValidationError.swift in Sources */,
				CCE7D5491D50D309008FC492 /* CKClockTime.swift in Sources */,
				CCE7D4F51D50D309008FC492 /* CKAngle.swift in Sources */,
				CCE7D52B1D50D309008FC492 /* CKImage.swift in Sources */,
				CCE7D4E31D50D309008FC492 /* CKNoAction.swift in Sources */,
				CCE7D5431D50D309008FC492 /* CKRelativeToObject.swift in Sources */,
				CC9E76841D58B82C00B7C738 /* DeckValidator.swift in Sources */,
				CCE7D5371D50D309008FC492 /* CKReal.swift in Sources */,
				CCE7D54F1D50D309008FC492 /* CKDuration.swift in Sources */,
				CC9E76921D58B83C00B7C738 /* CardValidator.swift in Sources */,
				CCE7D5131D50D309008FC492 /* CKLocation.swift in Sources */,
				CCE7D50D1D50D309008FC492 /* CKDistance.swift in Sources */,
				CCE7D53D1D50D309008FC492 /* CKRelativeToLocation.swift in Sources */,
				CCE7D5251D50D309008FC492 /* CKAudio.swift in Sources */,
				CCE7D5011D50D309008FC492 /* CKBoundingBox3D.swift in Sources */,
				CC9E76A71D58E2E700B7C738 /* ValidationEngine.swift in Sources */,
				CCE7D5551D50D309008FC492 /* CKPeriodicity.swift in Sources */,
				CCE7D4E91D50D309008FC492 /* CKTimer.swift in Sources */,
				CC9E76A01D58C38800B7C738 /* Validator.swift in Sources */,
				CCE7D5071D50D309008FC492 /* CKCardinalDirection.swift in Sources */,
				CC9E768B1D58B83400B7C738 /* HandValidator.swift in Sources */,
			);
			runOnlyForDeploymentPostprocessing = 0;
		};
		CCE7D4A91D50D1BB008FC492 /* Sources */ = {
			isa = PBXSourcesBuildPhase;
			buildActionMask = 2147483647;
			files = (
				CCE7D5141D50D309008FC492 /* CKLocation.swift in Sources */,
				CC9E76851D58B82C00B7C738 /* DeckValidator.swift in Sources */,
				CCE7D52C1D50D309008FC492 /* CKImage.swift in Sources */,
				CC9E76A81D58E2E700B7C738 /* ValidationEngine.swift in Sources */,
				CCE7D5321D50D309008FC492 /* CKInteger.swift in Sources */,
				CC9E76A11D58C38800B7C738 /* Validator.swift in Sources */,
				CCE7D5441D50D309008FC492 /* CKRelativeToObject.swift in Sources */,
				CCE7D4EA1D50D309008FC492 /* CKTimer.swift in Sources */,
				CCE7D5081D50D309008FC492 /* CKCardinalDirection.swift in Sources */,
				CCE7D4F61D50D309008FC492 /* CKAngle.swift in Sources */,
				CCE7D5561D50D309008FC492 /* CKPeriodicity.swift in Sources */,
				CCE7D5501D50D309008FC492 /* CKDuration.swift in Sources */,
				CCE7D53E1D50D309008FC492 /* CKRelativeToLocation.swift in Sources */,
				CC9E769A1D58C32E00B7C738 /* ValidationError.swift in Sources */,
				CCE7D4E41D50D309008FC492 /* CKNoAction.swift in Sources */,
				CCE7D50E1D50D309008FC492 /* CKDistance.swift in Sources */,
				CCE7D4F01D50D309008FC492 /* CKWaitUntilTime.swift in Sources */,
				CC9E76931D58B83C00B7C738 /* CardValidator.swift in Sources */,
				CC9E768C1D58B83400B7C738 /* HandValidator.swift in Sources */,
				CCE7D5381D50D309008FC492 /* CKReal.swift in Sources */,
				CCE7D5021D50D309008FC492 /* CKBoundingBox3D.swift in Sources */,
				CCE7D5261D50D309008FC492 /* CKAudio.swift in Sources */,
				CCE7D54A1D50D309008FC492 /* CKClockTime.swift in Sources */,
				CCE7D51A1D50D309008FC492 /* CKPath.swift in Sources */,
				CCE7D4BC1D50D1D0008FC492 /* CardKitRuntimeTests.swift in Sources */,
				CCE7D4FC1D50D309008FC492 /* CKBoundingBox.swift in Sources */,
				CCE7D5201D50D309008FC492 /* CKPath3D.swift in Sources */,
			);
			runOnlyForDeploymentPostprocessing = 0;
		};
/* End PBXSourcesBuildPhase section */

/* Begin PBXTargetDependency section */
		CCE7D4761D50D191008FC492 /* PBXTargetDependency */ = {
			isa = PBXTargetDependency;
			target = CCE7D4681D50D191008FC492 /* CardKitRuntime iOS */;
			targetProxy = CCE7D4751D50D191008FC492 /* PBXContainerItemProxy */;
		};
		CCE7D4941D50D1AB008FC492 /* PBXTargetDependency */ = {
			isa = PBXTargetDependency;
			target = CCE7D4871D50D1AA008FC492 /* CardKitRuntime macOS */;
			targetProxy = CCE7D4931D50D1AB008FC492 /* PBXContainerItemProxy */;
		};
		CCE7D4B01D50D1BB008FC492 /* PBXTargetDependency */ = {
			isa = PBXTargetDependency;
			target = CCE7D4A31D50D1BB008FC492 /* CardKitRuntime tvOS */;
			targetProxy = CCE7D4AF1D50D1BB008FC492 /* PBXContainerItemProxy */;
		};
/* End PBXTargetDependency section */

/* Begin XCBuildConfiguration section */
		CCE7D47B1D50D191008FC492 /* Debug */ = {
			isa = XCBuildConfiguration;
			buildSettings = {
				ALWAYS_SEARCH_USER_PATHS = NO;
				CLANG_ANALYZER_NONNULL = YES;
				CLANG_CXX_LANGUAGE_STANDARD = "gnu++0x";
				CLANG_CXX_LIBRARY = "libc++";
				CLANG_ENABLE_MODULES = YES;
				CLANG_ENABLE_OBJC_ARC = YES;
				CLANG_WARN_BOOL_CONVERSION = YES;
				CLANG_WARN_CONSTANT_CONVERSION = YES;
				CLANG_WARN_DIRECT_OBJC_ISA_USAGE = YES_ERROR;
				CLANG_WARN_EMPTY_BODY = YES;
				CLANG_WARN_ENUM_CONVERSION = YES;
				CLANG_WARN_INT_CONVERSION = YES;
				CLANG_WARN_OBJC_ROOT_CLASS = YES_ERROR;
				CLANG_WARN_UNREACHABLE_CODE = YES;
				CLANG_WARN__DUPLICATE_METHOD_MATCH = YES;
				"CODE_SIGN_IDENTITY[sdk=iphoneos*]" = "iPhone Developer";
				COPY_PHASE_STRIP = NO;
				CURRENT_PROJECT_VERSION = 1;
				DEBUG_INFORMATION_FORMAT = dwarf;
				ENABLE_STRICT_OBJC_MSGSEND = YES;
				ENABLE_TESTABILITY = YES;
				GCC_C_LANGUAGE_STANDARD = gnu99;
				GCC_DYNAMIC_NO_PIC = NO;
				GCC_NO_COMMON_BLOCKS = YES;
				GCC_OPTIMIZATION_LEVEL = 0;
				GCC_PREPROCESSOR_DEFINITIONS = (
					"DEBUG=1",
					"$(inherited)",
				);
				GCC_WARN_64_TO_32_BIT_CONVERSION = YES;
				GCC_WARN_ABOUT_RETURN_TYPE = YES_ERROR;
				GCC_WARN_UNDECLARED_SELECTOR = YES;
				GCC_WARN_UNINITIALIZED_AUTOS = YES_AGGRESSIVE;
				GCC_WARN_UNUSED_FUNCTION = YES;
				GCC_WARN_UNUSED_VARIABLE = YES;
				IPHONEOS_DEPLOYMENT_TARGET = 9.3;
				MTL_ENABLE_DEBUG_INFO = YES;
				ONLY_ACTIVE_ARCH = YES;
				SDKROOT = iphoneos;
				SWIFT_OPTIMIZATION_LEVEL = "-Onone";
				TARGETED_DEVICE_FAMILY = "1,2";
				VERSIONING_SYSTEM = "apple-generic";
				VERSION_INFO_PREFIX = "";
			};
			name = Debug;
		};
		CCE7D47C1D50D191008FC492 /* Release */ = {
			isa = XCBuildConfiguration;
			buildSettings = {
				ALWAYS_SEARCH_USER_PATHS = NO;
				CLANG_ANALYZER_NONNULL = YES;
				CLANG_CXX_LANGUAGE_STANDARD = "gnu++0x";
				CLANG_CXX_LIBRARY = "libc++";
				CLANG_ENABLE_MODULES = YES;
				CLANG_ENABLE_OBJC_ARC = YES;
				CLANG_WARN_BOOL_CONVERSION = YES;
				CLANG_WARN_CONSTANT_CONVERSION = YES;
				CLANG_WARN_DIRECT_OBJC_ISA_USAGE = YES_ERROR;
				CLANG_WARN_EMPTY_BODY = YES;
				CLANG_WARN_ENUM_CONVERSION = YES;
				CLANG_WARN_INT_CONVERSION = YES;
				CLANG_WARN_OBJC_ROOT_CLASS = YES_ERROR;
				CLANG_WARN_UNREACHABLE_CODE = YES;
				CLANG_WARN__DUPLICATE_METHOD_MATCH = YES;
				"CODE_SIGN_IDENTITY[sdk=iphoneos*]" = "iPhone Developer";
				COPY_PHASE_STRIP = NO;
				CURRENT_PROJECT_VERSION = 1;
				DEBUG_INFORMATION_FORMAT = "dwarf-with-dsym";
				ENABLE_NS_ASSERTIONS = NO;
				ENABLE_STRICT_OBJC_MSGSEND = YES;
				GCC_C_LANGUAGE_STANDARD = gnu99;
				GCC_NO_COMMON_BLOCKS = YES;
				GCC_WARN_64_TO_32_BIT_CONVERSION = YES;
				GCC_WARN_ABOUT_RETURN_TYPE = YES_ERROR;
				GCC_WARN_UNDECLARED_SELECTOR = YES;
				GCC_WARN_UNINITIALIZED_AUTOS = YES_AGGRESSIVE;
				GCC_WARN_UNUSED_FUNCTION = YES;
				GCC_WARN_UNUSED_VARIABLE = YES;
				IPHONEOS_DEPLOYMENT_TARGET = 9.3;
				MTL_ENABLE_DEBUG_INFO = NO;
				SDKROOT = iphoneos;
				TARGETED_DEVICE_FAMILY = "1,2";
				VALIDATE_PRODUCT = YES;
				VERSIONING_SYSTEM = "apple-generic";
				VERSION_INFO_PREFIX = "";
			};
			name = Release;
		};
		CCE7D47E1D50D191008FC492 /* Debug */ = {
			isa = XCBuildConfiguration;
			buildSettings = {
				DEFINES_MODULE = YES;
				DYLIB_COMPATIBILITY_VERSION = 1;
				DYLIB_CURRENT_VERSION = 1;
				DYLIB_INSTALL_NAME_BASE = "@rpath";
				INFOPLIST_FILE = CardKitRuntime/Info.plist;
				INSTALL_PATH = "$(LOCAL_LIBRARY_DIR)/Frameworks";
				LD_RUNPATH_SEARCH_PATHS = "$(inherited) @executable_path/Frameworks @loader_path/Frameworks";
				PRODUCT_BUNDLE_IDENTIFIER = com.ibm.research.CardKitRuntime;
				PRODUCT_NAME = CardKitRuntime;
				SKIP_INSTALL = YES;
			};
			name = Debug;
		};
		CCE7D47F1D50D191008FC492 /* Release */ = {
			isa = XCBuildConfiguration;
			buildSettings = {
				DEFINES_MODULE = YES;
				DYLIB_COMPATIBILITY_VERSION = 1;
				DYLIB_CURRENT_VERSION = 1;
				DYLIB_INSTALL_NAME_BASE = "@rpath";
				INFOPLIST_FILE = CardKitRuntime/Info.plist;
				INSTALL_PATH = "$(LOCAL_LIBRARY_DIR)/Frameworks";
				LD_RUNPATH_SEARCH_PATHS = "$(inherited) @executable_path/Frameworks @loader_path/Frameworks";
				PRODUCT_BUNDLE_IDENTIFIER = com.ibm.research.CardKitRuntime;
				PRODUCT_NAME = CardKitRuntime;
				SKIP_INSTALL = YES;
			};
			name = Release;
		};
		CCE7D4811D50D191008FC492 /* Debug */ = {
			isa = XCBuildConfiguration;
			buildSettings = {
				INFOPLIST_FILE = CardKitRuntimeTests/Info.plist;
				LD_RUNPATH_SEARCH_PATHS = "$(inherited) @executable_path/Frameworks @loader_path/Frameworks";
				PRODUCT_BUNDLE_IDENTIFIER = com.ibm.research.CardKitRuntimeTests;
				PRODUCT_NAME = "$(TARGET_NAME)";
			};
			name = Debug;
		};
		CCE7D4821D50D191008FC492 /* Release */ = {
			isa = XCBuildConfiguration;
			buildSettings = {
				INFOPLIST_FILE = CardKitRuntimeTests/Info.plist;
				LD_RUNPATH_SEARCH_PATHS = "$(inherited) @executable_path/Frameworks @loader_path/Frameworks";
				PRODUCT_BUNDLE_IDENTIFIER = com.ibm.research.CardKitRuntimeTests;
				PRODUCT_NAME = "$(TARGET_NAME)";
			};
			name = Release;
		};
		CCE7D49A1D50D1AB008FC492 /* Debug */ = {
			isa = XCBuildConfiguration;
			buildSettings = {
				CODE_SIGN_IDENTITY = "-";
				COMBINE_HIDPI_IMAGES = YES;
				DEFINES_MODULE = YES;
				DYLIB_COMPATIBILITY_VERSION = 1;
				DYLIB_CURRENT_VERSION = 1;
				DYLIB_INSTALL_NAME_BASE = "@rpath";
				FRAMEWORK_VERSION = A;
				INFOPLIST_FILE = CardKitRuntime/Info.plist;
				INSTALL_PATH = "$(LOCAL_LIBRARY_DIR)/Frameworks";
				LD_RUNPATH_SEARCH_PATHS = "$(inherited) @executable_path/../Frameworks @loader_path/Frameworks";
				MACOSX_DEPLOYMENT_TARGET = 10.11;
				PRODUCT_BUNDLE_IDENTIFIER = com.ibm.research.CardKitRuntime;
				PRODUCT_NAME = CardKitRuntime;
				SDKROOT = macosx;
				SKIP_INSTALL = YES;
			};
			name = Debug;
		};
		CCE7D49B1D50D1AB008FC492 /* Release */ = {
			isa = XCBuildConfiguration;
			buildSettings = {
				CODE_SIGN_IDENTITY = "-";
				COMBINE_HIDPI_IMAGES = YES;
				DEFINES_MODULE = YES;
				DYLIB_COMPATIBILITY_VERSION = 1;
				DYLIB_CURRENT_VERSION = 1;
				DYLIB_INSTALL_NAME_BASE = "@rpath";
				FRAMEWORK_VERSION = A;
				INFOPLIST_FILE = CardKitRuntime/Info.plist;
				INSTALL_PATH = "$(LOCAL_LIBRARY_DIR)/Frameworks";
				LD_RUNPATH_SEARCH_PATHS = "$(inherited) @executable_path/../Frameworks @loader_path/Frameworks";
				MACOSX_DEPLOYMENT_TARGET = 10.11;
				PRODUCT_BUNDLE_IDENTIFIER = com.ibm.research.CardKitRuntime;
				PRODUCT_NAME = CardKitRuntime;
				SDKROOT = macosx;
				SKIP_INSTALL = YES;
			};
			name = Release;
		};
		CCE7D49D1D50D1AB008FC492 /* Debug */ = {
			isa = XCBuildConfiguration;
			buildSettings = {
				CODE_SIGN_IDENTITY = "-";
				COMBINE_HIDPI_IMAGES = YES;
				INFOPLIST_FILE = CardKitRuntimeTests/Info.plist;
				LD_RUNPATH_SEARCH_PATHS = "$(inherited) @executable_path/../Frameworks @loader_path/../Frameworks";
				MACOSX_DEPLOYMENT_TARGET = 10.11;
				PRODUCT_BUNDLE_IDENTIFIER = com.ibm.research.CardKitRuntimeTests;
				PRODUCT_NAME = "$(TARGET_NAME)";
				SDKROOT = macosx;
			};
			name = Debug;
		};
		CCE7D49E1D50D1AB008FC492 /* Release */ = {
			isa = XCBuildConfiguration;
			buildSettings = {
				CODE_SIGN_IDENTITY = "-";
				COMBINE_HIDPI_IMAGES = YES;
				INFOPLIST_FILE = CardKitRuntimeTests/Info.plist;
				LD_RUNPATH_SEARCH_PATHS = "$(inherited) @executable_path/../Frameworks @loader_path/../Frameworks";
				MACOSX_DEPLOYMENT_TARGET = 10.11;
				PRODUCT_BUNDLE_IDENTIFIER = com.ibm.research.CardKitRuntimeTests;
				PRODUCT_NAME = "$(TARGET_NAME)";
				SDKROOT = macosx;
			};
			name = Release;
		};
		CCE7D4B61D50D1BB008FC492 /* Debug */ = {
			isa = XCBuildConfiguration;
			buildSettings = {
				DEFINES_MODULE = YES;
				DYLIB_COMPATIBILITY_VERSION = 1;
				DYLIB_CURRENT_VERSION = 1;
				DYLIB_INSTALL_NAME_BASE = "@rpath";
				INFOPLIST_FILE = CardKitRuntime/Info.plist;
				INSTALL_PATH = "$(LOCAL_LIBRARY_DIR)/Frameworks";
				LD_RUNPATH_SEARCH_PATHS = "$(inherited) @executable_path/Frameworks @loader_path/Frameworks";
				PRODUCT_BUNDLE_IDENTIFIER = com.ibm.research.CardKitRuntime;
				PRODUCT_NAME = CardKitRuntime;
				SDKROOT = appletvos;
				SKIP_INSTALL = YES;
				TARGETED_DEVICE_FAMILY = 3;
				TVOS_DEPLOYMENT_TARGET = 9.2;
			};
			name = Debug;
		};
		CCE7D4B71D50D1BB008FC492 /* Release */ = {
			isa = XCBuildConfiguration;
			buildSettings = {
				DEFINES_MODULE = YES;
				DYLIB_COMPATIBILITY_VERSION = 1;
				DYLIB_CURRENT_VERSION = 1;
				DYLIB_INSTALL_NAME_BASE = "@rpath";
				INFOPLIST_FILE = CardKitRuntime/Info.plist;
				INSTALL_PATH = "$(LOCAL_LIBRARY_DIR)/Frameworks";
				LD_RUNPATH_SEARCH_PATHS = "$(inherited) @executable_path/Frameworks @loader_path/Frameworks";
				PRODUCT_BUNDLE_IDENTIFIER = com.ibm.research.CardKitRuntime;
				PRODUCT_NAME = CardKitRuntime;
				SDKROOT = appletvos;
				SKIP_INSTALL = YES;
				TARGETED_DEVICE_FAMILY = 3;
				TVOS_DEPLOYMENT_TARGET = 9.2;
			};
			name = Release;
		};
		CCE7D4B91D50D1BB008FC492 /* Debug */ = {
			isa = XCBuildConfiguration;
			buildSettings = {
				INFOPLIST_FILE = CardKitRuntimeTests/Info.plist;
				LD_RUNPATH_SEARCH_PATHS = "$(inherited) @executable_path/Frameworks @loader_path/Frameworks";
				PRODUCT_BUNDLE_IDENTIFIER = com.ibm.research.CardKitRuntimeTests;
				PRODUCT_NAME = "$(TARGET_NAME)";
				SDKROOT = appletvos;
				TVOS_DEPLOYMENT_TARGET = 9.2;
			};
			name = Debug;
		};
		CCE7D4BA1D50D1BB008FC492 /* Release */ = {
			isa = XCBuildConfiguration;
			buildSettings = {
				INFOPLIST_FILE = CardKitRuntimeTests/Info.plist;
				LD_RUNPATH_SEARCH_PATHS = "$(inherited) @executable_path/Frameworks @loader_path/Frameworks";
				PRODUCT_BUNDLE_IDENTIFIER = com.ibm.research.CardKitRuntimeTests;
				PRODUCT_NAME = "$(TARGET_NAME)";
				SDKROOT = appletvos;
				TVOS_DEPLOYMENT_TARGET = 9.2;
			};
			name = Release;
		};
/* End XCBuildConfiguration section */

/* Begin XCConfigurationList section */
		CCE7D4631D50D191008FC492 /* Build configuration list for PBXProject "CardKitRuntime" */ = {
			isa = XCConfigurationList;
			buildConfigurations = (
				CCE7D47B1D50D191008FC492 /* Debug */,
				CCE7D47C1D50D191008FC492 /* Release */,
			);
			defaultConfigurationIsVisible = 0;
			defaultConfigurationName = Release;
		};
		CCE7D47D1D50D191008FC492 /* Build configuration list for PBXNativeTarget "CardKitRuntime iOS" */ = {
			isa = XCConfigurationList;
			buildConfigurations = (
				CCE7D47E1D50D191008FC492 /* Debug */,
				CCE7D47F1D50D191008FC492 /* Release */,
			);
			defaultConfigurationIsVisible = 0;
			defaultConfigurationName = Release;
		};
		CCE7D4801D50D191008FC492 /* Build configuration list for PBXNativeTarget "CardKitRuntimeTests iOS" */ = {
			isa = XCConfigurationList;
			buildConfigurations = (
				CCE7D4811D50D191008FC492 /* Debug */,
				CCE7D4821D50D191008FC492 /* Release */,
			);
			defaultConfigurationIsVisible = 0;
			defaultConfigurationName = Release;
		};
		CCE7D4991D50D1AB008FC492 /* Build configuration list for PBXNativeTarget "CardKitRuntime macOS" */ = {
			isa = XCConfigurationList;
			buildConfigurations = (
				CCE7D49A1D50D1AB008FC492 /* Debug */,
				CCE7D49B1D50D1AB008FC492 /* Release */,
			);
			defaultConfigurationIsVisible = 0;
			defaultConfigurationName = Release;
		};
		CCE7D49C1D50D1AB008FC492 /* Build configuration list for PBXNativeTarget "CardKitRuntimeTests macOS" */ = {
			isa = XCConfigurationList;
			buildConfigurations = (
				CCE7D49D1D50D1AB008FC492 /* Debug */,
				CCE7D49E1D50D1AB008FC492 /* Release */,
			);
			defaultConfigurationIsVisible = 0;
			defaultConfigurationName = Release;
		};
		CCE7D4B51D50D1BB008FC492 /* Build configuration list for PBXNativeTarget "CardKitRuntime tvOS" */ = {
			isa = XCConfigurationList;
			buildConfigurations = (
				CCE7D4B61D50D1BB008FC492 /* Debug */,
				CCE7D4B71D50D1BB008FC492 /* Release */,
			);
			defaultConfigurationIsVisible = 0;
			defaultConfigurationName = Release;
		};
		CCE7D4B81D50D1BB008FC492 /* Build configuration list for PBXNativeTarget "CardKitRuntimeTests tvOS" */ = {
			isa = XCConfigurationList;
			buildConfigurations = (
				CCE7D4B91D50D1BB008FC492 /* Debug */,
				CCE7D4BA1D50D1BB008FC492 /* Release */,
			);
			defaultConfigurationIsVisible = 0;
			defaultConfigurationName = Release;
		};
/* End XCConfigurationList section */
	};
	rootObject = CCE7D4601D50D191008FC492 /* Project object */;
}
