// !$*UTF8*$!
{
	archiveVersion = 1;
	classes = {
	};
	objectVersion = 46;
	objects = {

/* Begin PBXBuildFile section */
		CC000D851D4E96A500132B0A /* Deck.swift in Sources */ = {isa = PBXBuildFile; fileRef = CC931ABC1D4A8557001B71B1 /* Deck.swift */; };
		CC000D861D4E96A900132B0A /* Hand.swift in Sources */ = {isa = PBXBuildFile; fileRef = CC931A071D494D1F001B71B1 /* Hand.swift */; };
		CC84DF081D9564E700FE9612 /* DataExtensions.swift in Sources */ = {isa = PBXBuildFile; fileRef = CC84DF071D9564E700FE9612 /* DataExtensions.swift */; };
		CC84DF0A1D9564E700FE9612 /* DataExtensions.swift in Sources */ = {isa = PBXBuildFile; fileRef = CC84DF071D9564E700FE9612 /* DataExtensions.swift */; };
		CC84DF171D95774700FE9612 /* CardKit.swift in Sources */ = {isa = PBXBuildFile; fileRef = CC84DF161D95774700FE9612 /* CardKit.swift */; };
		CC84DF191D95774700FE9612 /* CardKit.swift in Sources */ = {isa = PBXBuildFile; fileRef = CC84DF161D95774700FE9612 /* CardKit.swift */; };
		CC9317B51D479278001B71B1 /* CardKit.h in Headers */ = {isa = PBXBuildFile; fileRef = CC9317B41D479278001B71B1 /* CardKit.h */; settings = {ATTRIBUTES = (Public, ); }; };
		CC9317BC1D479278001B71B1 /* CardKit.framework in Frameworks */ = {isa = PBXBuildFile; fileRef = CC9317B11D479278001B71B1 /* CardKit.framework */; };
		CC9317C11D479278001B71B1 /* CardKitTests.swift in Sources */ = {isa = PBXBuildFile; fileRef = CC9317C01D479278001B71B1 /* CardKitTests.swift */; };
		CC9317DA1D47929F001B71B1 /* CardKit.framework in Frameworks */ = {isa = PBXBuildFile; fileRef = CC9317D01D47929F001B71B1 /* CardKit.framework */; };
		CC9317F61D4792B7001B71B1 /* CardKit.framework in Frameworks */ = {isa = PBXBuildFile; fileRef = CC9317EC1D4792B7001B71B1 /* CardKit.framework */; };
		CC9318031D47930C001B71B1 /* CardKit.h in Headers */ = {isa = PBXBuildFile; fileRef = CC9317B41D479278001B71B1 /* CardKit.h */; settings = {ATTRIBUTES = (Public, ); }; };
		CC9318041D47930D001B71B1 /* CardKit.h in Headers */ = {isa = PBXBuildFile; fileRef = CC9317B41D479278001B71B1 /* CardKit.h */; settings = {ATTRIBUTES = (Public, ); }; };
		CC9318051D47931E001B71B1 /* CardKitTests.swift in Sources */ = {isa = PBXBuildFile; fileRef = CC9317C01D479278001B71B1 /* CardKitTests.swift */; };
		CC9318061D47931F001B71B1 /* CardKitTests.swift in Sources */ = {isa = PBXBuildFile; fileRef = CC9317C01D479278001B71B1 /* CardKitTests.swift */; };
		CC9318351D479527001B71B1 /* CardAssets.xcassets in Resources */ = {isa = PBXBuildFile; fileRef = CC93180C1D479527001B71B1 /* CardAssets.xcassets */; };
		CC9318371D479527001B71B1 /* CardAssets.xcassets in Resources */ = {isa = PBXBuildFile; fileRef = CC93180C1D479527001B71B1 /* CardAssets.xcassets */; };
		CC9318391D479527001B71B1 /* CardAssets.xcassets in Resources */ = {isa = PBXBuildFile; fileRef = CC93180C1D479527001B71B1 /* CardAssets.xcassets */; };
		CC9319971D4937C9001B71B1 /* CardAssetCatalog.swift in Sources */ = {isa = PBXBuildFile; fileRef = CC9319921D4937C9001B71B1 /* CardAssetCatalog.swift */; };
		CC9319991D4937C9001B71B1 /* CardAssetCatalog.swift in Sources */ = {isa = PBXBuildFile; fileRef = CC9319921D4937C9001B71B1 /* CardAssetCatalog.swift */; };
		CC93199D1D4937C9001B71B1 /* CardDescriptor.swift in Sources */ = {isa = PBXBuildFile; fileRef = CC9319931D4937C9001B71B1 /* CardDescriptor.swift */; };
		CC93199F1D4937C9001B71B1 /* CardDescriptor.swift in Sources */ = {isa = PBXBuildFile; fileRef = CC9319931D4937C9001B71B1 /* CardDescriptor.swift */; };
		CC9319A91D4937C9001B71B1 /* CardPath.swift in Sources */ = {isa = PBXBuildFile; fileRef = CC9319951D4937C9001B71B1 /* CardPath.swift */; };
		CC9319AB1D4937C9001B71B1 /* CardPath.swift in Sources */ = {isa = PBXBuildFile; fileRef = CC9319951D4937C9001B71B1 /* CardPath.swift */; };
		CC9319AF1D4937C9001B71B1 /* CardType.swift in Sources */ = {isa = PBXBuildFile; fileRef = CC9319961D4937C9001B71B1 /* CardType.swift */; };
		CC9319B11D4937C9001B71B1 /* CardType.swift in Sources */ = {isa = PBXBuildFile; fileRef = CC9319961D4937C9001B71B1 /* CardType.swift */; };
		CC931A031D493D54001B71B1 /* Freddy.framework in Frameworks */ = {isa = PBXBuildFile; fileRef = CC931A021D493D54001B71B1 /* Freddy.framework */; };
		CC931A081D494D1F001B71B1 /* Hand.swift in Sources */ = {isa = PBXBuildFile; fileRef = CC931A071D494D1F001B71B1 /* Hand.swift */; };
		CC931A391D495457001B71B1 /* ActionCardDescriptor.swift in Sources */ = {isa = PBXBuildFile; fileRef = CC931A341D495457001B71B1 /* ActionCardDescriptor.swift */; };
		CC931A3B1D495457001B71B1 /* ActionCardDescriptor.swift in Sources */ = {isa = PBXBuildFile; fileRef = CC931A341D495457001B71B1 /* ActionCardDescriptor.swift */; };
		CC931A3F1D495457001B71B1 /* DeckCardDescriptor.swift in Sources */ = {isa = PBXBuildFile; fileRef = CC931A351D495457001B71B1 /* DeckCardDescriptor.swift */; };
		CC931A411D495457001B71B1 /* DeckCardDescriptor.swift in Sources */ = {isa = PBXBuildFile; fileRef = CC931A351D495457001B71B1 /* DeckCardDescriptor.swift */; };
		CC931A451D495457001B71B1 /* HandCardDescriptor.swift in Sources */ = {isa = PBXBuildFile; fileRef = CC931A361D495457001B71B1 /* HandCardDescriptor.swift */; };
		CC931A471D495457001B71B1 /* HandCardDescriptor.swift in Sources */ = {isa = PBXBuildFile; fileRef = CC931A361D495457001B71B1 /* HandCardDescriptor.swift */; };
		CC931A4B1D495457001B71B1 /* InputCardDescriptor.swift in Sources */ = {isa = PBXBuildFile; fileRef = CC931A371D495457001B71B1 /* InputCardDescriptor.swift */; };
		CC931A4D1D495457001B71B1 /* InputCardDescriptor.swift in Sources */ = {isa = PBXBuildFile; fileRef = CC931A371D495457001B71B1 /* InputCardDescriptor.swift */; };
		CC931A511D495457001B71B1 /* TokenCardDescriptor.swift in Sources */ = {isa = PBXBuildFile; fileRef = CC931A381D495457001B71B1 /* TokenCardDescriptor.swift */; };
		CC931A531D495457001B71B1 /* TokenCardDescriptor.swift in Sources */ = {isa = PBXBuildFile; fileRef = CC931A381D495457001B71B1 /* TokenCardDescriptor.swift */; };
		CC931A671D4961D9001B71B1 /* Card.swift in Sources */ = {isa = PBXBuildFile; fileRef = CC931A661D4961D9001B71B1 /* Card.swift */; };
		CC931A691D4961D9001B71B1 /* Card.swift in Sources */ = {isa = PBXBuildFile; fileRef = CC931A661D4961D9001B71B1 /* Card.swift */; };
		CC931A6E1D4961E9001B71B1 /* ActionCard.swift in Sources */ = {isa = PBXBuildFile; fileRef = CC931A6D1D4961E9001B71B1 /* ActionCard.swift */; };
		CC931A701D4961E9001B71B1 /* ActionCard.swift in Sources */ = {isa = PBXBuildFile; fileRef = CC931A6D1D4961E9001B71B1 /* ActionCard.swift */; };
		CC931A751D49622A001B71B1 /* DeckCard.swift in Sources */ = {isa = PBXBuildFile; fileRef = CC931A741D49622A001B71B1 /* DeckCard.swift */; };
		CC931A771D49622A001B71B1 /* DeckCard.swift in Sources */ = {isa = PBXBuildFile; fileRef = CC931A741D49622A001B71B1 /* DeckCard.swift */; };
		CC931A7C1D496231001B71B1 /* HandCard.swift in Sources */ = {isa = PBXBuildFile; fileRef = CC931A7B1D496231001B71B1 /* HandCard.swift */; };
		CC931A7E1D496231001B71B1 /* HandCard.swift in Sources */ = {isa = PBXBuildFile; fileRef = CC931A7B1D496231001B71B1 /* HandCard.swift */; };
		CC931A831D496238001B71B1 /* InputCard.swift in Sources */ = {isa = PBXBuildFile; fileRef = CC931A821D496238001B71B1 /* InputCard.swift */; };
		CC931A851D496238001B71B1 /* InputCard.swift in Sources */ = {isa = PBXBuildFile; fileRef = CC931A821D496238001B71B1 /* InputCard.swift */; };
		CC931A8A1D49623E001B71B1 /* TokenCard.swift in Sources */ = {isa = PBXBuildFile; fileRef = CC931A891D49623E001B71B1 /* TokenCard.swift */; };
		CC931A8C1D49623E001B71B1 /* TokenCard.swift in Sources */ = {isa = PBXBuildFile; fileRef = CC931A891D49623E001B71B1 /* TokenCard.swift */; };
		CC931ABD1D4A8557001B71B1 /* Deck.swift in Sources */ = {isa = PBXBuildFile; fileRef = CC931ABC1D4A8557001B71B1 /* Deck.swift */; };
		CC931BCD1D4BB350001B71B1 /* DateExtensions.swift in Sources */ = {isa = PBXBuildFile; fileRef = CC931BCC1D4BB350001B71B1 /* DateExtensions.swift */; };
		CC931BCF1D4BB350001B71B1 /* DateExtensions.swift in Sources */ = {isa = PBXBuildFile; fileRef = CC931BCC1D4BB350001B71B1 /* DateExtensions.swift */; };
		CC9E75CF1D5145BD00B7C738 /* Freddy.framework in Frameworks */ = {isa = PBXBuildFile; fileRef = CC9E75CE1D5145BD00B7C738 /* Freddy.framework */; };
		CC9E763F1D523DBE00B7C738 /* CardDescriptorTests.swift in Sources */ = {isa = PBXBuildFile; fileRef = CC9E763E1D523DBE00B7C738 /* CardDescriptorTests.swift */; };
		CC9E76401D523DBE00B7C738 /* CardDescriptorTests.swift in Sources */ = {isa = PBXBuildFile; fileRef = CC9E763E1D523DBE00B7C738 /* CardDescriptorTests.swift */; };
		CC9E76411D523DBE00B7C738 /* CardDescriptorTests.swift in Sources */ = {isa = PBXBuildFile; fileRef = CC9E763E1D523DBE00B7C738 /* CardDescriptorTests.swift */; };
		CC9E76441D524AD800B7C738 /* DeckBuilder.swift in Sources */ = {isa = PBXBuildFile; fileRef = CC9E76431D524AD800B7C738 /* DeckBuilder.swift */; };
		CC9E76461D524AD800B7C738 /* DeckBuilder.swift in Sources */ = {isa = PBXBuildFile; fileRef = CC9E76431D524AD800B7C738 /* DeckBuilder.swift */; };
		CC9E764B1D526F0200B7C738 /* ArrayExtensions.swift in Sources */ = {isa = PBXBuildFile; fileRef = CC9E764A1D526F0200B7C738 /* ArrayExtensions.swift */; };
		CC9E764D1D526F0200B7C738 /* ArrayExtensions.swift in Sources */ = {isa = PBXBuildFile; fileRef = CC9E764A1D526F0200B7C738 /* ArrayExtensions.swift */; };
		CC9E76521D52822300B7C738 /* DeckBuilderTests.swift in Sources */ = {isa = PBXBuildFile; fileRef = CC9E76511D52822300B7C738 /* DeckBuilderTests.swift */; };
		CC9E76531D52822300B7C738 /* DeckBuilderTests.swift in Sources */ = {isa = PBXBuildFile; fileRef = CC9E76511D52822300B7C738 /* DeckBuilderTests.swift */; };
		CC9E76541D52822300B7C738 /* DeckBuilderTests.swift in Sources */ = {isa = PBXBuildFile; fileRef = CC9E76511D52822300B7C738 /* DeckBuilderTests.swift */; };
		CC9E76561D5370B300B7C738 /* InputBindingTests.swift in Sources */ = {isa = PBXBuildFile; fileRef = CC9E76551D5370B300B7C738 /* InputBindingTests.swift */; };
		CC9E76571D5370B300B7C738 /* InputBindingTests.swift in Sources */ = {isa = PBXBuildFile; fileRef = CC9E76551D5370B300B7C738 /* InputBindingTests.swift */; };
		CC9E76581D5370B300B7C738 /* InputBindingTests.swift in Sources */ = {isa = PBXBuildFile; fileRef = CC9E76551D5370B300B7C738 /* InputBindingTests.swift */; };
		CC9E765A1D53C1BC00B7C738 /* HandTests.swift in Sources */ = {isa = PBXBuildFile; fileRef = CC9E76591D53C1BC00B7C738 /* HandTests.swift */; };
		CC9E765B1D53C1BC00B7C738 /* HandTests.swift in Sources */ = {isa = PBXBuildFile; fileRef = CC9E76591D53C1BC00B7C738 /* HandTests.swift */; };
		CC9E765C1D53C1BC00B7C738 /* HandTests.swift in Sources */ = {isa = PBXBuildFile; fileRef = CC9E76591D53C1BC00B7C738 /* HandTests.swift */; };
		CC9E765E1D54C31C00B7C738 /* SetExtensions.swift in Sources */ = {isa = PBXBuildFile; fileRef = CC9E765D1D54C31C00B7C738 /* SetExtensions.swift */; };
		CC9E765F1D54C31C00B7C738 /* SetExtensions.swift in Sources */ = {isa = PBXBuildFile; fileRef = CC9E765D1D54C31C00B7C738 /* SetExtensions.swift */; };
		CC9E76621D54F33500B7C738 /* DeckTests.swift in Sources */ = {isa = PBXBuildFile; fileRef = CC9E76611D54F33500B7C738 /* DeckTests.swift */; };
		CC9E76631D54F33500B7C738 /* DeckTests.swift in Sources */ = {isa = PBXBuildFile; fileRef = CC9E76611D54F33500B7C738 /* DeckTests.swift */; };
		CC9E76641D54F33500B7C738 /* DeckTests.swift in Sources */ = {isa = PBXBuildFile; fileRef = CC9E76611D54F33500B7C738 /* DeckTests.swift */; };
		CCBB792B1D7466E0003B6458 /* CKTestCards.swift in Sources */ = {isa = PBXBuildFile; fileRef = CCBB792A1D7466E0003B6458 /* CKTestCards.swift */; };
		CCBB792C1D7466E0003B6458 /* CKTestCards.swift in Sources */ = {isa = PBXBuildFile; fileRef = CCBB792A1D7466E0003B6458 /* CKTestCards.swift */; };
		CCBB792D1D7466E0003B6458 /* CKTestCards.swift in Sources */ = {isa = PBXBuildFile; fileRef = CCBB792A1D7466E0003B6458 /* CKTestCards.swift */; };
		CCE728DA1D5A18B700A347D8 /* Freddy.framework in Frameworks */ = {isa = PBXBuildFile; fileRef = CC9319FE1D493D45001B71B1 /* Freddy.framework */; };
		CCE729191D5A33F400A347D8 /* HandEndRule.swift in Sources */ = {isa = PBXBuildFile; fileRef = CCE729161D5A33F400A347D8 /* HandEndRule.swift */; };
		CCE7291B1D5A33F400A347D8 /* HandEndRule.swift in Sources */ = {isa = PBXBuildFile; fileRef = CCE729161D5A33F400A347D8 /* HandEndRule.swift */; };
		CCE729251D5A33F400A347D8 /* HandCardType.swift in Sources */ = {isa = PBXBuildFile; fileRef = CCE729181D5A33F400A347D8 /* HandCardType.swift */; };
		CCE729271D5A33F400A347D8 /* HandCardType.swift in Sources */ = {isa = PBXBuildFile; fileRef = CCE729181D5A33F400A347D8 /* HandCardType.swift */; };
		CCE729391D5A465E00A347D8 /* Input.swift in Sources */ = {isa = PBXBuildFile; fileRef = CCE729331D5A465E00A347D8 /* Input.swift */; };
		CCE7293B1D5A465E00A347D8 /* Input.swift in Sources */ = {isa = PBXBuildFile; fileRef = CCE729331D5A465E00A347D8 /* Input.swift */; };
		CCE7293F1D5A465E00A347D8 /* InputSlot.swift in Sources */ = {isa = PBXBuildFile; fileRef = CCE729341D5A465E00A347D8 /* InputSlot.swift */; };
		CCE729411D5A465E00A347D8 /* InputSlot.swift in Sources */ = {isa = PBXBuildFile; fileRef = CCE729341D5A465E00A347D8 /* InputSlot.swift */; };
		CCE729511D5A465E00A347D8 /* TokenSlot.swift in Sources */ = {isa = PBXBuildFile; fileRef = CCE729371D5A465E00A347D8 /* TokenSlot.swift */; };
		CCE729531D5A465E00A347D8 /* TokenSlot.swift in Sources */ = {isa = PBXBuildFile; fileRef = CCE729371D5A465E00A347D8 /* TokenSlot.swift */; };
		CCE729571D5A465E00A347D8 /* Yield.swift in Sources */ = {isa = PBXBuildFile; fileRef = CCE729381D5A465E00A347D8 /* Yield.swift */; };
		CCE729591D5A465E00A347D8 /* Yield.swift in Sources */ = {isa = PBXBuildFile; fileRef = CCE729381D5A465E00A347D8 /* Yield.swift */; };
		CCE729641D5B75B300A347D8 /* AcceptsInputs.swift in Sources */ = {isa = PBXBuildFile; fileRef = CCE7295E1D5B75B300A347D8 /* AcceptsInputs.swift */; };
		CCE729661D5B75B300A347D8 /* AcceptsInputs.swift in Sources */ = {isa = PBXBuildFile; fileRef = CCE7295E1D5B75B300A347D8 /* AcceptsInputs.swift */; };
		CCE7296A1D5B75B300A347D8 /* AcceptsTokens.swift in Sources */ = {isa = PBXBuildFile; fileRef = CCE7295F1D5B75B300A347D8 /* AcceptsTokens.swift */; };
		CCE7296C1D5B75B300A347D8 /* AcceptsTokens.swift in Sources */ = {isa = PBXBuildFile; fileRef = CCE7295F1D5B75B300A347D8 /* AcceptsTokens.swift */; };
		CCE729701D5B75B300A347D8 /* Consumable.swift in Sources */ = {isa = PBXBuildFile; fileRef = CCE729601D5B75B300A347D8 /* Consumable.swift */; };
		CCE729721D5B75B300A347D8 /* Consumable.swift in Sources */ = {isa = PBXBuildFile; fileRef = CCE729601D5B75B300A347D8 /* Consumable.swift */; };
		CCE729761D5B75B300A347D8 /* ProducesInput.swift in Sources */ = {isa = PBXBuildFile; fileRef = CCE729611D5B75B300A347D8 /* ProducesInput.swift */; };
		CCE729781D5B75B300A347D8 /* ProducesInput.swift in Sources */ = {isa = PBXBuildFile; fileRef = CCE729611D5B75B300A347D8 /* ProducesInput.swift */; };
		CCE7297C1D5B75B300A347D8 /* ProducesYields.swift in Sources */ = {isa = PBXBuildFile; fileRef = CCE729621D5B75B300A347D8 /* ProducesYields.swift */; };
		CCE7297E1D5B75B300A347D8 /* ProducesYields.swift in Sources */ = {isa = PBXBuildFile; fileRef = CCE729621D5B75B300A347D8 /* ProducesYields.swift */; };
		CCE729821D5B75B300A347D8 /* Satisfiable.swift in Sources */ = {isa = PBXBuildFile; fileRef = CCE729631D5B75B300A347D8 /* Satisfiable.swift */; };
		CCE729841D5B75B300A347D8 /* Satisfiable.swift in Sources */ = {isa = PBXBuildFile; fileRef = CCE729631D5B75B300A347D8 /* Satisfiable.swift */; };
		CCE7298C1D5B75B900A347D8 /* BindsWithActionCard.swift in Sources */ = {isa = PBXBuildFile; fileRef = CCE729891D5B75B900A347D8 /* BindsWithActionCard.swift */; };
		CCE7298E1D5B75B900A347D8 /* BindsWithActionCard.swift in Sources */ = {isa = PBXBuildFile; fileRef = CCE729891D5B75B900A347D8 /* BindsWithActionCard.swift */; };
		CCE729921D5B75B900A347D8 /* BindsWithInputCard.swift in Sources */ = {isa = PBXBuildFile; fileRef = CCE7298A1D5B75B900A347D8 /* BindsWithInputCard.swift */; };
		CCE729941D5B75B900A347D8 /* BindsWithInputCard.swift in Sources */ = {isa = PBXBuildFile; fileRef = CCE7298A1D5B75B900A347D8 /* BindsWithInputCard.swift */; };
		CCE729981D5B75B900A347D8 /* BindsWithTokenCard.swift in Sources */ = {isa = PBXBuildFile; fileRef = CCE7298B1D5B75B900A347D8 /* BindsWithTokenCard.swift */; };
		CCE7299A1D5B75B900A347D8 /* BindsWithTokenCard.swift in Sources */ = {isa = PBXBuildFile; fileRef = CCE7298B1D5B75B900A347D8 /* BindsWithTokenCard.swift */; };
		CCE729A71D5CAD1F00A347D8 /* CardTree.swift in Sources */ = {isa = PBXBuildFile; fileRef = CCE729A61D5CAD1F00A347D8 /* CardTree.swift */; };
		CCE729A91D5CAD1F00A347D8 /* CardTree.swift in Sources */ = {isa = PBXBuildFile; fileRef = CCE729A61D5CAD1F00A347D8 /* CardTree.swift */; };
		CCE729B51D5CB18E00A347D8 /* HandLogicOperation.swift in Sources */ = {isa = PBXBuildFile; fileRef = CCE729B41D5CB18E00A347D8 /* HandLogicOperation.swift */; };
		CCE729B71D5CB18E00A347D8 /* HandLogicOperation.swift in Sources */ = {isa = PBXBuildFile; fileRef = CCE729B41D5CB18E00A347D8 /* HandLogicOperation.swift */; };
		CCE729BC1D5E09BC00A347D8 /* CardTreeNode.swift in Sources */ = {isa = PBXBuildFile; fileRef = CCE729BB1D5E09BC00A347D8 /* CardTreeNode.swift */; };
		CCE729BE1D5E09BC00A347D8 /* CardTreeNode.swift in Sources */ = {isa = PBXBuildFile; fileRef = CCE729BB1D5E09BC00A347D8 /* CardTreeNode.swift */; };
		CCE72A0B1D64992900A347D8 /* Freddy.framework in Frameworks */ = {isa = PBXBuildFile; fileRef = CC9319FE1D493D45001B71B1 /* Freddy.framework */; };
		CCE72A0C1D64993600A347D8 /* Freddy.framework in Frameworks */ = {isa = PBXBuildFile; fileRef = CC9E75CE1D5145BD00B7C738 /* Freddy.framework */; };
		CCE72A0D1D64993D00A347D8 /* Freddy.framework in Frameworks */ = {isa = PBXBuildFile; fileRef = CC931A021D493D54001B71B1 /* Freddy.framework */; };
		F9FDA9821DFF09B700256F2C /* CardKit.swift in Sources */ = {isa = PBXBuildFile; fileRef = CC84DF161D95774700FE9612 /* CardKit.swift */; };
		F9FDA9831DFF09B700256F2C /* CardDescriptor.swift in Sources */ = {isa = PBXBuildFile; fileRef = CC9319931D4937C9001B71B1 /* CardDescriptor.swift */; };
		F9FDA9841DFF09B700256F2C /* CardPath.swift in Sources */ = {isa = PBXBuildFile; fileRef = CC9319951D4937C9001B71B1 /* CardPath.swift */; };
		F9FDA9851DFF09B700256F2C /* CardType.swift in Sources */ = {isa = PBXBuildFile; fileRef = CC9319961D4937C9001B71B1 /* CardType.swift */; };
		F9FDA9861DFF09B700256F2C /* CardAssetCatalog.swift in Sources */ = {isa = PBXBuildFile; fileRef = CC9319921D4937C9001B71B1 /* CardAssetCatalog.swift */; };
		F9FDA9871DFF09B700256F2C /* ActionCardDescriptor.swift in Sources */ = {isa = PBXBuildFile; fileRef = CC931A341D495457001B71B1 /* ActionCardDescriptor.swift */; };
		F9FDA9881DFF09B700256F2C /* DeckCardDescriptor.swift in Sources */ = {isa = PBXBuildFile; fileRef = CC931A351D495457001B71B1 /* DeckCardDescriptor.swift */; };
		F9FDA9891DFF09B700256F2C /* HandCardDescriptor.swift in Sources */ = {isa = PBXBuildFile; fileRef = CC931A361D495457001B71B1 /* HandCardDescriptor.swift */; };
		F9FDA98A1DFF09B700256F2C /* InputCardDescriptor.swift in Sources */ = {isa = PBXBuildFile; fileRef = CC931A371D495457001B71B1 /* InputCardDescriptor.swift */; };
		F9FDA98B1DFF09B700256F2C /* TokenCardDescriptor.swift in Sources */ = {isa = PBXBuildFile; fileRef = CC931A381D495457001B71B1 /* TokenCardDescriptor.swift */; };
		F9FDA98C1DFF09B700256F2C /* AcceptsInputs.swift in Sources */ = {isa = PBXBuildFile; fileRef = CCE7295E1D5B75B300A347D8 /* AcceptsInputs.swift */; };
		F9FDA98D1DFF09B700256F2C /* AcceptsTokens.swift in Sources */ = {isa = PBXBuildFile; fileRef = CCE7295F1D5B75B300A347D8 /* AcceptsTokens.swift */; };
		F9FDA98E1DFF09B700256F2C /* Consumable.swift in Sources */ = {isa = PBXBuildFile; fileRef = CCE729601D5B75B300A347D8 /* Consumable.swift */; };
		F9FDA98F1DFF09B700256F2C /* ProducesInput.swift in Sources */ = {isa = PBXBuildFile; fileRef = CCE729611D5B75B300A347D8 /* ProducesInput.swift */; };
		F9FDA9901DFF09B700256F2C /* ProducesYields.swift in Sources */ = {isa = PBXBuildFile; fileRef = CCE729621D5B75B300A347D8 /* ProducesYields.swift */; };
		F9FDA9911DFF09B700256F2C /* Satisfiable.swift in Sources */ = {isa = PBXBuildFile; fileRef = CCE729631D5B75B300A347D8 /* Satisfiable.swift */; };
		F9FDA9921DFF09B700256F2C /* Card.swift in Sources */ = {isa = PBXBuildFile; fileRef = CC931A661D4961D9001B71B1 /* Card.swift */; };
		F9FDA9931DFF09B700256F2C /* ActionCard.swift in Sources */ = {isa = PBXBuildFile; fileRef = CC931A6D1D4961E9001B71B1 /* ActionCard.swift */; };
		F9FDA9941DFF09B700256F2C /* DeckCard.swift in Sources */ = {isa = PBXBuildFile; fileRef = CC931A741D49622A001B71B1 /* DeckCard.swift */; };
		F9FDA9951DFF09B700256F2C /* HandCard.swift in Sources */ = {isa = PBXBuildFile; fileRef = CC931A7B1D496231001B71B1 /* HandCard.swift */; };
		F9FDA9961DFF09B700256F2C /* InputCard.swift in Sources */ = {isa = PBXBuildFile; fileRef = CC931A821D496238001B71B1 /* InputCard.swift */; };
		F9FDA9971DFF09B700256F2C /* TokenCard.swift in Sources */ = {isa = PBXBuildFile; fileRef = CC931A891D49623E001B71B1 /* TokenCard.swift */; };
		F9FDA9981DFF09B700256F2C /* BindsWithActionCard.swift in Sources */ = {isa = PBXBuildFile; fileRef = CCE729891D5B75B900A347D8 /* BindsWithActionCard.swift */; };
		F9FDA9991DFF09B700256F2C /* BindsWithInputCard.swift in Sources */ = {isa = PBXBuildFile; fileRef = CCE7298A1D5B75B900A347D8 /* BindsWithInputCard.swift */; };
		F9FDA99A1DFF09B700256F2C /* BindsWithTokenCard.swift in Sources */ = {isa = PBXBuildFile; fileRef = CCE7298B1D5B75B900A347D8 /* BindsWithTokenCard.swift */; };
		F9FDA99B1DFF09B700256F2C /* Input.swift in Sources */ = {isa = PBXBuildFile; fileRef = CCE729331D5A465E00A347D8 /* Input.swift */; };
		F9FDA99C1DFF09B700256F2C /* InputSlot.swift in Sources */ = {isa = PBXBuildFile; fileRef = CCE729341D5A465E00A347D8 /* InputSlot.swift */; };
		F9FDA99D1DFF09B700256F2C /* TokenSlot.swift in Sources */ = {isa = PBXBuildFile; fileRef = CCE729371D5A465E00A347D8 /* TokenSlot.swift */; };
		F9FDA99E1DFF09B700256F2C /* Yield.swift in Sources */ = {isa = PBXBuildFile; fileRef = CCE729381D5A465E00A347D8 /* Yield.swift */; };
		F9FDA99F1DFF09B700256F2C /* Hand.swift in Sources */ = {isa = PBXBuildFile; fileRef = CC931A071D494D1F001B71B1 /* Hand.swift */; };
		F9FDA9A01DFF09B700256F2C /* CardTree.swift in Sources */ = {isa = PBXBuildFile; fileRef = CCE729A61D5CAD1F00A347D8 /* CardTree.swift */; };
		F9FDA9A11DFF09B700256F2C /* CardTreeNode.swift in Sources */ = {isa = PBXBuildFile; fileRef = CCE729BB1D5E09BC00A347D8 /* CardTreeNode.swift */; };
		F9FDA9A21DFF09B700256F2C /* HandCardType.swift in Sources */ = {isa = PBXBuildFile; fileRef = CCE729181D5A33F400A347D8 /* HandCardType.swift */; };
		F9FDA9A31DFF09B700256F2C /* HandEndRule.swift in Sources */ = {isa = PBXBuildFile; fileRef = CCE729161D5A33F400A347D8 /* HandEndRule.swift */; };
		F9FDA9A41DFF09B700256F2C /* HandLogicOperation.swift in Sources */ = {isa = PBXBuildFile; fileRef = CCE729B41D5CB18E00A347D8 /* HandLogicOperation.swift */; };
		F9FDA9A51DFF09B700256F2C /* Deck.swift in Sources */ = {isa = PBXBuildFile; fileRef = CC931ABC1D4A8557001B71B1 /* Deck.swift */; };
		F9FDA9A61DFF09B700256F2C /* DeckBuilder.swift in Sources */ = {isa = PBXBuildFile; fileRef = CC9E76431D524AD800B7C738 /* DeckBuilder.swift */; };
		F9FDA9A71DFF09B700256F2C /* ArrayExtensions.swift in Sources */ = {isa = PBXBuildFile; fileRef = CC9E764A1D526F0200B7C738 /* ArrayExtensions.swift */; };
		F9FDA9A81DFF09B700256F2C /* DataExtensions.swift in Sources */ = {isa = PBXBuildFile; fileRef = CC84DF071D9564E700FE9612 /* DataExtensions.swift */; };
		F9FDA9A91DFF09B700256F2C /* DateExtensions.swift in Sources */ = {isa = PBXBuildFile; fileRef = CC931BCC1D4BB350001B71B1 /* DateExtensions.swift */; };
		F9FDA9AA1DFF09B700256F2C /* SetExtensions.swift in Sources */ = {isa = PBXBuildFile; fileRef = CC9E765D1D54C31C00B7C738 /* SetExtensions.swift */; };
/* End PBXBuildFile section */

/* Begin PBXContainerItemProxy section */
		CC9317BD1D479278001B71B1 /* PBXContainerItemProxy */ = {
			isa = PBXContainerItemProxy;
			containerPortal = CC9317A81D479278001B71B1 /* Project object */;
			proxyType = 1;
			remoteGlobalIDString = CC9317B01D479278001B71B1;
			remoteInfo = CardKit;
		};
		CC9317DB1D47929F001B71B1 /* PBXContainerItemProxy */ = {
			isa = PBXContainerItemProxy;
			containerPortal = CC9317A81D479278001B71B1 /* Project object */;
			proxyType = 1;
			remoteGlobalIDString = CC9317CF1D47929F001B71B1;
			remoteInfo = CardKit;
		};
		CC9317F71D4792B7001B71B1 /* PBXContainerItemProxy */ = {
			isa = PBXContainerItemProxy;
			containerPortal = CC9317A81D479278001B71B1 /* Project object */;
			proxyType = 1;
			remoteGlobalIDString = CC9317EB1D4792B7001B71B1;
			remoteInfo = CardKit;
		};
/* End PBXContainerItemProxy section */

/* Begin PBXFileReference section */
		CC84DF071D9564E700FE9612 /* DataExtensions.swift */ = {isa = PBXFileReference; fileEncoding = 4; lastKnownFileType = sourcecode.swift; path = DataExtensions.swift; sourceTree = "<group>"; };
		CC84DF161D95774700FE9612 /* CardKit.swift */ = {isa = PBXFileReference; fileEncoding = 4; lastKnownFileType = sourcecode.swift; path = CardKit.swift; sourceTree = "<group>"; };
		CC9317B11D479278001B71B1 /* CardKit.framework */ = {isa = PBXFileReference; explicitFileType = wrapper.framework; includeInIndex = 0; path = CardKit.framework; sourceTree = BUILT_PRODUCTS_DIR; };
		CC9317B41D479278001B71B1 /* CardKit.h */ = {isa = PBXFileReference; lastKnownFileType = sourcecode.c.h; path = CardKit.h; sourceTree = "<group>"; };
		CC9317B61D479278001B71B1 /* Info.plist */ = {isa = PBXFileReference; lastKnownFileType = text.plist.xml; path = Info.plist; sourceTree = "<group>"; };
		CC9317BB1D479278001B71B1 /* CardKitTests iOS.xctest */ = {isa = PBXFileReference; explicitFileType = wrapper.cfbundle; includeInIndex = 0; path = "CardKitTests iOS.xctest"; sourceTree = BUILT_PRODUCTS_DIR; };
		CC9317C01D479278001B71B1 /* CardKitTests.swift */ = {isa = PBXFileReference; lastKnownFileType = sourcecode.swift; path = CardKitTests.swift; sourceTree = "<group>"; };
		CC9317C21D479278001B71B1 /* Info.plist */ = {isa = PBXFileReference; lastKnownFileType = text.plist.xml; path = Info.plist; sourceTree = "<group>"; };
		CC9317D01D47929F001B71B1 /* CardKit.framework */ = {isa = PBXFileReference; explicitFileType = wrapper.framework; includeInIndex = 0; path = CardKit.framework; sourceTree = BUILT_PRODUCTS_DIR; };
		CC9317D91D47929F001B71B1 /* CardKitTests macOS.xctest */ = {isa = PBXFileReference; explicitFileType = wrapper.cfbundle; includeInIndex = 0; path = "CardKitTests macOS.xctest"; sourceTree = BUILT_PRODUCTS_DIR; };
		CC9317EC1D4792B7001B71B1 /* CardKit.framework */ = {isa = PBXFileReference; explicitFileType = wrapper.framework; includeInIndex = 0; path = CardKit.framework; sourceTree = BUILT_PRODUCTS_DIR; };
		CC9317F51D4792B7001B71B1 /* CardKitTests tvOS.xctest */ = {isa = PBXFileReference; explicitFileType = wrapper.cfbundle; includeInIndex = 0; path = "CardKitTests tvOS.xctest"; sourceTree = BUILT_PRODUCTS_DIR; };
		CC93180C1D479527001B71B1 /* CardAssets.xcassets */ = {isa = PBXFileReference; lastKnownFileType = folder.assetcatalog; path = CardAssets.xcassets; sourceTree = "<group>"; };
		CC9319921D4937C9001B71B1 /* CardAssetCatalog.swift */ = {isa = PBXFileReference; fileEncoding = 4; lastKnownFileType = sourcecode.swift; path = CardAssetCatalog.swift; sourceTree = "<group>"; };
		CC9319931D4937C9001B71B1 /* CardDescriptor.swift */ = {isa = PBXFileReference; fileEncoding = 4; lastKnownFileType = sourcecode.swift; path = CardDescriptor.swift; sourceTree = "<group>"; };
		CC9319951D4937C9001B71B1 /* CardPath.swift */ = {isa = PBXFileReference; fileEncoding = 4; lastKnownFileType = sourcecode.swift; path = CardPath.swift; sourceTree = "<group>"; };
		CC9319961D4937C9001B71B1 /* CardType.swift */ = {isa = PBXFileReference; fileEncoding = 4; lastKnownFileType = sourcecode.swift; path = CardType.swift; sourceTree = "<group>"; };
		CC9319FE1D493D45001B71B1 /* Freddy.framework */ = {isa = PBXFileReference; lastKnownFileType = wrapper.framework; name = Freddy.framework; path = Carthage/Build/iOS/Freddy.framework; sourceTree = "<group>"; };
		CC931A021D493D54001B71B1 /* Freddy.framework */ = {isa = PBXFileReference; lastKnownFileType = wrapper.framework; name = Freddy.framework; path = Carthage/Build/tvOS/Freddy.framework; sourceTree = "<group>"; };
		CC931A071D494D1F001B71B1 /* Hand.swift */ = {isa = PBXFileReference; fileEncoding = 4; lastKnownFileType = sourcecode.swift; path = Hand.swift; sourceTree = "<group>"; };
		CC931A341D495457001B71B1 /* ActionCardDescriptor.swift */ = {isa = PBXFileReference; fileEncoding = 4; lastKnownFileType = sourcecode.swift; lineEnding = 0; path = ActionCardDescriptor.swift; sourceTree = "<group>"; xcLanguageSpecificationIdentifier = xcode.lang.swift; };
		CC931A351D495457001B71B1 /* DeckCardDescriptor.swift */ = {isa = PBXFileReference; fileEncoding = 4; lastKnownFileType = sourcecode.swift; lineEnding = 0; path = DeckCardDescriptor.swift; sourceTree = "<group>"; xcLanguageSpecificationIdentifier = xcode.lang.swift; };
		CC931A361D495457001B71B1 /* HandCardDescriptor.swift */ = {isa = PBXFileReference; fileEncoding = 4; lastKnownFileType = sourcecode.swift; lineEnding = 0; path = HandCardDescriptor.swift; sourceTree = "<group>"; xcLanguageSpecificationIdentifier = xcode.lang.swift; };
		CC931A371D495457001B71B1 /* InputCardDescriptor.swift */ = {isa = PBXFileReference; fileEncoding = 4; lastKnownFileType = sourcecode.swift; path = InputCardDescriptor.swift; sourceTree = "<group>"; };
		CC931A381D495457001B71B1 /* TokenCardDescriptor.swift */ = {isa = PBXFileReference; fileEncoding = 4; lastKnownFileType = sourcecode.swift; path = TokenCardDescriptor.swift; sourceTree = "<group>"; };
		CC931A661D4961D9001B71B1 /* Card.swift */ = {isa = PBXFileReference; fileEncoding = 4; lastKnownFileType = sourcecode.swift; path = Card.swift; sourceTree = "<group>"; };
		CC931A6D1D4961E9001B71B1 /* ActionCard.swift */ = {isa = PBXFileReference; fileEncoding = 4; lastKnownFileType = sourcecode.swift; path = ActionCard.swift; sourceTree = "<group>"; };
		CC931A741D49622A001B71B1 /* DeckCard.swift */ = {isa = PBXFileReference; fileEncoding = 4; lastKnownFileType = sourcecode.swift; path = DeckCard.swift; sourceTree = "<group>"; };
		CC931A7B1D496231001B71B1 /* HandCard.swift */ = {isa = PBXFileReference; fileEncoding = 4; lastKnownFileType = sourcecode.swift; path = HandCard.swift; sourceTree = "<group>"; };
		CC931A821D496238001B71B1 /* InputCard.swift */ = {isa = PBXFileReference; fileEncoding = 4; lastKnownFileType = sourcecode.swift; path = InputCard.swift; sourceTree = "<group>"; };
		CC931A891D49623E001B71B1 /* TokenCard.swift */ = {isa = PBXFileReference; fileEncoding = 4; lastKnownFileType = sourcecode.swift; path = TokenCard.swift; sourceTree = "<group>"; };
		CC931ABC1D4A8557001B71B1 /* Deck.swift */ = {isa = PBXFileReference; fileEncoding = 4; lastKnownFileType = sourcecode.swift; path = Deck.swift; sourceTree = "<group>"; };
		CC931BCC1D4BB350001B71B1 /* DateExtensions.swift */ = {isa = PBXFileReference; fileEncoding = 4; lastKnownFileType = sourcecode.swift; path = DateExtensions.swift; sourceTree = "<group>"; };
		CC9E75CE1D5145BD00B7C738 /* Freddy.framework */ = {isa = PBXFileReference; lastKnownFileType = wrapper.framework; name = Freddy.framework; path = Carthage/Build/Mac/Freddy.framework; sourceTree = "<group>"; };
		CC9E763E1D523DBE00B7C738 /* CardDescriptorTests.swift */ = {isa = PBXFileReference; fileEncoding = 4; lastKnownFileType = sourcecode.swift; path = CardDescriptorTests.swift; sourceTree = "<group>"; };
		CC9E76431D524AD800B7C738 /* DeckBuilder.swift */ = {isa = PBXFileReference; fileEncoding = 4; lastKnownFileType = sourcecode.swift; lineEnding = 0; path = DeckBuilder.swift; sourceTree = "<group>"; xcLanguageSpecificationIdentifier = xcode.lang.swift; };
		CC9E764A1D526F0200B7C738 /* ArrayExtensions.swift */ = {isa = PBXFileReference; fileEncoding = 4; lastKnownFileType = sourcecode.swift; path = ArrayExtensions.swift; sourceTree = "<group>"; };
		CC9E76511D52822300B7C738 /* DeckBuilderTests.swift */ = {isa = PBXFileReference; fileEncoding = 4; lastKnownFileType = sourcecode.swift; lineEnding = 0; path = DeckBuilderTests.swift; sourceTree = "<group>"; xcLanguageSpecificationIdentifier = xcode.lang.swift; };
		CC9E76551D5370B300B7C738 /* InputBindingTests.swift */ = {isa = PBXFileReference; fileEncoding = 4; lastKnownFileType = sourcecode.swift; path = InputBindingTests.swift; sourceTree = "<group>"; };
		CC9E76591D53C1BC00B7C738 /* HandTests.swift */ = {isa = PBXFileReference; fileEncoding = 4; lastKnownFileType = sourcecode.swift; path = HandTests.swift; sourceTree = "<group>"; };
		CC9E765D1D54C31C00B7C738 /* SetExtensions.swift */ = {isa = PBXFileReference; fileEncoding = 4; lastKnownFileType = sourcecode.swift; path = SetExtensions.swift; sourceTree = "<group>"; };
		CC9E76611D54F33500B7C738 /* DeckTests.swift */ = {isa = PBXFileReference; fileEncoding = 4; lastKnownFileType = sourcecode.swift; lineEnding = 0; path = DeckTests.swift; sourceTree = "<group>"; xcLanguageSpecificationIdentifier = xcode.lang.swift; };
		CCBB792A1D7466E0003B6458 /* CKTestCards.swift */ = {isa = PBXFileReference; fileEncoding = 4; lastKnownFileType = sourcecode.swift; path = CKTestCards.swift; sourceTree = "<group>"; };
		CCE729161D5A33F400A347D8 /* HandEndRule.swift */ = {isa = PBXFileReference; fileEncoding = 4; lastKnownFileType = sourcecode.swift; path = HandEndRule.swift; sourceTree = "<group>"; };
		CCE729181D5A33F400A347D8 /* HandCardType.swift */ = {isa = PBXFileReference; fileEncoding = 4; lastKnownFileType = sourcecode.swift; path = HandCardType.swift; sourceTree = "<group>"; };
		CCE729331D5A465E00A347D8 /* Input.swift */ = {isa = PBXFileReference; fileEncoding = 4; lastKnownFileType = sourcecode.swift; path = Input.swift; sourceTree = "<group>"; };
		CCE729341D5A465E00A347D8 /* InputSlot.swift */ = {isa = PBXFileReference; fileEncoding = 4; lastKnownFileType = sourcecode.swift; path = InputSlot.swift; sourceTree = "<group>"; };
		CCE729371D5A465E00A347D8 /* TokenSlot.swift */ = {isa = PBXFileReference; fileEncoding = 4; lastKnownFileType = sourcecode.swift; path = TokenSlot.swift; sourceTree = "<group>"; };
		CCE729381D5A465E00A347D8 /* Yield.swift */ = {isa = PBXFileReference; fileEncoding = 4; lastKnownFileType = sourcecode.swift; path = Yield.swift; sourceTree = "<group>"; };
		CCE7295E1D5B75B300A347D8 /* AcceptsInputs.swift */ = {isa = PBXFileReference; fileEncoding = 4; lastKnownFileType = sourcecode.swift; path = AcceptsInputs.swift; sourceTree = "<group>"; };
		CCE7295F1D5B75B300A347D8 /* AcceptsTokens.swift */ = {isa = PBXFileReference; fileEncoding = 4; lastKnownFileType = sourcecode.swift; path = AcceptsTokens.swift; sourceTree = "<group>"; };
		CCE729601D5B75B300A347D8 /* Consumable.swift */ = {isa = PBXFileReference; fileEncoding = 4; lastKnownFileType = sourcecode.swift; path = Consumable.swift; sourceTree = "<group>"; };
		CCE729611D5B75B300A347D8 /* ProducesInput.swift */ = {isa = PBXFileReference; fileEncoding = 4; lastKnownFileType = sourcecode.swift; path = ProducesInput.swift; sourceTree = "<group>"; };
		CCE729621D5B75B300A347D8 /* ProducesYields.swift */ = {isa = PBXFileReference; fileEncoding = 4; lastKnownFileType = sourcecode.swift; path = ProducesYields.swift; sourceTree = "<group>"; };
		CCE729631D5B75B300A347D8 /* Satisfiable.swift */ = {isa = PBXFileReference; fileEncoding = 4; lastKnownFileType = sourcecode.swift; path = Satisfiable.swift; sourceTree = "<group>"; };
		CCE729891D5B75B900A347D8 /* BindsWithActionCard.swift */ = {isa = PBXFileReference; fileEncoding = 4; lastKnownFileType = sourcecode.swift; path = BindsWithActionCard.swift; sourceTree = "<group>"; };
		CCE7298A1D5B75B900A347D8 /* BindsWithInputCard.swift */ = {isa = PBXFileReference; fileEncoding = 4; lastKnownFileType = sourcecode.swift; path = BindsWithInputCard.swift; sourceTree = "<group>"; };
		CCE7298B1D5B75B900A347D8 /* BindsWithTokenCard.swift */ = {isa = PBXFileReference; fileEncoding = 4; lastKnownFileType = sourcecode.swift; path = BindsWithTokenCard.swift; sourceTree = "<group>"; };
		CCE729A61D5CAD1F00A347D8 /* CardTree.swift */ = {isa = PBXFileReference; fileEncoding = 4; lastKnownFileType = sourcecode.swift; path = CardTree.swift; sourceTree = "<group>"; };
		CCE729B41D5CB18E00A347D8 /* HandLogicOperation.swift */ = {isa = PBXFileReference; fileEncoding = 4; lastKnownFileType = sourcecode.swift; path = HandLogicOperation.swift; sourceTree = "<group>"; };
		CCE729BB1D5E09BC00A347D8 /* CardTreeNode.swift */ = {isa = PBXFileReference; fileEncoding = 4; lastKnownFileType = sourcecode.swift; path = CardTreeNode.swift; sourceTree = "<group>"; };
/* End PBXFileReference section */

/* Begin PBXFrameworksBuildPhase section */
		CC9317AD1D479278001B71B1 /* Frameworks */ = {
			isa = PBXFrameworksBuildPhase;
			buildActionMask = 2147483647;
			files = (
				CCE728DA1D5A18B700A347D8 /* Freddy.framework in Frameworks */,
			);
			runOnlyForDeploymentPostprocessing = 0;
		};
		CC9317B81D479278001B71B1 /* Frameworks */ = {
			isa = PBXFrameworksBuildPhase;
			buildActionMask = 2147483647;
			files = (
				CCE72A0B1D64992900A347D8 /* Freddy.framework in Frameworks */,
				CC9317BC1D479278001B71B1 /* CardKit.framework in Frameworks */,
			);
			runOnlyForDeploymentPostprocessing = 0;
		};
		CC9317CC1D47929F001B71B1 /* Frameworks */ = {
			isa = PBXFrameworksBuildPhase;
			buildActionMask = 2147483647;
			files = (
				CC9E75CF1D5145BD00B7C738 /* Freddy.framework in Frameworks */,
			);
			runOnlyForDeploymentPostprocessing = 0;
		};
		CC9317D61D47929F001B71B1 /* Frameworks */ = {
			isa = PBXFrameworksBuildPhase;
			buildActionMask = 2147483647;
			files = (
				CCE72A0C1D64993600A347D8 /* Freddy.framework in Frameworks */,
				CC9317DA1D47929F001B71B1 /* CardKit.framework in Frameworks */,
			);
			runOnlyForDeploymentPostprocessing = 0;
		};
		CC9317E81D4792B7001B71B1 /* Frameworks */ = {
			isa = PBXFrameworksBuildPhase;
			buildActionMask = 2147483647;
			files = (
				CC931A031D493D54001B71B1 /* Freddy.framework in Frameworks */,
			);
			runOnlyForDeploymentPostprocessing = 0;
		};
		CC9317F21D4792B7001B71B1 /* Frameworks */ = {
			isa = PBXFrameworksBuildPhase;
			buildActionMask = 2147483647;
			files = (
				CCE72A0D1D64993D00A347D8 /* Freddy.framework in Frameworks */,
				CC9317F61D4792B7001B71B1 /* CardKit.framework in Frameworks */,
			);
			runOnlyForDeploymentPostprocessing = 0;
		};
/* End PBXFrameworksBuildPhase section */

/* Begin PBXGroup section */
		CC84DF151D95774700FE9612 /* CardKit */ = {
			isa = PBXGroup;
			children = (
				CC84DF161D95774700FE9612 /* CardKit.swift */,
			);
			path = CardKit;
			sourceTree = "<group>";
		};
		CC9317A71D479278001B71B1 = {
			isa = PBXGroup;
			children = (
				CC9317B31D479278001B71B1 /* CardKit */,
				CC9317BF1D479278001B71B1 /* CardKitTests */,
				CC931A041D493D5F001B71B1 /* Frameworks */,
				CC9317B21D479278001B71B1 /* Products */,
			);
			sourceTree = "<group>";
		};
		CC9317B21D479278001B71B1 /* Products */ = {
			isa = PBXGroup;
			children = (
				CC9317B11D479278001B71B1 /* CardKit.framework */,
				CC9317BB1D479278001B71B1 /* CardKitTests iOS.xctest */,
				CC9317D01D47929F001B71B1 /* CardKit.framework */,
				CC9317D91D47929F001B71B1 /* CardKitTests macOS.xctest */,
				CC9317EC1D4792B7001B71B1 /* CardKit.framework */,
				CC9317F51D4792B7001B71B1 /* CardKitTests tvOS.xctest */,
			);
			name = Products;
			sourceTree = "<group>";
		};
		CC9317B31D479278001B71B1 /* CardKit */ = {
			isa = PBXGroup;
			children = (
				CC9317B41D479278001B71B1 /* CardKit.h */,
				CC9317B61D479278001B71B1 /* Info.plist */,
				CC93180C1D479527001B71B1 /* CardAssets.xcassets */,
				CC84DF151D95774700FE9612 /* CardKit */,
				CC9318071D479527001B71B1 /* Card */,
				CC931A061D494CFD001B71B1 /* Hand */,
				CC93180D1D479527001B71B1 /* Deck */,
				CC9E76421D524ACF00B7C738 /* Deck Builder */,
				CC931BCB1D4BB344001B71B1 /* Extensions */,
			);
			path = CardKit;
			sourceTree = "<group>";
		};
		CC9317BF1D479278001B71B1 /* CardKitTests */ = {
			isa = PBXGroup;
			children = (
				CCBB792A1D7466E0003B6458 /* CKTestCards.swift */,
				CC9317C01D479278001B71B1 /* CardKitTests.swift */,
				CC9E763E1D523DBE00B7C738 /* CardDescriptorTests.swift */,
				CC9E76511D52822300B7C738 /* DeckBuilderTests.swift */,
				CC9E76611D54F33500B7C738 /* DeckTests.swift */,
				CC9E76591D53C1BC00B7C738 /* HandTests.swift */,
				CC9E76551D5370B300B7C738 /* InputBindingTests.swift */,
				CC9317C21D479278001B71B1 /* Info.plist */,
			);
			path = CardKitTests;
			sourceTree = "<group>";
		};
		CC9318071D479527001B71B1 /* Card */ = {
			isa = PBXGroup;
			children = (
				CC9319911D4937C9001B71B1 /* Card Descriptor */,
				CC931A331D495457001B71B1 /* Base Card Descriptors */,
				CC931A651D496184001B71B1 /* Base Card Instances */,
				CCE729321D5A465E00A347D8 /* Inputs, Logics, Tokens, Yields */,
			);
			path = Card;
			sourceTree = "<group>";
		};
		CC93180D1D479527001B71B1 /* Deck */ = {
			isa = PBXGroup;
			children = (
				CC931ABC1D4A8557001B71B1 /* Deck.swift */,
			);
			path = Deck;
			sourceTree = "<group>";
		};
		CC9319911D4937C9001B71B1 /* Card Descriptor */ = {
			isa = PBXGroup;
			children = (
				CC9319931D4937C9001B71B1 /* CardDescriptor.swift */,
				CC9319951D4937C9001B71B1 /* CardPath.swift */,
				CC9319961D4937C9001B71B1 /* CardType.swift */,
				CC9319921D4937C9001B71B1 /* CardAssetCatalog.swift */,
			);
			path = "Card Descriptor";
			sourceTree = "<group>";
		};
		CC931A041D493D5F001B71B1 /* Frameworks */ = {
			isa = PBXGroup;
			children = (
				CCE72A2B1D64BCA800A347D8 /* iOS */,
				CCE72A2C1D64BCAD00A347D8 /* macOS */,
				CCE72A2D1D64BCB100A347D8 /* tvOS */,
			);
			name = Frameworks;
			sourceTree = "<group>";
		};
		CC931A061D494CFD001B71B1 /* Hand */ = {
			isa = PBXGroup;
			children = (
				CC931A071D494D1F001B71B1 /* Hand.swift */,
				CCE729A51D5CAD1300A347D8 /* Hand Structure */,
				CCE729151D5A33F400A347D8 /* Hand Logic */,
			);
			path = Hand;
			sourceTree = "<group>";
		};
		CC931A331D495457001B71B1 /* Base Card Descriptors */ = {
			isa = PBXGroup;
			children = (
				CC931A341D495457001B71B1 /* ActionCardDescriptor.swift */,
				CC931A351D495457001B71B1 /* DeckCardDescriptor.swift */,
				CC931A361D495457001B71B1 /* HandCardDescriptor.swift */,
				CC931A371D495457001B71B1 /* InputCardDescriptor.swift */,
				CC931A381D495457001B71B1 /* TokenCardDescriptor.swift */,
				CCE7295D1D5B75B300A347D8 /* Descriptor Abilities */,
			);
			path = "Base Card Descriptors";
			sourceTree = "<group>";
		};
		CC931A651D496184001B71B1 /* Base Card Instances */ = {
			isa = PBXGroup;
			children = (
				CC931A661D4961D9001B71B1 /* Card.swift */,
				CC931A6D1D4961E9001B71B1 /* ActionCard.swift */,
				CC931A741D49622A001B71B1 /* DeckCard.swift */,
				CC931A7B1D496231001B71B1 /* HandCard.swift */,
				CC931A821D496238001B71B1 /* InputCard.swift */,
				CC931A891D49623E001B71B1 /* TokenCard.swift */,
				CCE729881D5B75B900A347D8 /* Instance Abilities */,
			);
			path = "Base Card Instances";
			sourceTree = "<group>";
		};
		CC931BCB1D4BB344001B71B1 /* Extensions */ = {
			isa = PBXGroup;
			children = (
				CC9E764A1D526F0200B7C738 /* ArrayExtensions.swift */,
				CC84DF071D9564E700FE9612 /* DataExtensions.swift */,
				CC931BCC1D4BB350001B71B1 /* DateExtensions.swift */,
				CC9E765D1D54C31C00B7C738 /* SetExtensions.swift */,
			);
			path = Extensions;
			sourceTree = "<group>";
		};
		CC9E76421D524ACF00B7C738 /* Deck Builder */ = {
			isa = PBXGroup;
			children = (
				CC9E76431D524AD800B7C738 /* DeckBuilder.swift */,
			);
			path = "Deck Builder";
			sourceTree = "<group>";
		};
		CCE729151D5A33F400A347D8 /* Hand Logic */ = {
			isa = PBXGroup;
			children = (
				CCE729181D5A33F400A347D8 /* HandCardType.swift */,
				CCE729161D5A33F400A347D8 /* HandEndRule.swift */,
				CCE729B41D5CB18E00A347D8 /* HandLogicOperation.swift */,
			);
			path = "Hand Logic";
			sourceTree = "<group>";
		};
		CCE729321D5A465E00A347D8 /* Inputs, Logics, Tokens, Yields */ = {
			isa = PBXGroup;
			children = (
				CCE729331D5A465E00A347D8 /* Input.swift */,
				CCE729341D5A465E00A347D8 /* InputSlot.swift */,
				CCE729371D5A465E00A347D8 /* TokenSlot.swift */,
				CCE729381D5A465E00A347D8 /* Yield.swift */,
			);
			path = "Inputs, Logics, Tokens, Yields";
			sourceTree = "<group>";
		};
		CCE7295D1D5B75B300A347D8 /* Descriptor Abilities */ = {
			isa = PBXGroup;
			children = (
				CCE7295E1D5B75B300A347D8 /* AcceptsInputs.swift */,
				CCE7295F1D5B75B300A347D8 /* AcceptsTokens.swift */,
				CCE729601D5B75B300A347D8 /* Consumable.swift */,
				CCE729611D5B75B300A347D8 /* ProducesInput.swift */,
				CCE729621D5B75B300A347D8 /* ProducesYields.swift */,
				CCE729631D5B75B300A347D8 /* Satisfiable.swift */,
			);
			path = "Descriptor Abilities";
			sourceTree = "<group>";
		};
		CCE729881D5B75B900A347D8 /* Instance Abilities */ = {
			isa = PBXGroup;
			children = (
				CCE729891D5B75B900A347D8 /* BindsWithActionCard.swift */,
				CCE7298A1D5B75B900A347D8 /* BindsWithInputCard.swift */,
				CCE7298B1D5B75B900A347D8 /* BindsWithTokenCard.swift */,
			);
			path = "Instance Abilities";
			sourceTree = "<group>";
		};
		CCE729A51D5CAD1300A347D8 /* Hand Structure */ = {
			isa = PBXGroup;
			children = (
				CCE729A61D5CAD1F00A347D8 /* CardTree.swift */,
				CCE729BB1D5E09BC00A347D8 /* CardTreeNode.swift */,
			);
			path = "Hand Structure";
			sourceTree = "<group>";
		};
		CCE72A2B1D64BCA800A347D8 /* iOS */ = {
			isa = PBXGroup;
			children = (
				CC9319FE1D493D45001B71B1 /* Freddy.framework */,
			);
			name = iOS;
			sourceTree = "<group>";
		};
		CCE72A2C1D64BCAD00A347D8 /* macOS */ = {
			isa = PBXGroup;
			children = (
				CC9E75CE1D5145BD00B7C738 /* Freddy.framework */,
			);
			name = macOS;
			sourceTree = "<group>";
		};
		CCE72A2D1D64BCB100A347D8 /* tvOS */ = {
			isa = PBXGroup;
			children = (
				CC931A021D493D54001B71B1 /* Freddy.framework */,
			);
			name = tvOS;
			sourceTree = "<group>";
		};
/* End PBXGroup section */

/* Begin PBXHeadersBuildPhase section */
		CC9317AE1D479278001B71B1 /* Headers */ = {
			isa = PBXHeadersBuildPhase;
			buildActionMask = 2147483647;
			files = (
				CC9317B51D479278001B71B1 /* CardKit.h in Headers */,
			);
			runOnlyForDeploymentPostprocessing = 0;
		};
		CC9317CD1D47929F001B71B1 /* Headers */ = {
			isa = PBXHeadersBuildPhase;
			buildActionMask = 2147483647;
			files = (
				CC9318031D47930C001B71B1 /* CardKit.h in Headers */,
			);
			runOnlyForDeploymentPostprocessing = 0;
		};
		CC9317E91D4792B7001B71B1 /* Headers */ = {
			isa = PBXHeadersBuildPhase;
			buildActionMask = 2147483647;
			files = (
				CC9318041D47930D001B71B1 /* CardKit.h in Headers */,
			);
			runOnlyForDeploymentPostprocessing = 0;
		};
/* End PBXHeadersBuildPhase section */

/* Begin PBXNativeTarget section */
		CC9317B01D479278001B71B1 /* CardKit iOS */ = {
			isa = PBXNativeTarget;
			buildConfigurationList = CC9317C51D479278001B71B1 /* Build configuration list for PBXNativeTarget "CardKit iOS" */;
			buildPhases = (
				CC9317AC1D479278001B71B1 /* Sources */,
				CC9317AD1D479278001B71B1 /* Frameworks */,
				CC9317AE1D479278001B71B1 /* Headers */,
				CC9317AF1D479278001B71B1 /* Resources */,
				CC93194B1D49056B001B71B1 /* ShellScript */,
				CCE72A081D64913D00A347D8 /* ShellScript */,
			);
			buildRules = (
			);
			dependencies = (
			);
			name = "CardKit iOS";
			productName = CardKit;
			productReference = CC9317B11D479278001B71B1 /* CardKit.framework */;
			productType = "com.apple.product-type.framework";
		};
		CC9317BA1D479278001B71B1 /* CardKitTests iOS */ = {
			isa = PBXNativeTarget;
			buildConfigurationList = CC9317C81D479278001B71B1 /* Build configuration list for PBXNativeTarget "CardKitTests iOS" */;
			buildPhases = (
				CC9317B71D479278001B71B1 /* Sources */,
				CC9317B81D479278001B71B1 /* Frameworks */,
				CC9317B91D479278001B71B1 /* Resources */,
				CCE72A101D6499E200A347D8 /* ShellScript */,
			);
			buildRules = (
			);
			dependencies = (
				CC9317BE1D479278001B71B1 /* PBXTargetDependency */,
			);
			name = "CardKitTests iOS";
			productName = CardKitTests;
			productReference = CC9317BB1D479278001B71B1 /* CardKitTests iOS.xctest */;
			productType = "com.apple.product-type.bundle.unit-test";
		};
		CC9317CF1D47929F001B71B1 /* CardKit macOS */ = {
			isa = PBXNativeTarget;
			buildConfigurationList = CC9317E11D47929F001B71B1 /* Build configuration list for PBXNativeTarget "CardKit macOS" */;
			buildPhases = (
				CC9317CB1D47929F001B71B1 /* Sources */,
				CC9317CC1D47929F001B71B1 /* Frameworks */,
				CC9317CD1D47929F001B71B1 /* Headers */,
				CC9317CE1D47929F001B71B1 /* Resources */,
				CC93194C1D490579001B71B1 /* ShellScript */,
			);
			buildRules = (
			);
			dependencies = (
			);
			name = "CardKit macOS";
			productName = CardKit;
			productReference = CC9317D01D47929F001B71B1 /* CardKit.framework */;
			productType = "com.apple.product-type.framework";
		};
		CC9317D81D47929F001B71B1 /* CardKitTests macOS */ = {
			isa = PBXNativeTarget;
			buildConfigurationList = CC9317E41D47929F001B71B1 /* Build configuration list for PBXNativeTarget "CardKitTests macOS" */;
			buildPhases = (
				CC9317D51D47929F001B71B1 /* Sources */,
				CC9317D61D47929F001B71B1 /* Frameworks */,
				CC9317D71D47929F001B71B1 /* Resources */,
				CCE72A0F1D64999000A347D8 /* ShellScript */,
			);
			buildRules = (
			);
			dependencies = (
				CC9317DC1D47929F001B71B1 /* PBXTargetDependency */,
			);
			name = "CardKitTests macOS";
			productName = CardKitTests;
			productReference = CC9317D91D47929F001B71B1 /* CardKitTests macOS.xctest */;
			productType = "com.apple.product-type.bundle.unit-test";
		};
		CC9317EB1D4792B7001B71B1 /* CardKit tvOS */ = {
			isa = PBXNativeTarget;
			buildConfigurationList = CC9317FD1D4792B7001B71B1 /* Build configuration list for PBXNativeTarget "CardKit tvOS" */;
			buildPhases = (
				CC9317E71D4792B7001B71B1 /* Sources */,
				CC9317E81D4792B7001B71B1 /* Frameworks */,
				CC9317E91D4792B7001B71B1 /* Headers */,
				CC9317EA1D4792B7001B71B1 /* Resources */,
				CC93194D1D490581001B71B1 /* ShellScript */,
				CCE72A091D64915700A347D8 /* ShellScript */,
			);
			buildRules = (
			);
			dependencies = (
			);
			name = "CardKit tvOS";
			productName = CardKit;
			productReference = CC9317EC1D4792B7001B71B1 /* CardKit.framework */;
			productType = "com.apple.product-type.framework";
		};
		CC9317F41D4792B7001B71B1 /* CardKitTests tvOS */ = {
			isa = PBXNativeTarget;
			buildConfigurationList = CC9318001D4792B7001B71B1 /* Build configuration list for PBXNativeTarget "CardKitTests tvOS" */;
			buildPhases = (
				CC9317F11D4792B7001B71B1 /* Sources */,
				CC9317F21D4792B7001B71B1 /* Frameworks */,
				CC9317F31D4792B7001B71B1 /* Resources */,
				CCE72A0E1D64997500A347D8 /* ShellScript */,
			);
			buildRules = (
			);
			dependencies = (
				CC9317F81D4792B7001B71B1 /* PBXTargetDependency */,
			);
			name = "CardKitTests tvOS";
			productName = CardKitTests;
			productReference = CC9317F51D4792B7001B71B1 /* CardKitTests tvOS.xctest */;
			productType = "com.apple.product-type.bundle.unit-test";
		};
/* End PBXNativeTarget section */

/* Begin PBXProject section */
		CC9317A81D479278001B71B1 /* Project object */ = {
			isa = PBXProject;
			attributes = {
				LastSwiftUpdateCheck = 0730;
				LastUpgradeCheck = 0820;
				ORGANIZATIONNAME = IBM;
				TargetAttributes = {
					CC9317B01D479278001B71B1 = {
						CreatedOnToolsVersion = 7.3.1;
						LastSwiftMigration = 0800;
						ProvisioningStyle = Manual;
					};
					CC9317BA1D479278001B71B1 = {
						CreatedOnToolsVersion = 7.3.1;
						DevelopmentTeam = 76CMF53Q35;
						LastSwiftMigration = 0800;
					};
					CC9317CF1D47929F001B71B1 = {
						CreatedOnToolsVersion = 7.3.1;
						LastSwiftMigration = 0800;
					};
					CC9317D81D47929F001B71B1 = {
						CreatedOnToolsVersion = 7.3.1;
						LastSwiftMigration = 0800;
					};
					CC9317EB1D4792B7001B71B1 = {
						CreatedOnToolsVersion = 7.3.1;
						LastSwiftMigration = 0800;
					};
					CC9317F41D4792B7001B71B1 = {
						CreatedOnToolsVersion = 7.3.1;
						LastSwiftMigration = 0800;
					};
				};
			};
			buildConfigurationList = CC9317AB1D479278001B71B1 /* Build configuration list for PBXProject "CardKit" */;
			compatibilityVersion = "Xcode 3.2";
			developmentRegion = English;
			hasScannedForEncodings = 0;
			knownRegions = (
				en,
			);
			mainGroup = CC9317A71D479278001B71B1;
			productRefGroup = CC9317B21D479278001B71B1 /* Products */;
			projectDirPath = "";
			projectRoot = "";
			targets = (
				CC9317B01D479278001B71B1 /* CardKit iOS */,
				CC9317BA1D479278001B71B1 /* CardKitTests iOS */,
				CC9317CF1D47929F001B71B1 /* CardKit macOS */,
				CC9317D81D47929F001B71B1 /* CardKitTests macOS */,
				CC9317EB1D4792B7001B71B1 /* CardKit tvOS */,
				CC9317F41D4792B7001B71B1 /* CardKitTests tvOS */,
			);
		};
/* End PBXProject section */

/* Begin PBXResourcesBuildPhase section */
		CC9317AF1D479278001B71B1 /* Resources */ = {
			isa = PBXResourcesBuildPhase;
			buildActionMask = 2147483647;
			files = (
				CC9318351D479527001B71B1 /* CardAssets.xcassets in Resources */,
			);
			runOnlyForDeploymentPostprocessing = 0;
		};
		CC9317B91D479278001B71B1 /* Resources */ = {
			isa = PBXResourcesBuildPhase;
			buildActionMask = 2147483647;
			files = (
			);
			runOnlyForDeploymentPostprocessing = 0;
		};
		CC9317CE1D47929F001B71B1 /* Resources */ = {
			isa = PBXResourcesBuildPhase;
			buildActionMask = 2147483647;
			files = (
				CC9318371D479527001B71B1 /* CardAssets.xcassets in Resources */,
			);
			runOnlyForDeploymentPostprocessing = 0;
		};
		CC9317D71D47929F001B71B1 /* Resources */ = {
			isa = PBXResourcesBuildPhase;
			buildActionMask = 2147483647;
			files = (
			);
			runOnlyForDeploymentPostprocessing = 0;
		};
		CC9317EA1D4792B7001B71B1 /* Resources */ = {
			isa = PBXResourcesBuildPhase;
			buildActionMask = 2147483647;
			files = (
				CC9318391D479527001B71B1 /* CardAssets.xcassets in Resources */,
			);
			runOnlyForDeploymentPostprocessing = 0;
		};
		CC9317F31D4792B7001B71B1 /* Resources */ = {
			isa = PBXResourcesBuildPhase;
			buildActionMask = 2147483647;
			files = (
			);
			runOnlyForDeploymentPostprocessing = 0;
		};
/* End PBXResourcesBuildPhase section */

/* Begin PBXShellScriptBuildPhase section */
		CC93194B1D49056B001B71B1 /* ShellScript */ = {
			isa = PBXShellScriptBuildPhase;
			buildActionMask = 2147483647;
			files = (
			);
			inputPaths = (
			);
			outputPaths = (
			);
			runOnlyForDeploymentPostprocessing = 0;
			shellPath = /bin/sh;
			shellScript = "if which swiftlint >/dev/null; then\n    swiftlint\nelse\n    echo \"warning: SwiftLint not installed, download from https://github.com/realm/SwiftLint\"\nfi";
		};
		CC93194C1D490579001B71B1 /* ShellScript */ = {
			isa = PBXShellScriptBuildPhase;
			buildActionMask = 2147483647;
			files = (
			);
			inputPaths = (
			);
			outputPaths = (
			);
			runOnlyForDeploymentPostprocessing = 0;
			shellPath = /bin/sh;
			shellScript = "if which swiftlint >/dev/null; then\n    swiftlint\nelse\n    echo \"warning: SwiftLint not installed, download from https://github.com/realm/SwiftLint\"\nfi";
		};
		CC93194D1D490581001B71B1 /* ShellScript */ = {
			isa = PBXShellScriptBuildPhase;
			buildActionMask = 2147483647;
			files = (
			);
			inputPaths = (
			);
			outputPaths = (
			);
			runOnlyForDeploymentPostprocessing = 0;
			shellPath = /bin/sh;
			shellScript = "if which swiftlint >/dev/null; then\n    swiftlint\nelse\n    echo \"warning: SwiftLint not installed, download from https://github.com/realm/SwiftLint\"\nfi";
		};
		CCE72A081D64913D00A347D8 /* ShellScript */ = {
			isa = PBXShellScriptBuildPhase;
			buildActionMask = 2147483647;
			files = (
			);
			inputPaths = (
				"$(SRCROOT)/Carthage/Build/iOS/Freddy.framework",
			);
			outputPaths = (
			);
			runOnlyForDeploymentPostprocessing = 0;
			shellPath = /bin/sh;
			shellScript = "/usr/local/bin/carthage copy-frameworks";
		};
		CCE72A091D64915700A347D8 /* ShellScript */ = {
			isa = PBXShellScriptBuildPhase;
			buildActionMask = 2147483647;
			files = (
			);
			inputPaths = (
				"$(SRCROOT)/Carthage/Build/tvOS/Freddy.framework",
			);
			outputPaths = (
			);
			runOnlyForDeploymentPostprocessing = 0;
			shellPath = /bin/sh;
			shellScript = "/usr/local/bin/carthage copy-frameworks";
		};
		CCE72A0E1D64997500A347D8 /* ShellScript */ = {
			isa = PBXShellScriptBuildPhase;
			buildActionMask = 2147483647;
			files = (
			);
			inputPaths = (
				"$(SRCROOT)/Carthage/Build/tvOS/Freddy.framework",
			);
			outputPaths = (
			);
			runOnlyForDeploymentPostprocessing = 0;
			shellPath = /bin/sh;
			shellScript = "/usr/local/bin/carthage copy-frameworks";
		};
		CCE72A0F1D64999000A347D8 /* ShellScript */ = {
			isa = PBXShellScriptBuildPhase;
			buildActionMask = 2147483647;
			files = (
			);
			inputPaths = (
				"$(SRCROOT)/Carthage/Build/Mac/Freddy.framework",
			);
			outputPaths = (
			);
			runOnlyForDeploymentPostprocessing = 0;
			shellPath = /bin/sh;
			shellScript = "/usr/local/bin/carthage copy-frameworks";
		};
		CCE72A101D6499E200A347D8 /* ShellScript */ = {
			isa = PBXShellScriptBuildPhase;
			buildActionMask = 2147483647;
			files = (
			);
			inputPaths = (
				"$(SRCROOT)/Carthage/Build/iOS/Freddy.framework",
			);
			outputPaths = (
			);
			runOnlyForDeploymentPostprocessing = 0;
			shellPath = /bin/sh;
			shellScript = "/usr/local/bin/carthage copy-frameworks";
		};
/* End PBXShellScriptBuildPhase section */

/* Begin PBXSourcesBuildPhase section */
		CC9317AC1D479278001B71B1 /* Sources */ = {
			isa = PBXSourcesBuildPhase;
			buildActionMask = 2147483647;
			files = (
				CCE729391D5A465E00A347D8 /* Input.swift in Sources */,
				CCE729821D5B75B300A347D8 /* Satisfiable.swift in Sources */,
				CC931ABD1D4A8557001B71B1 /* Deck.swift in Sources */,
				CCE7297C1D5B75B300A347D8 /* ProducesYields.swift in Sources */,
				CCE729701D5B75B300A347D8 /* Consumable.swift in Sources */,
				CCE729761D5B75B300A347D8 /* ProducesInput.swift in Sources */,
				CCE729A71D5CAD1F00A347D8 /* CardTree.swift in Sources */,
				CC931A6E1D4961E9001B71B1 /* ActionCard.swift in Sources */,
				CCE729571D5A465E00A347D8 /* Yield.swift in Sources */,
				CC9E76441D524AD800B7C738 /* DeckBuilder.swift in Sources */,
				CCE729921D5B75B900A347D8 /* BindsWithInputCard.swift in Sources */,
				CC931A751D49622A001B71B1 /* DeckCard.swift in Sources */,
				CC931BCD1D4BB350001B71B1 /* DateExtensions.swift in Sources */,
				CC931A511D495457001B71B1 /* TokenCardDescriptor.swift in Sources */,
				CCE7298C1D5B75B900A347D8 /* BindsWithActionCard.swift in Sources */,
				CC931A3F1D495457001B71B1 /* DeckCardDescriptor.swift in Sources */,
				CC931A081D494D1F001B71B1 /* Hand.swift in Sources */,
				CC931A451D495457001B71B1 /* HandCardDescriptor.swift in Sources */,
				CC93199D1D4937C9001B71B1 /* CardDescriptor.swift in Sources */,
				CCE729511D5A465E00A347D8 /* TokenSlot.swift in Sources */,
				CC9319971D4937C9001B71B1 /* CardAssetCatalog.swift in Sources */,
				CC931A7C1D496231001B71B1 /* HandCard.swift in Sources */,
				CCE7293F1D5A465E00A347D8 /* InputSlot.swift in Sources */,
				CC931A4B1D495457001B71B1 /* InputCardDescriptor.swift in Sources */,
				CC9E764B1D526F0200B7C738 /* ArrayExtensions.swift in Sources */,
				CCE729191D5A33F400A347D8 /* HandEndRule.swift in Sources */,
				CCE729981D5B75B900A347D8 /* BindsWithTokenCard.swift in Sources */,
				CCE729641D5B75B300A347D8 /* AcceptsInputs.swift in Sources */,
				CC9319A91D4937C9001B71B1 /* CardPath.swift in Sources */,
				CC931A831D496238001B71B1 /* InputCard.swift in Sources */,
				CCE729BC1D5E09BC00A347D8 /* CardTreeNode.swift in Sources */,
				CCE729251D5A33F400A347D8 /* HandCardType.swift in Sources */,
				CC931A8A1D49623E001B71B1 /* TokenCard.swift in Sources */,
				CC931A391D495457001B71B1 /* ActionCardDescriptor.swift in Sources */,
				CCE729B51D5CB18E00A347D8 /* HandLogicOperation.swift in Sources */,
				CC84DF171D95774700FE9612 /* CardKit.swift in Sources */,
				CC9319AF1D4937C9001B71B1 /* CardType.swift in Sources */,
				CC931A671D4961D9001B71B1 /* Card.swift in Sources */,
				CCE7296A1D5B75B300A347D8 /* AcceptsTokens.swift in Sources */,
				CC9E765E1D54C31C00B7C738 /* SetExtensions.swift in Sources */,
				CC84DF081D9564E700FE9612 /* DataExtensions.swift in Sources */,
			);
			runOnlyForDeploymentPostprocessing = 0;
		};
		CC9317B71D479278001B71B1 /* Sources */ = {
			isa = PBXSourcesBuildPhase;
			buildActionMask = 2147483647;
			files = (
				CC9317C11D479278001B71B1 /* CardKitTests.swift in Sources */,
				CC9E763F1D523DBE00B7C738 /* CardDescriptorTests.swift in Sources */,
				CCBB792B1D7466E0003B6458 /* CKTestCards.swift in Sources */,
				CC9E765A1D53C1BC00B7C738 /* HandTests.swift in Sources */,
				CC9E76561D5370B300B7C738 /* InputBindingTests.swift in Sources */,
				CC9E76621D54F33500B7C738 /* DeckTests.swift in Sources */,
				CC9E76521D52822300B7C738 /* DeckBuilderTests.swift in Sources */,
			);
			runOnlyForDeploymentPostprocessing = 0;
		};
		CC9317CB1D47929F001B71B1 /* Sources */ = {
			isa = PBXSourcesBuildPhase;
			buildActionMask = 2147483647;
			files = (
				CCE7293B1D5A465E00A347D8 /* Input.swift in Sources */,
				CCE729841D5B75B300A347D8 /* Satisfiable.swift in Sources */,
				CC931A701D4961E9001B71B1 /* ActionCard.swift in Sources */,
				CCE7297E1D5B75B300A347D8 /* ProducesYields.swift in Sources */,
				CCE729721D5B75B300A347D8 /* Consumable.swift in Sources */,
				CCE729781D5B75B300A347D8 /* ProducesInput.swift in Sources */,
				CCE729A91D5CAD1F00A347D8 /* CardTree.swift in Sources */,
				CC9E76461D524AD800B7C738 /* DeckBuilder.swift in Sources */,
				CCE729591D5A465E00A347D8 /* Yield.swift in Sources */,
				CC931A771D49622A001B71B1 /* DeckCard.swift in Sources */,
				CCE729941D5B75B900A347D8 /* BindsWithInputCard.swift in Sources */,
				CC931BCF1D4BB350001B71B1 /* DateExtensions.swift in Sources */,
				CC931A531D495457001B71B1 /* TokenCardDescriptor.swift in Sources */,
				CC931A411D495457001B71B1 /* DeckCardDescriptor.swift in Sources */,
				CCE7298E1D5B75B900A347D8 /* BindsWithActionCard.swift in Sources */,
				CC931A471D495457001B71B1 /* HandCardDescriptor.swift in Sources */,
				CC93199F1D4937C9001B71B1 /* CardDescriptor.swift in Sources */,
				CC9319991D4937C9001B71B1 /* CardAssetCatalog.swift in Sources */,
				CC931A7E1D496231001B71B1 /* HandCard.swift in Sources */,
				CCE729531D5A465E00A347D8 /* TokenSlot.swift in Sources */,
				CC931A4D1D495457001B71B1 /* InputCardDescriptor.swift in Sources */,
				CC9319AB1D4937C9001B71B1 /* CardPath.swift in Sources */,
				CCE729411D5A465E00A347D8 /* InputSlot.swift in Sources */,
				CC931A851D496238001B71B1 /* InputCard.swift in Sources */,
				CC9E764D1D526F0200B7C738 /* ArrayExtensions.swift in Sources */,
				CCE7291B1D5A33F400A347D8 /* HandEndRule.swift in Sources */,
				CCE7299A1D5B75B900A347D8 /* BindsWithTokenCard.swift in Sources */,
				CCE729661D5B75B300A347D8 /* AcceptsInputs.swift in Sources */,
				CC931A8C1D49623E001B71B1 /* TokenCard.swift in Sources */,
				CCE729BE1D5E09BC00A347D8 /* CardTreeNode.swift in Sources */,
				CCE729271D5A33F400A347D8 /* HandCardType.swift in Sources */,
				CC000D851D4E96A500132B0A /* Deck.swift in Sources */,
				CC931A3B1D495457001B71B1 /* ActionCardDescriptor.swift in Sources */,
				CC9319B11D4937C9001B71B1 /* CardType.swift in Sources */,
				CCE729B71D5CB18E00A347D8 /* HandLogicOperation.swift in Sources */,
				CC84DF191D95774700FE9612 /* CardKit.swift in Sources */,
				CC931A691D4961D9001B71B1 /* Card.swift in Sources */,
				CC000D861D4E96A900132B0A /* Hand.swift in Sources */,
				CCE7296C1D5B75B300A347D8 /* AcceptsTokens.swift in Sources */,
				CC9E765F1D54C31C00B7C738 /* SetExtensions.swift in Sources */,
				CC84DF0A1D9564E700FE9612 /* DataExtensions.swift in Sources */,
			);
			runOnlyForDeploymentPostprocessing = 0;
		};
		CC9317D51D47929F001B71B1 /* Sources */ = {
			isa = PBXSourcesBuildPhase;
			buildActionMask = 2147483647;
			files = (
				CC9318051D47931E001B71B1 /* CardKitTests.swift in Sources */,
				CC9E76401D523DBE00B7C738 /* CardDescriptorTests.swift in Sources */,
				CCBB792C1D7466E0003B6458 /* CKTestCards.swift in Sources */,
				CC9E765B1D53C1BC00B7C738 /* HandTests.swift in Sources */,
				CC9E76571D5370B300B7C738 /* InputBindingTests.swift in Sources */,
				CC9E76631D54F33500B7C738 /* DeckTests.swift in Sources */,
				CC9E76531D52822300B7C738 /* DeckBuilderTests.swift in Sources */,
			);
			runOnlyForDeploymentPostprocessing = 0;
		};
		CC9317E71D4792B7001B71B1 /* Sources */ = {
			isa = PBXSourcesBuildPhase;
			buildActionMask = 2147483647;
			files = (
				F9FDA9A51DFF09B700256F2C /* Deck.swift in Sources */,
				F9FDA9961DFF09B700256F2C /* InputCard.swift in Sources */,
				F9FDA9A61DFF09B700256F2C /* DeckBuilder.swift in Sources */,
				F9FDA98C1DFF09B700256F2C /* AcceptsInputs.swift in Sources */,
				F9FDA98E1DFF09B700256F2C /* Consumable.swift in Sources */,
				F9FDA9941DFF09B700256F2C /* DeckCard.swift in Sources */,
				F9FDA9901DFF09B700256F2C /* ProducesYields.swift in Sources */,
				F9FDA9A01DFF09B700256F2C /* CardTree.swift in Sources */,
				F9FDA99D1DFF09B700256F2C /* TokenSlot.swift in Sources */,
				F9FDA9911DFF09B700256F2C /* Satisfiable.swift in Sources */,
				F9FDA98D1DFF09B700256F2C /* AcceptsTokens.swift in Sources */,
				F9FDA9A41DFF09B700256F2C /* HandLogicOperation.swift in Sources */,
				F9FDA9931DFF09B700256F2C /* ActionCard.swift in Sources */,
				F9FDA9A31DFF09B700256F2C /* HandEndRule.swift in Sources */,
				F9FDA98F1DFF09B700256F2C /* ProducesInput.swift in Sources */,
				F9FDA99E1DFF09B700256F2C /* Yield.swift in Sources */,
				F9FDA99C1DFF09B700256F2C /* InputSlot.swift in Sources */,
				F9FDA9991DFF09B700256F2C /* BindsWithInputCard.swift in Sources */,
				F9FDA9921DFF09B700256F2C /* Card.swift in Sources */,
				F9FDA9841DFF09B700256F2C /* CardPath.swift in Sources */,
				F9FDA9851DFF09B700256F2C /* CardType.swift in Sources */,
				F9FDA9A91DFF09B700256F2C /* DateExtensions.swift in Sources */,
				F9FDA9A71DFF09B700256F2C /* ArrayExtensions.swift in Sources */,
				F9FDA9981DFF09B700256F2C /* BindsWithActionCard.swift in Sources */,
				F9FDA9A81DFF09B700256F2C /* DataExtensions.swift in Sources */,
				F9FDA9881DFF09B700256F2C /* DeckCardDescriptor.swift in Sources */,
				F9FDA9971DFF09B700256F2C /* TokenCard.swift in Sources */,
				F9FDA9831DFF09B700256F2C /* CardDescriptor.swift in Sources */,
				F9FDA9821DFF09B700256F2C /* CardKit.swift in Sources */,
				F9FDA9951DFF09B700256F2C /* HandCard.swift in Sources */,
				F9FDA9871DFF09B700256F2C /* ActionCardDescriptor.swift in Sources */,
				F9FDA98B1DFF09B700256F2C /* TokenCardDescriptor.swift in Sources */,
				F9FDA99A1DFF09B700256F2C /* BindsWithTokenCard.swift in Sources */,
				F9FDA9AA1DFF09B700256F2C /* SetExtensions.swift in Sources */,
				F9FDA9861DFF09B700256F2C /* CardAssetCatalog.swift in Sources */,
				F9FDA9A21DFF09B700256F2C /* HandCardType.swift in Sources */,
				F9FDA99F1DFF09B700256F2C /* Hand.swift in Sources */,
				F9FDA98A1DFF09B700256F2C /* InputCardDescriptor.swift in Sources */,
				F9FDA9A11DFF09B700256F2C /* CardTreeNode.swift in Sources */,
				F9FDA99B1DFF09B700256F2C /* Input.swift in Sources */,
				F9FDA9891DFF09B700256F2C /* HandCardDescriptor.swift in Sources */,
			);
			runOnlyForDeploymentPostprocessing = 0;
		};
		CC9317F11D4792B7001B71B1 /* Sources */ = {
			isa = PBXSourcesBuildPhase;
			buildActionMask = 2147483647;
			files = (
				CC9318061D47931F001B71B1 /* CardKitTests.swift in Sources */,
				CC9E76411D523DBE00B7C738 /* CardDescriptorTests.swift in Sources */,
				CCBB792D1D7466E0003B6458 /* CKTestCards.swift in Sources */,
				CC9E765C1D53C1BC00B7C738 /* HandTests.swift in Sources */,
				CC9E76581D5370B300B7C738 /* InputBindingTests.swift in Sources */,
				CC9E76641D54F33500B7C738 /* DeckTests.swift in Sources */,
				CC9E76541D52822300B7C738 /* DeckBuilderTests.swift in Sources */,
			);
			runOnlyForDeploymentPostprocessing = 0;
		};
/* End PBXSourcesBuildPhase section */

/* Begin PBXTargetDependency section */
		CC9317BE1D479278001B71B1 /* PBXTargetDependency */ = {
			isa = PBXTargetDependency;
			target = CC9317B01D479278001B71B1 /* CardKit iOS */;
			targetProxy = CC9317BD1D479278001B71B1 /* PBXContainerItemProxy */;
		};
		CC9317DC1D47929F001B71B1 /* PBXTargetDependency */ = {
			isa = PBXTargetDependency;
			target = CC9317CF1D47929F001B71B1 /* CardKit macOS */;
			targetProxy = CC9317DB1D47929F001B71B1 /* PBXContainerItemProxy */;
		};
		CC9317F81D4792B7001B71B1 /* PBXTargetDependency */ = {
			isa = PBXTargetDependency;
			target = CC9317EB1D4792B7001B71B1 /* CardKit tvOS */;
			targetProxy = CC9317F71D4792B7001B71B1 /* PBXContainerItemProxy */;
		};
/* End PBXTargetDependency section */

/* Begin XCBuildConfiguration section */
		CC9317C31D479278001B71B1 /* Debug */ = {
			isa = XCBuildConfiguration;
			buildSettings = {
				ALWAYS_SEARCH_USER_PATHS = NO;
				CLANG_ANALYZER_NONNULL = YES;
				CLANG_CXX_LANGUAGE_STANDARD = "gnu++0x";
				CLANG_CXX_LIBRARY = "libc++";
				CLANG_ENABLE_MODULES = YES;
				CLANG_ENABLE_OBJC_ARC = YES;
				CLANG_WARN_BOOL_CONVERSION = YES;
				CLANG_WARN_CONSTANT_CONVERSION = YES;
				CLANG_WARN_DIRECT_OBJC_ISA_USAGE = YES_ERROR;
				CLANG_WARN_EMPTY_BODY = YES;
				CLANG_WARN_ENUM_CONVERSION = YES;
				CLANG_WARN_INFINITE_RECURSION = YES;
				CLANG_WARN_INT_CONVERSION = YES;
				CLANG_WARN_OBJC_ROOT_CLASS = YES_ERROR;
				CLANG_WARN_SUSPICIOUS_MOVE = YES;
				CLANG_WARN_UNREACHABLE_CODE = YES;
				CLANG_WARN__DUPLICATE_METHOD_MATCH = YES;
				"CODE_SIGN_IDENTITY[sdk=iphoneos*]" = "iPhone Developer";
				COPY_PHASE_STRIP = NO;
				CURRENT_PROJECT_VERSION = 1;
				DEBUG_INFORMATION_FORMAT = dwarf;
				ENABLE_STRICT_OBJC_MSGSEND = YES;
				ENABLE_TESTABILITY = YES;
				GCC_C_LANGUAGE_STANDARD = gnu99;
				GCC_DYNAMIC_NO_PIC = NO;
				GCC_NO_COMMON_BLOCKS = YES;
				GCC_OPTIMIZATION_LEVEL = 0;
				GCC_PREPROCESSOR_DEFINITIONS = (
					"DEBUG=1",
					"$(inherited)",
				);
				GCC_WARN_64_TO_32_BIT_CONVERSION = YES;
				GCC_WARN_ABOUT_RETURN_TYPE = YES_ERROR;
				GCC_WARN_UNDECLARED_SELECTOR = YES;
				GCC_WARN_UNINITIALIZED_AUTOS = YES_AGGRESSIVE;
				GCC_WARN_UNUSED_FUNCTION = YES;
				GCC_WARN_UNUSED_VARIABLE = YES;
				IPHONEOS_DEPLOYMENT_TARGET = 9.3;
				MTL_ENABLE_DEBUG_INFO = YES;
				ONLY_ACTIVE_ARCH = YES;
				SDKROOT = iphoneos;
				SWIFT_OPTIMIZATION_LEVEL = "-Onone";
				TARGETED_DEVICE_FAMILY = "1,2";
				VERSIONING_SYSTEM = "apple-generic";
				VERSION_INFO_PREFIX = "";
			};
			name = Debug;
		};
		CC9317C41D479278001B71B1 /* Release */ = {
			isa = XCBuildConfiguration;
			buildSettings = {
				ALWAYS_SEARCH_USER_PATHS = NO;
				CLANG_ANALYZER_NONNULL = YES;
				CLANG_CXX_LANGUAGE_STANDARD = "gnu++0x";
				CLANG_CXX_LIBRARY = "libc++";
				CLANG_ENABLE_MODULES = YES;
				CLANG_ENABLE_OBJC_ARC = YES;
				CLANG_WARN_BOOL_CONVERSION = YES;
				CLANG_WARN_CONSTANT_CONVERSION = YES;
				CLANG_WARN_DIRECT_OBJC_ISA_USAGE = YES_ERROR;
				CLANG_WARN_EMPTY_BODY = YES;
				CLANG_WARN_ENUM_CONVERSION = YES;
				CLANG_WARN_INFINITE_RECURSION = YES;
				CLANG_WARN_INT_CONVERSION = YES;
				CLANG_WARN_OBJC_ROOT_CLASS = YES_ERROR;
				CLANG_WARN_SUSPICIOUS_MOVE = YES;
				CLANG_WARN_UNREACHABLE_CODE = YES;
				CLANG_WARN__DUPLICATE_METHOD_MATCH = YES;
				"CODE_SIGN_IDENTITY[sdk=iphoneos*]" = "iPhone Developer";
				COPY_PHASE_STRIP = NO;
				CURRENT_PROJECT_VERSION = 1;
				DEBUG_INFORMATION_FORMAT = "dwarf-with-dsym";
				ENABLE_NS_ASSERTIONS = NO;
				ENABLE_STRICT_OBJC_MSGSEND = YES;
				GCC_C_LANGUAGE_STANDARD = gnu99;
				GCC_NO_COMMON_BLOCKS = YES;
				GCC_WARN_64_TO_32_BIT_CONVERSION = YES;
				GCC_WARN_ABOUT_RETURN_TYPE = YES_ERROR;
				GCC_WARN_UNDECLARED_SELECTOR = YES;
				GCC_WARN_UNINITIALIZED_AUTOS = YES_AGGRESSIVE;
				GCC_WARN_UNUSED_FUNCTION = YES;
				GCC_WARN_UNUSED_VARIABLE = YES;
				IPHONEOS_DEPLOYMENT_TARGET = 9.3;
				MTL_ENABLE_DEBUG_INFO = NO;
				SDKROOT = iphoneos;
				SWIFT_OPTIMIZATION_LEVEL = "-Owholemodule";
				TARGETED_DEVICE_FAMILY = "1,2";
				VALIDATE_PRODUCT = YES;
				VERSIONING_SYSTEM = "apple-generic";
				VERSION_INFO_PREFIX = "";
			};
			name = Release;
		};
		CC9317C61D479278001B71B1 /* Debug */ = {
			isa = XCBuildConfiguration;
			buildSettings = {
				"CODE_SIGN_IDENTITY[sdk=iphoneos*]" = "";
				DEFINES_MODULE = YES;
				DEVELOPMENT_TEAM = "";
				DYLIB_COMPATIBILITY_VERSION = 1;
				DYLIB_CURRENT_VERSION = 1;
				DYLIB_INSTALL_NAME_BASE = "@rpath";
				ENABLE_BITCODE = NO;
				FRAMEWORK_SEARCH_PATHS = (
					"$(inherited)",
					"$(PROJECT_DIR)/Carthage/Build/iOS",
				);
				INFOPLIST_FILE = CardKit/Info.plist;
				INSTALL_PATH = "$(LOCAL_LIBRARY_DIR)/Frameworks";
				LD_RUNPATH_SEARCH_PATHS = "$(inherited) @executable_path/Frameworks @loader_path/Frameworks";
				PRODUCT_BUNDLE_IDENTIFIER = com.ibm.research.CardKit;
				PRODUCT_NAME = CardKit;
				SKIP_INSTALL = YES;
				SWIFT_VERSION = 3.0;
			};
			name = Debug;
		};
		CC9317C71D479278001B71B1 /* Release */ = {
			isa = XCBuildConfiguration;
			buildSettings = {
				"CODE_SIGN_IDENTITY[sdk=iphoneos*]" = "";
				DEFINES_MODULE = YES;
				DEVELOPMENT_TEAM = "";
				DYLIB_COMPATIBILITY_VERSION = 1;
				DYLIB_CURRENT_VERSION = 1;
				DYLIB_INSTALL_NAME_BASE = "@rpath";
				ENABLE_BITCODE = NO;
				FRAMEWORK_SEARCH_PATHS = (
					"$(inherited)",
					"$(PROJECT_DIR)/Carthage/Build/iOS",
				);
				INFOPLIST_FILE = CardKit/Info.plist;
				INSTALL_PATH = "$(LOCAL_LIBRARY_DIR)/Frameworks";
				LD_RUNPATH_SEARCH_PATHS = "$(inherited) @executable_path/Frameworks @loader_path/Frameworks";
				PRODUCT_BUNDLE_IDENTIFIER = com.ibm.research.CardKit;
				PRODUCT_NAME = CardKit;
				SKIP_INSTALL = YES;
				SWIFT_VERSION = 3.0;
			};
			name = Release;
		};
		CC9317C91D479278001B71B1 /* Debug */ = {
			isa = XCBuildConfiguration;
			buildSettings = {
				DEVELOPMENT_TEAM = 76CMF53Q35;
				FRAMEWORK_SEARCH_PATHS = (
					"$(inherited)",
					"$(PROJECT_DIR)/Carthage/Build/iOS",
				);
				INFOPLIST_FILE = CardKitTests/Info.plist;
				LD_RUNPATH_SEARCH_PATHS = "$(inherited) @executable_path/Frameworks @loader_path/Frameworks";
				PRODUCT_BUNDLE_IDENTIFIER = com.ibm.research.CardKitTests;
				PRODUCT_NAME = "$(TARGET_NAME)";
				SWIFT_VERSION = 3.0;
			};
			name = Debug;
		};
		CC9317CA1D479278001B71B1 /* Release */ = {
			isa = XCBuildConfiguration;
			buildSettings = {
				DEVELOPMENT_TEAM = 76CMF53Q35;
				FRAMEWORK_SEARCH_PATHS = (
					"$(inherited)",
					"$(PROJECT_DIR)/Carthage/Build/iOS",
				);
				INFOPLIST_FILE = CardKitTests/Info.plist;
				LD_RUNPATH_SEARCH_PATHS = "$(inherited) @executable_path/Frameworks @loader_path/Frameworks";
				PRODUCT_BUNDLE_IDENTIFIER = com.ibm.research.CardKitTests;
				PRODUCT_NAME = "$(TARGET_NAME)";
				SWIFT_VERSION = 3.0;
			};
			name = Release;
		};
		CC9317E21D47929F001B71B1 /* Debug */ = {
			isa = XCBuildConfiguration;
			buildSettings = {
				CODE_SIGN_IDENTITY = "";
				COMBINE_HIDPI_IMAGES = YES;
				DEFINES_MODULE = YES;
				DYLIB_COMPATIBILITY_VERSION = 1;
				DYLIB_CURRENT_VERSION = 1;
				DYLIB_INSTALL_NAME_BASE = "@rpath";
				FRAMEWORK_SEARCH_PATHS = (
					"$(inherited)",
					"$(PROJECT_DIR)/Carthage/Build/Mac",
				);
				FRAMEWORK_VERSION = A;
				INFOPLIST_FILE = CardKit/Info.plist;
				INSTALL_PATH = "$(LOCAL_LIBRARY_DIR)/Frameworks";
				LD_RUNPATH_SEARCH_PATHS = "$(inherited) @executable_path/../Frameworks @loader_path/Frameworks";
				MACOSX_DEPLOYMENT_TARGET = 10.11;
				PRODUCT_BUNDLE_IDENTIFIER = com.ibm.research.CardKit;
				PRODUCT_NAME = CardKit;
				SDKROOT = macosx;
				SKIP_INSTALL = YES;
				SWIFT_VERSION = 3.0;
			};
			name = Debug;
		};
		CC9317E31D47929F001B71B1 /* Release */ = {
			isa = XCBuildConfiguration;
			buildSettings = {
				CODE_SIGN_IDENTITY = "";
				COMBINE_HIDPI_IMAGES = YES;
				DEFINES_MODULE = YES;
				DYLIB_COMPATIBILITY_VERSION = 1;
				DYLIB_CURRENT_VERSION = 1;
				DYLIB_INSTALL_NAME_BASE = "@rpath";
				FRAMEWORK_SEARCH_PATHS = (
					"$(inherited)",
					"$(PROJECT_DIR)/Carthage/Build/Mac",
				);
				FRAMEWORK_VERSION = A;
				INFOPLIST_FILE = CardKit/Info.plist;
				INSTALL_PATH = "$(LOCAL_LIBRARY_DIR)/Frameworks";
				LD_RUNPATH_SEARCH_PATHS = "$(inherited) @executable_path/../Frameworks @loader_path/Frameworks";
				MACOSX_DEPLOYMENT_TARGET = 10.11;
				PRODUCT_BUNDLE_IDENTIFIER = com.ibm.research.CardKit;
				PRODUCT_NAME = CardKit;
				SDKROOT = macosx;
				SKIP_INSTALL = YES;
				SWIFT_VERSION = 3.0;
			};
			name = Release;
		};
		CC9317E51D47929F001B71B1 /* Debug */ = {
			isa = XCBuildConfiguration;
			buildSettings = {
				CODE_SIGN_IDENTITY = "-";
				COMBINE_HIDPI_IMAGES = YES;
				FRAMEWORK_SEARCH_PATHS = (
					"$(inherited)",
					"$(PROJECT_DIR)/Carthage/Build/Mac",
				);
				INFOPLIST_FILE = CardKitTests/Info.plist;
				LD_RUNPATH_SEARCH_PATHS = "$(inherited) @executable_path/../Frameworks @loader_path/../Frameworks";
				MACOSX_DEPLOYMENT_TARGET = 10.11;
				PRODUCT_BUNDLE_IDENTIFIER = com.ibm.research.CardKitTests;
				PRODUCT_NAME = "$(TARGET_NAME)";
				SDKROOT = macosx;
				SWIFT_VERSION = 3.0;
			};
			name = Debug;
		};
		CC9317E61D47929F001B71B1 /* Release */ = {
			isa = XCBuildConfiguration;
			buildSettings = {
				CODE_SIGN_IDENTITY = "-";
				COMBINE_HIDPI_IMAGES = YES;
				FRAMEWORK_SEARCH_PATHS = (
					"$(inherited)",
					"$(PROJECT_DIR)/Carthage/Build/Mac",
				);
				INFOPLIST_FILE = CardKitTests/Info.plist;
				LD_RUNPATH_SEARCH_PATHS = "$(inherited) @executable_path/../Frameworks @loader_path/../Frameworks";
				MACOSX_DEPLOYMENT_TARGET = 10.11;
				PRODUCT_BUNDLE_IDENTIFIER = com.ibm.research.CardKitTests;
				PRODUCT_NAME = "$(TARGET_NAME)";
				SDKROOT = macosx;
				SWIFT_VERSION = 3.0;
			};
			name = Release;
		};
		CC9317FE1D4792B7001B71B1 /* Debug */ = {
			isa = XCBuildConfiguration;
			buildSettings = {
				"CODE_SIGN_IDENTITY[sdk=appletvos*]" = "";
				DEFINES_MODULE = YES;
				DYLIB_COMPATIBILITY_VERSION = 1;
				DYLIB_CURRENT_VERSION = 1;
				DYLIB_INSTALL_NAME_BASE = "@rpath";
				FRAMEWORK_SEARCH_PATHS = (
					"$(inherited)",
					"$(PROJECT_DIR)/Carthage/Build/tvOS",
				);
				INFOPLIST_FILE = CardKit/Info.plist;
				INSTALL_PATH = "$(LOCAL_LIBRARY_DIR)/Frameworks";
				LD_RUNPATH_SEARCH_PATHS = "$(inherited) @executable_path/Frameworks @loader_path/Frameworks";
				PRODUCT_BUNDLE_IDENTIFIER = com.ibm.research.CardKit;
				PRODUCT_NAME = CardKit;
				SDKROOT = appletvos;
				SKIP_INSTALL = YES;
				SWIFT_VERSION = 3.0;
				TARGETED_DEVICE_FAMILY = 3;
				TVOS_DEPLOYMENT_TARGET = 9.2;
			};
			name = Debug;
		};
		CC9317FF1D4792B7001B71B1 /* Release */ = {
			isa = XCBuildConfiguration;
			buildSettings = {
				"CODE_SIGN_IDENTITY[sdk=appletvos*]" = "";
				DEFINES_MODULE = YES;
				DYLIB_COMPATIBILITY_VERSION = 1;
				DYLIB_CURRENT_VERSION = 1;
				DYLIB_INSTALL_NAME_BASE = "@rpath";
				FRAMEWORK_SEARCH_PATHS = (
					"$(inherited)",
					"$(PROJECT_DIR)/Carthage/Build/tvOS",
				);
				INFOPLIST_FILE = CardKit/Info.plist;
				INSTALL_PATH = "$(LOCAL_LIBRARY_DIR)/Frameworks";
				LD_RUNPATH_SEARCH_PATHS = "$(inherited) @executable_path/Frameworks @loader_path/Frameworks";
				PRODUCT_BUNDLE_IDENTIFIER = com.ibm.research.CardKit;
				PRODUCT_NAME = CardKit;
				SDKROOT = appletvos;
				SKIP_INSTALL = YES;
				SWIFT_VERSION = 3.0;
				TARGETED_DEVICE_FAMILY = 3;
				TVOS_DEPLOYMENT_TARGET = 9.2;
			};
			name = Release;
		};
		CC9318011D4792B7001B71B1 /* Debug */ = {
			isa = XCBuildConfiguration;
			buildSettings = {
				ALWAYS_EMBED_SWIFT_STANDARD_LIBRARIES = YES;
				FRAMEWORK_SEARCH_PATHS = (
					"$(inherited)",
					"$(PROJECT_DIR)/Carthage/Build/tvOS",
				);
				INFOPLIST_FILE = CardKitTests/Info.plist;
				LD_RUNPATH_SEARCH_PATHS = "$(inherited) @executable_path/Frameworks @loader_path/Frameworks";
				PRODUCT_BUNDLE_IDENTIFIER = com.ibm.research.CardKitTests;
				PRODUCT_NAME = "$(TARGET_NAME)";
				SDKROOT = appletvos;
				SWIFT_VERSION = 3.0;
				TVOS_DEPLOYMENT_TARGET = 9.2;
			};
			name = Debug;
		};
		CC9318021D4792B7001B71B1 /* Release */ = {
			isa = XCBuildConfiguration;
			buildSettings = {
				ALWAYS_EMBED_SWIFT_STANDARD_LIBRARIES = YES;
				FRAMEWORK_SEARCH_PATHS = (
					"$(inherited)",
					"$(PROJECT_DIR)/Carthage/Build/tvOS",
				);
				INFOPLIST_FILE = CardKitTests/Info.plist;
				LD_RUNPATH_SEARCH_PATHS = "$(inherited) @executable_path/Frameworks @loader_path/Frameworks";
				PRODUCT_BUNDLE_IDENTIFIER = com.ibm.research.CardKitTests;
				PRODUCT_NAME = "$(TARGET_NAME)";
				SDKROOT = appletvos;
				SWIFT_VERSION = 3.0;
				TVOS_DEPLOYMENT_TARGET = 9.2;
			};
			name = Release;
		};
/* End XCBuildConfiguration section */

/* Begin XCConfigurationList section */
		CC9317AB1D479278001B71B1 /* Build configuration list for PBXProject "CardKit" */ = {
			isa = XCConfigurationList;
			buildConfigurations = (
				CC9317C31D479278001B71B1 /* Debug */,
				CC9317C41D479278001B71B1 /* Release */,
			);
			defaultConfigurationIsVisible = 0;
			defaultConfigurationName = Release;
		};
		CC9317C51D479278001B71B1 /* Build configuration list for PBXNativeTarget "CardKit iOS" */ = {
			isa = XCConfigurationList;
			buildConfigurations = (
				CC9317C61D479278001B71B1 /* Debug */,
				CC9317C71D479278001B71B1 /* Release */,
			);
			defaultConfigurationIsVisible = 0;
			defaultConfigurationName = Release;
		};
		CC9317C81D479278001B71B1 /* Build configuration list for PBXNativeTarget "CardKitTests iOS" */ = {
			isa = XCConfigurationList;
			buildConfigurations = (
				CC9317C91D479278001B71B1 /* Debug */,
				CC9317CA1D479278001B71B1 /* Release */,
			);
			defaultConfigurationIsVisible = 0;
			defaultConfigurationName = Release;
		};
		CC9317E11D47929F001B71B1 /* Build configuration list for PBXNativeTarget "CardKit macOS" */ = {
			isa = XCConfigurationList;
			buildConfigurations = (
				CC9317E21D47929F001B71B1 /* Debug */,
				CC9317E31D47929F001B71B1 /* Release */,
			);
			defaultConfigurationIsVisible = 0;
			defaultConfigurationName = Release;
		};
		CC9317E41D47929F001B71B1 /* Build configuration list for PBXNativeTarget "CardKitTests macOS" */ = {
			isa = XCConfigurationList;
			buildConfigurations = (
				CC9317E51D47929F001B71B1 /* Debug */,
				CC9317E61D47929F001B71B1 /* Release */,
			);
			defaultConfigurationIsVisible = 0;
			defaultConfigurationName = Release;
		};
		CC9317FD1D4792B7001B71B1 /* Build configuration list for PBXNativeTarget "CardKit tvOS" */ = {
			isa = XCConfigurationList;
			buildConfigurations = (
				CC9317FE1D4792B7001B71B1 /* Debug */,
				CC9317FF1D4792B7001B71B1 /* Release */,
			);
			defaultConfigurationIsVisible = 0;
			defaultConfigurationName = Release;
		};
		CC9318001D4792B7001B71B1 /* Build configuration list for PBXNativeTarget "CardKitTests tvOS" */ = {
			isa = XCConfigurationList;
			buildConfigurations = (
				CC9318011D4792B7001B71B1 /* Debug */,
				CC9318021D4792B7001B71B1 /* Release */,
			);
			defaultConfigurationIsVisible = 0;
			defaultConfigurationName = Release;
		};
/* End XCConfigurationList section */
	};
	rootObject = CC9317A81D479278001B71B1 /* Project object */;
}
